
Microsoft Visual Studio Solution File, Format Version 12.00
# Visual Studio 14
VisualStudioVersion = 14.0.25420.1
MinimumVisualStudioVersion = 10.0.40219.1
Project("{FAE04EC0-301F-11D3-BF4B-00C04F79EFBC}") = "WeatherApp.Droid", "WeatherApp\WeatherApp.Droid\WeatherApp.Droid.csproj", "{5FA34136-F554-4FE5-B1B7-FDB55AA47418}"
EndProject
Project("{FAE04EC0-301F-11D3-BF4B-00C04F79EFBC}") = "WeatherApp.iOS", "WeatherApp\WeatherApp.iOS\WeatherApp.iOS.csproj", "{474878FD-B592-4B03-9410-D816D2F8D5DC}"
EndProject
Project("{FAE04EC0-301F-11D3-BF4B-00C04F79EFBC}") = "WeatherApp.WinPhone", "WeatherApp\WeatherApp.WinPhone\WeatherApp.WinPhone.csproj", "{FE9179EF-6C71-44DE-BBCB-61528EDBC495}"
EndProject
Project("{FAE04EC0-301F-11D3-BF4B-00C04F79EFBC}") = "WeatherApp.UWP", "WeatherApp\WeatherApp.UWP\WeatherApp.UWP.csproj", "{3B7527B5-68FB-4C8D-8C81-EFAF126C5504}"
EndProject
Project("{FAE04EC0-301F-11D3-BF4B-00C04F79EFBC}") = "WeatherApp.Windows", "WeatherApp\WeatherApp.Windows\WeatherApp.Windows.csproj", "{7AF2A5AE-5789-42AA-AC2F-30ADC63AC242}"
EndProject
Project("{FAE04EC0-301F-11D3-BF4B-00C04F79EFBC}") = "WeatherApp", "WeatherApp\WeatherApp\WeatherApp.csproj", "{01C529FB-7F32-4C86-A45E-042FE79B3DBC}"
EndProject
Global
	GlobalSection(SolutionConfigurationPlatforms) = preSolution
		Ad-Hoc|Any CPU = Ad-Hoc|Any CPU
		Ad-Hoc|ARM = Ad-Hoc|ARM
		Ad-Hoc|iPhone = Ad-Hoc|iPhone
		Ad-Hoc|iPhoneSimulator = Ad-Hoc|iPhoneSimulator
		Ad-Hoc|x64 = Ad-Hoc|x64
		Ad-Hoc|x86 = Ad-Hoc|x86
		AppStore|Any CPU = AppStore|Any CPU
		AppStore|ARM = AppStore|ARM
		AppStore|iPhone = AppStore|iPhone
		AppStore|iPhoneSimulator = AppStore|iPhoneSimulator
		AppStore|x64 = AppStore|x64
		AppStore|x86 = AppStore|x86
		Debug|Any CPU = Debug|Any CPU
		Debug|ARM = Debug|ARM
		Debug|iPhone = Debug|iPhone
		Debug|iPhoneSimulator = Debug|iPhoneSimulator
		Debug|x64 = Debug|x64
		Debug|x86 = Debug|x86
		Release|Any CPU = Release|Any CPU
		Release|ARM = Release|ARM
		Release|iPhone = Release|iPhone
		Release|iPhoneSimulator = Release|iPhoneSimulator
		Release|x64 = Release|x64
		Release|x86 = Release|x86
	EndGlobalSection
	GlobalSection(ProjectConfigurationPlatforms) = postSolution
		{5FA34136-F554-4FE5-B1B7-FDB55AA47418}.Ad-Hoc|Any CPU.ActiveCfg = Release|Any CPU
		{5FA34136-F554-4FE5-B1B7-FDB55AA47418}.Ad-Hoc|Any CPU.Build.0 = Release|Any CPU
		{5FA34136-F554-4FE5-B1B7-FDB55AA47418}.Ad-Hoc|Any CPU.Deploy.0 = Release|Any CPU
		{5FA34136-F554-4FE5-B1B7-FDB55AA47418}.Ad-Hoc|ARM.ActiveCfg = Release|Any CPU
		{5FA34136-F554-4FE5-B1B7-FDB55AA47418}.Ad-Hoc|ARM.Build.0 = Release|Any CPU
		{5FA34136-F554-4FE5-B1B7-FDB55AA47418}.Ad-Hoc|ARM.Deploy.0 = Release|Any CPU
		{5FA34136-F554-4FE5-B1B7-FDB55AA47418}.Ad-Hoc|iPhone.ActiveCfg = Release|Any CPU
		{5FA34136-F554-4FE5-B1B7-FDB55AA47418}.Ad-Hoc|iPhone.Build.0 = Release|Any CPU
		{5FA34136-F554-4FE5-B1B7-FDB55AA47418}.Ad-Hoc|iPhone.Deploy.0 = Release|Any CPU
		{5FA34136-F554-4FE5-B1B7-FDB55AA47418}.Ad-Hoc|iPhoneSimulator.ActiveCfg = Release|Any CPU
		{5FA34136-F554-4FE5-B1B7-FDB55AA47418}.Ad-Hoc|iPhoneSimulator.Build.0 = Release|Any CPU
		{5FA34136-F554-4FE5-B1B7-FDB55AA47418}.Ad-Hoc|iPhoneSimulator.Deploy.0 = Release|Any CPU
		{5FA34136-F554-4FE5-B1B7-FDB55AA47418}.Ad-Hoc|x64.ActiveCfg = Release|Any CPU
		{5FA34136-F554-4FE5-B1B7-FDB55AA47418}.Ad-Hoc|x64.Build.0 = Release|Any CPU
		{5FA34136-F554-4FE5-B1B7-FDB55AA47418}.Ad-Hoc|x64.Deploy.0 = Release|Any CPU
		{5FA34136-F554-4FE5-B1B7-FDB55AA47418}.Ad-Hoc|x86.ActiveCfg = Release|Any CPU
		{5FA34136-F554-4FE5-B1B7-FDB55AA47418}.Ad-Hoc|x86.Build.0 = Release|Any CPU
		{5FA34136-F554-4FE5-B1B7-FDB55AA47418}.Ad-Hoc|x86.Deploy.0 = Release|Any CPU
		{5FA34136-F554-4FE5-B1B7-FDB55AA47418}.AppStore|Any CPU.ActiveCfg = Release|Any CPU
		{5FA34136-F554-4FE5-B1B7-FDB55AA47418}.AppStore|Any CPU.Build.0 = Release|Any CPU
		{5FA34136-F554-4FE5-B1B7-FDB55AA47418}.AppStore|Any CPU.Deploy.0 = Release|Any CPU
		{5FA34136-F554-4FE5-B1B7-FDB55AA47418}.AppStore|ARM.ActiveCfg = Release|Any CPU
		{5FA34136-F554-4FE5-B1B7-FDB55AA47418}.AppStore|ARM.Build.0 = Release|Any CPU
		{5FA34136-F554-4FE5-B1B7-FDB55AA47418}.AppStore|ARM.Deploy.0 = Release|Any CPU
		{5FA34136-F554-4FE5-B1B7-FDB55AA47418}.AppStore|iPhone.ActiveCfg = Release|Any CPU
		{5FA34136-F554-4FE5-B1B7-FDB55AA47418}.AppStore|iPhone.Build.0 = Release|Any CPU
		{5FA34136-F554-4FE5-B1B7-FDB55AA47418}.AppStore|iPhone.Deploy.0 = Release|Any CPU
		{5FA34136-F554-4FE5-B1B7-FDB55AA47418}.AppStore|iPhoneSimulator.ActiveCfg = Release|Any CPU
		{5FA34136-F554-4FE5-B1B7-FDB55AA47418}.AppStore|iPhoneSimulator.Build.0 = Release|Any CPU
		{5FA34136-F554-4FE5-B1B7-FDB55AA47418}.AppStore|iPhoneSimulator.Deploy.0 = Release|Any CPU
		{5FA34136-F554-4FE5-B1B7-FDB55AA47418}.AppStore|x64.ActiveCfg = Release|Any CPU
		{5FA34136-F554-4FE5-B1B7-FDB55AA47418}.AppStore|x64.Build.0 = Release|Any CPU
		{5FA34136-F554-4FE5-B1B7-FDB55AA47418}.AppStore|x64.Deploy.0 = Release|Any CPU
		{5FA34136-F554-4FE5-B1B7-FDB55AA47418}.AppStore|x86.ActiveCfg = Release|Any CPU
		{5FA34136-F554-4FE5-B1B7-FDB55AA47418}.AppStore|x86.Build.0 = Release|Any CPU
		{5FA34136-F554-4FE5-B1B7-FDB55AA47418}.AppStore|x86.Deploy.0 = Release|Any CPU
		{5FA34136-F554-4FE5-B1B7-FDB55AA47418}.Debug|Any CPU.ActiveCfg = Debug|Any CPU
		{5FA34136-F554-4FE5-B1B7-FDB55AA47418}.Debug|Any CPU.Build.0 = Debug|Any CPU
		{5FA34136-F554-4FE5-B1B7-FDB55AA47418}.Debug|Any CPU.Deploy.0 = Debug|Any CPU
		{5FA34136-F554-4FE5-B1B7-FDB55AA47418}.Debug|ARM.ActiveCfg = Debug|Any CPU
		{5FA34136-F554-4FE5-B1B7-FDB55AA47418}.Debug|ARM.Build.0 = Debug|Any CPU
		{5FA34136-F554-4FE5-B1B7-FDB55AA47418}.Debug|ARM.Deploy.0 = Debug|Any CPU
		{5FA34136-F554-4FE5-B1B7-FDB55AA47418}.Debug|iPhone.ActiveCfg = Debug|Any CPU
		{5FA34136-F554-4FE5-B1B7-FDB55AA47418}.Debug|iPhone.Build.0 = Debug|Any CPU
		{5FA34136-F554-4FE5-B1B7-FDB55AA47418}.Debug|iPhone.Deploy.0 = Debug|Any CPU
		{5FA34136-F554-4FE5-B1B7-FDB55AA47418}.Debug|iPhoneSimulator.ActiveCfg = Debug|Any CPU
		{5FA34136-F554-4FE5-B1B7-FDB55AA47418}.Debug|iPhoneSimulator.Build.0 = Debug|Any CPU
		{5FA34136-F554-4FE5-B1B7-FDB55AA47418}.Debug|iPhoneSimulator.Deploy.0 = Debug|Any CPU
		{5FA34136-F554-4FE5-B1B7-FDB55AA47418}.Debug|x64.ActiveCfg = Debug|Any CPU
		{5FA34136-F554-4FE5-B1B7-FDB55AA47418}.Debug|x64.Build.0 = Debug|Any CPU
		{5FA34136-F554-4FE5-B1B7-FDB55AA47418}.Debug|x64.Deploy.0 = Debug|Any CPU
		{5FA34136-F554-4FE5-B1B7-FDB55AA47418}.Debug|x86.ActiveCfg = Debug|Any CPU
		{5FA34136-F554-4FE5-B1B7-FDB55AA47418}.Debug|x86.Build.0 = Debug|Any CPU
		{5FA34136-F554-4FE5-B1B7-FDB55AA47418}.Debug|x86.Deploy.0 = Debug|Any CPU
		{5FA34136-F554-4FE5-B1B7-FDB55AA47418}.Release|Any CPU.ActiveCfg = Release|Any CPU
		{5FA34136-F554-4FE5-B1B7-FDB55AA47418}.Release|Any CPU.Build.0 = Release|Any CPU
		{5FA34136-F554-4FE5-B1B7-FDB55AA47418}.Release|Any CPU.Deploy.0 = Release|Any CPU
		{5FA34136-F554-4FE5-B1B7-FDB55AA47418}.Release|ARM.ActiveCfg = Release|Any CPU
		{5FA34136-F554-4FE5-B1B7-FDB55AA47418}.Release|ARM.Build.0 = Release|Any CPU
		{5FA34136-F554-4FE5-B1B7-FDB55AA47418}.Release|ARM.Deploy.0 = Release|Any CPU
		{5FA34136-F554-4FE5-B1B7-FDB55AA47418}.Release|iPhone.ActiveCfg = Release|Any CPU
		{5FA34136-F554-4FE5-B1B7-FDB55AA47418}.Release|iPhone.Build.0 = Release|Any CPU
		{5FA34136-F554-4FE5-B1B7-FDB55AA47418}.Release|iPhone.Deploy.0 = Release|Any CPU
		{5FA34136-F554-4FE5-B1B7-FDB55AA47418}.Release|iPhoneSimulator.ActiveCfg = Release|Any CPU
		{5FA34136-F554-4FE5-B1B7-FDB55AA47418}.Release|iPhoneSimulator.Build.0 = Release|Any CPU
		{5FA34136-F554-4FE5-B1B7-FDB55AA47418}.Release|iPhoneSimulator.Deploy.0 = Release|Any CPU
		{5FA34136-F554-4FE5-B1B7-FDB55AA47418}.Release|x64.ActiveCfg = Release|Any CPU
		{5FA34136-F554-4FE5-B1B7-FDB55AA47418}.Release|x64.Build.0 = Release|Any CPU
		{5FA34136-F554-4FE5-B1B7-FDB55AA47418}.Release|x64.Deploy.0 = Release|Any CPU
		{5FA34136-F554-4FE5-B1B7-FDB55AA47418}.Release|x86.ActiveCfg = Release|Any CPU
		{5FA34136-F554-4FE5-B1B7-FDB55AA47418}.Release|x86.Build.0 = Release|Any CPU
		{5FA34136-F554-4FE5-B1B7-FDB55AA47418}.Release|x86.Deploy.0 = Release|Any CPU
		{474878FD-B592-4B03-9410-D816D2F8D5DC}.Ad-Hoc|Any CPU.ActiveCfg = Ad-Hoc|iPhone
		{474878FD-B592-4B03-9410-D816D2F8D5DC}.Ad-Hoc|ARM.ActiveCfg = Ad-Hoc|iPhone
		{474878FD-B592-4B03-9410-D816D2F8D5DC}.Ad-Hoc|iPhone.ActiveCfg = Ad-Hoc|iPhone
		{474878FD-B592-4B03-9410-D816D2F8D5DC}.Ad-Hoc|iPhone.Build.0 = Ad-Hoc|iPhone
		{474878FD-B592-4B03-9410-D816D2F8D5DC}.Ad-Hoc|iPhoneSimulator.ActiveCfg = Ad-Hoc|iPhoneSimulator
		{474878FD-B592-4B03-9410-D816D2F8D5DC}.Ad-Hoc|iPhoneSimulator.Build.0 = Ad-Hoc|iPhoneSimulator
		{474878FD-B592-4B03-9410-D816D2F8D5DC}.Ad-Hoc|x64.ActiveCfg = Ad-Hoc|iPhone
		{474878FD-B592-4B03-9410-D816D2F8D5DC}.Ad-Hoc|x86.ActiveCfg = Ad-Hoc|iPhone
		{474878FD-B592-4B03-9410-D816D2F8D5DC}.AppStore|Any CPU.ActiveCfg = AppStore|iPhone
		{474878FD-B592-4B03-9410-D816D2F8D5DC}.AppStore|ARM.ActiveCfg = AppStore|iPhone
		{474878FD-B592-4B03-9410-D816D2F8D5DC}.AppStore|iPhone.ActiveCfg = AppStore|iPhone
		{474878FD-B592-4B03-9410-D816D2F8D5DC}.AppStore|iPhone.Build.0 = AppStore|iPhone
		{474878FD-B592-4B03-9410-D816D2F8D5DC}.AppStore|iPhoneSimulator.ActiveCfg = AppStore|iPhoneSimulator
		{474878FD-B592-4B03-9410-D816D2F8D5DC}.AppStore|iPhoneSimulator.Build.0 = AppStore|iPhoneSimulator
		{474878FD-B592-4B03-9410-D816D2F8D5DC}.AppStore|x64.ActiveCfg = AppStore|iPhone
		{474878FD-B592-4B03-9410-D816D2F8D5DC}.AppStore|x86.ActiveCfg = AppStore|iPhone
		{474878FD-B592-4B03-9410-D816D2F8D5DC}.Debug|Any CPU.ActiveCfg = Debug|iPhone
		{474878FD-B592-4B03-9410-D816D2F8D5DC}.Debug|ARM.ActiveCfg = Debug|iPhone
		{474878FD-B592-4B03-9410-D816D2F8D5DC}.Debug|iPhone.ActiveCfg = Debug|iPhone
		{474878FD-B592-4B03-9410-D816D2F8D5DC}.Debug|iPhone.Build.0 = Debug|iPhone
		{474878FD-B592-4B03-9410-D816D2F8D5DC}.Debug|iPhoneSimulator.ActiveCfg = Debug|iPhoneSimulator
		{474878FD-B592-4B03-9410-D816D2F8D5DC}.Debug|iPhoneSimulator.Build.0 = Debug|iPhoneSimulator
		{474878FD-B592-4B03-9410-D816D2F8D5DC}.Debug|x64.ActiveCfg = Debug|iPhone
		{474878FD-B592-4B03-9410-D816D2F8D5DC}.Debug|x86.ActiveCfg = Debug|iPhone
		{474878FD-B592-4B03-9410-D816D2F8D5DC}.Release|Any CPU.ActiveCfg = Release|iPhone
		{474878FD-B592-4B03-9410-D816D2F8D5DC}.Release|ARM.ActiveCfg = Release|iPhone
		{474878FD-B592-4B03-9410-D816D2F8D5DC}.Release|iPhone.ActiveCfg = Release|iPhone
		{474878FD-B592-4B03-9410-D816D2F8D5DC}.Release|iPhone.Build.0 = Release|iPhone
		{474878FD-B592-4B03-9410-D816D2F8D5DC}.Release|iPhoneSimulator.ActiveCfg = Release|iPhoneSimulator
		{474878FD-B592-4B03-9410-D816D2F8D5DC}.Release|iPhoneSimulator.Build.0 = Release|iPhoneSimulator
		{474878FD-B592-4B03-9410-D816D2F8D5DC}.Release|x64.ActiveCfg = Release|iPhone
		{474878FD-B592-4B03-9410-D816D2F8D5DC}.Release|x86.ActiveCfg = Release|iPhone
		{FE9179EF-6C71-44DE-BBCB-61528EDBC495}.Ad-Hoc|Any CPU.ActiveCfg = Release|Any CPU
		{FE9179EF-6C71-44DE-BBCB-61528EDBC495}.Ad-Hoc|Any CPU.Build.0 = Release|Any CPU
		{FE9179EF-6C71-44DE-BBCB-61528EDBC495}.Ad-Hoc|Any CPU.Deploy.0 = Release|Any CPU
		{FE9179EF-6C71-44DE-BBCB-61528EDBC495}.Ad-Hoc|ARM.ActiveCfg = Release|ARM
		{FE9179EF-6C71-44DE-BBCB-61528EDBC495}.Ad-Hoc|ARM.Build.0 = Release|ARM
		{FE9179EF-6C71-44DE-BBCB-61528EDBC495}.Ad-Hoc|ARM.Deploy.0 = Release|ARM
		{FE9179EF-6C71-44DE-BBCB-61528EDBC495}.Ad-Hoc|iPhone.ActiveCfg = Release|Any CPU
		{FE9179EF-6C71-44DE-BBCB-61528EDBC495}.Ad-Hoc|iPhone.Build.0 = Release|Any CPU
		{FE9179EF-6C71-44DE-BBCB-61528EDBC495}.Ad-Hoc|iPhone.Deploy.0 = Release|Any CPU
		{FE9179EF-6C71-44DE-BBCB-61528EDBC495}.Ad-Hoc|iPhoneSimulator.ActiveCfg = Release|Any CPU
		{FE9179EF-6C71-44DE-BBCB-61528EDBC495}.Ad-Hoc|iPhoneSimulator.Build.0 = Release|Any CPU
		{FE9179EF-6C71-44DE-BBCB-61528EDBC495}.Ad-Hoc|iPhoneSimulator.Deploy.0 = Release|Any CPU
		{FE9179EF-6C71-44DE-BBCB-61528EDBC495}.Ad-Hoc|x64.ActiveCfg = Release|Any CPU
		{FE9179EF-6C71-44DE-BBCB-61528EDBC495}.Ad-Hoc|x64.Build.0 = Release|Any CPU
		{FE9179EF-6C71-44DE-BBCB-61528EDBC495}.Ad-Hoc|x64.Deploy.0 = Release|Any CPU
		{FE9179EF-6C71-44DE-BBCB-61528EDBC495}.Ad-Hoc|x86.ActiveCfg = Release|x86
		{FE9179EF-6C71-44DE-BBCB-61528EDBC495}.Ad-Hoc|x86.Build.0 = Release|x86
		{FE9179EF-6C71-44DE-BBCB-61528EDBC495}.Ad-Hoc|x86.Deploy.0 = Release|x86
		{FE9179EF-6C71-44DE-BBCB-61528EDBC495}.AppStore|Any CPU.ActiveCfg = Release|Any CPU
		{FE9179EF-6C71-44DE-BBCB-61528EDBC495}.AppStore|Any CPU.Build.0 = Release|Any CPU
		{FE9179EF-6C71-44DE-BBCB-61528EDBC495}.AppStore|Any CPU.Deploy.0 = Release|Any CPU
		{FE9179EF-6C71-44DE-BBCB-61528EDBC495}.AppStore|ARM.ActiveCfg = Release|ARM
		{FE9179EF-6C71-44DE-BBCB-61528EDBC495}.AppStore|ARM.Build.0 = Release|ARM
		{FE9179EF-6C71-44DE-BBCB-61528EDBC495}.AppStore|ARM.Deploy.0 = Release|ARM
		{FE9179EF-6C71-44DE-BBCB-61528EDBC495}.AppStore|iPhone.ActiveCfg = Release|Any CPU
		{FE9179EF-6C71-44DE-BBCB-61528EDBC495}.AppStore|iPhone.Build.0 = Release|Any CPU
		{FE9179EF-6C71-44DE-BBCB-61528EDBC495}.AppStore|iPhone.Deploy.0 = Release|Any CPU
		{FE9179EF-6C71-44DE-BBCB-61528EDBC495}.AppStore|iPhoneSimulator.ActiveCfg = Release|Any CPU
		{FE9179EF-6C71-44DE-BBCB-61528EDBC495}.AppStore|iPhoneSimulator.Build.0 = Release|Any CPU
		{FE9179EF-6C71-44DE-BBCB-61528EDBC495}.AppStore|iPhoneSimulator.Deploy.0 = Release|Any CPU
		{FE9179EF-6C71-44DE-BBCB-61528EDBC495}.AppStore|x64.ActiveCfg = Release|Any CPU
		{FE9179EF-6C71-44DE-BBCB-61528EDBC495}.AppStore|x64.Build.0 = Release|Any CPU
		{FE9179EF-6C71-44DE-BBCB-61528EDBC495}.AppStore|x64.Deploy.0 = Release|Any CPU
		{FE9179EF-6C71-44DE-BBCB-61528EDBC495}.AppStore|x86.ActiveCfg = Release|x86
		{FE9179EF-6C71-44DE-BBCB-61528EDBC495}.AppStore|x86.Build.0 = Release|x86
		{FE9179EF-6C71-44DE-BBCB-61528EDBC495}.AppStore|x86.Deploy.0 = Release|x86
		{FE9179EF-6C71-44DE-BBCB-61528EDBC495}.Debug|Any CPU.ActiveCfg = Debug|Any CPU
		{FE9179EF-6C71-44DE-BBCB-61528EDBC495}.Debug|Any CPU.Build.0 = Debug|Any CPU
		{FE9179EF-6C71-44DE-BBCB-61528EDBC495}.Debug|Any CPU.Deploy.0 = Debug|Any CPU
		{FE9179EF-6C71-44DE-BBCB-61528EDBC495}.Debug|ARM.ActiveCfg = Debug|ARM
		{FE9179EF-6C71-44DE-BBCB-61528EDBC495}.Debug|ARM.Build.0 = Debug|ARM
		{FE9179EF-6C71-44DE-BBCB-61528EDBC495}.Debug|ARM.Deploy.0 = Debug|ARM
		{FE9179EF-6C71-44DE-BBCB-61528EDBC495}.Debug|iPhone.ActiveCfg = Debug|Any CPU
		{FE9179EF-6C71-44DE-BBCB-61528EDBC495}.Debug|iPhone.Build.0 = Debug|Any CPU
		{FE9179EF-6C71-44DE-BBCB-61528EDBC495}.Debug|iPhone.Deploy.0 = Debug|Any CPU
		{FE9179EF-6C71-44DE-BBCB-61528EDBC495}.Debug|iPhoneSimulator.ActiveCfg = Debug|Any CPU
		{FE9179EF-6C71-44DE-BBCB-61528EDBC495}.Debug|iPhoneSimulator.Build.0 = Debug|Any CPU
		{FE9179EF-6C71-44DE-BBCB-61528EDBC495}.Debug|iPhoneSimulator.Deploy.0 = Debug|Any CPU
		{FE9179EF-6C71-44DE-BBCB-61528EDBC495}.Debug|x64.ActiveCfg = Debug|Any CPU
		{FE9179EF-6C71-44DE-BBCB-61528EDBC495}.Debug|x64.Build.0 = Debug|Any CPU
		{FE9179EF-6C71-44DE-BBCB-61528EDBC495}.Debug|x64.Deploy.0 = Debug|Any CPU
		{FE9179EF-6C71-44DE-BBCB-61528EDBC495}.Debug|x86.ActiveCfg = Debug|x86
		{FE9179EF-6C71-44DE-BBCB-61528EDBC495}.Debug|x86.Build.0 = Debug|x86
		{FE9179EF-6C71-44DE-BBCB-61528EDBC495}.Debug|x86.Deploy.0 = Debug|x86
		{FE9179EF-6C71-44DE-BBCB-61528EDBC495}.Release|Any CPU.ActiveCfg = Release|Any CPU
		{FE9179EF-6C71-44DE-BBCB-61528EDBC495}.Release|Any CPU.Build.0 = Release|Any CPU
		{FE9179EF-6C71-44DE-BBCB-61528EDBC495}.Release|Any CPU.Deploy.0 = Release|Any CPU
		{FE9179EF-6C71-44DE-BBCB-61528EDBC495}.Release|ARM.ActiveCfg = Release|ARM
		{FE9179EF-6C71-44DE-BBCB-61528EDBC495}.Release|ARM.Build.0 = Release|ARM
		{FE9179EF-6C71-44DE-BBCB-61528EDBC495}.Release|ARM.Deploy.0 = Release|ARM
		{FE9179EF-6C71-44DE-BBCB-61528EDBC495}.Release|iPhone.ActiveCfg = Release|Any CPU
		{FE9179EF-6C71-44DE-BBCB-61528EDBC495}.Release|iPhone.Build.0 = Release|Any CPU
		{FE9179EF-6C71-44DE-BBCB-61528EDBC495}.Release|iPhone.Deploy.0 = Release|Any CPU
		{FE9179EF-6C71-44DE-BBCB-61528EDBC495}.Release|iPhoneSimulator.ActiveCfg = Release|Any CPU
		{FE9179EF-6C71-44DE-BBCB-61528EDBC495}.Release|iPhoneSimulator.Build.0 = Release|Any CPU
		{FE9179EF-6C71-44DE-BBCB-61528EDBC495}.Release|iPhoneSimulator.Deploy.0 = Release|Any CPU
		{FE9179EF-6C71-44DE-BBCB-61528EDBC495}.Release|x64.ActiveCfg = Release|Any CPU
		{FE9179EF-6C71-44DE-BBCB-61528EDBC495}.Release|x64.Build.0 = Release|Any CPU
		{FE9179EF-6C71-44DE-BBCB-61528EDBC495}.Release|x64.Deploy.0 = Release|Any CPU
		{FE9179EF-6C71-44DE-BBCB-61528EDBC495}.Release|x86.ActiveCfg = Release|x86
		{FE9179EF-6C71-44DE-BBCB-61528EDBC495}.Release|x86.Build.0 = Release|x86
		{FE9179EF-6C71-44DE-BBCB-61528EDBC495}.Release|x86.Deploy.0 = Release|x86
		{3B7527B5-68FB-4C8D-8C81-EFAF126C5504}.Ad-Hoc|Any CPU.ActiveCfg = Release|x86
		{3B7527B5-68FB-4C8D-8C81-EFAF126C5504}.Ad-Hoc|Any CPU.Build.0 = Release|x86
		{3B7527B5-68FB-4C8D-8C81-EFAF126C5504}.Ad-Hoc|Any CPU.Deploy.0 = Release|x86
		{3B7527B5-68FB-4C8D-8C81-EFAF126C5504}.Ad-Hoc|ARM.ActiveCfg = Release|ARM
		{3B7527B5-68FB-4C8D-8C81-EFAF126C5504}.Ad-Hoc|ARM.Build.0 = Release|ARM
		{3B7527B5-68FB-4C8D-8C81-EFAF126C5504}.Ad-Hoc|ARM.Deploy.0 = Release|ARM
		{3B7527B5-68FB-4C8D-8C81-EFAF126C5504}.Ad-Hoc|iPhone.ActiveCfg = Release|x86
		{3B7527B5-68FB-4C8D-8C81-EFAF126C5504}.Ad-Hoc|iPhone.Build.0 = Release|x86
		{3B7527B5-68FB-4C8D-8C81-EFAF126C5504}.Ad-Hoc|iPhone.Deploy.0 = Release|x86
		{3B7527B5-68FB-4C8D-8C81-EFAF126C5504}.Ad-Hoc|iPhoneSimulator.ActiveCfg = Release|x86
		{3B7527B5-68FB-4C8D-8C81-EFAF126C5504}.Ad-Hoc|iPhoneSimulator.Build.0 = Release|x86
		{3B7527B5-68FB-4C8D-8C81-EFAF126C5504}.Ad-Hoc|iPhoneSimulator.Deploy.0 = Release|x86
		{3B7527B5-68FB-4C8D-8C81-EFAF126C5504}.Ad-Hoc|x64.ActiveCfg = Release|x64
		{3B7527B5-68FB-4C8D-8C81-EFAF126C5504}.Ad-Hoc|x64.Build.0 = Release|x64
		{3B7527B5-68FB-4C8D-8C81-EFAF126C5504}.Ad-Hoc|x64.Deploy.0 = Release|x64
		{3B7527B5-68FB-4C8D-8C81-EFAF126C5504}.Ad-Hoc|x86.ActiveCfg = Release|x86
		{3B7527B5-68FB-4C8D-8C81-EFAF126C5504}.Ad-Hoc|x86.Build.0 = Release|x86
		{3B7527B5-68FB-4C8D-8C81-EFAF126C5504}.Ad-Hoc|x86.Deploy.0 = Release|x86
		{3B7527B5-68FB-4C8D-8C81-EFAF126C5504}.AppStore|Any CPU.ActiveCfg = Release|x86
		{3B7527B5-68FB-4C8D-8C81-EFAF126C5504}.AppStore|Any CPU.Build.0 = Release|x86
		{3B7527B5-68FB-4C8D-8C81-EFAF126C5504}.AppStore|Any CPU.Deploy.0 = Release|x86
		{3B7527B5-68FB-4C8D-8C81-EFAF126C5504}.AppStore|ARM.ActiveCfg = Release|ARM
		{3B7527B5-68FB-4C8D-8C81-EFAF126C5504}.AppStore|ARM.Build.0 = Release|ARM
		{3B7527B5-68FB-4C8D-8C81-EFAF126C5504}.AppStore|ARM.Deploy.0 = Release|ARM
		{3B7527B5-68FB-4C8D-8C81-EFAF126C5504}.AppStore|iPhone.ActiveCfg = Release|x86
		{3B7527B5-68FB-4C8D-8C81-EFAF126C5504}.AppStore|iPhone.Build.0 = Release|x86
		{3B7527B5-68FB-4C8D-8C81-EFAF126C5504}.AppStore|iPhone.Deploy.0 = Release|x86
		{3B7527B5-68FB-4C8D-8C81-EFAF126C5504}.AppStore|iPhoneSimulator.ActiveCfg = Release|x86
		{3B7527B5-68FB-4C8D-8C81-EFAF126C5504}.AppStore|iPhoneSimulator.Build.0 = Release|x86
		{3B7527B5-68FB-4C8D-8C81-EFAF126C5504}.AppStore|iPhoneSimulator.Deploy.0 = Release|x86
		{3B7527B5-68FB-4C8D-8C81-EFAF126C5504}.AppStore|x64.ActiveCfg = Release|x64
		{3B7527B5-68FB-4C8D-8C81-EFAF126C5504}.AppStore|x64.Build.0 = Release|x64
		{3B7527B5-68FB-4C8D-8C81-EFAF126C5504}.AppStore|x64.Deploy.0 = Release|x64
		{3B7527B5-68FB-4C8D-8C81-EFAF126C5504}.AppStore|x86.ActiveCfg = Release|x86
		{3B7527B5-68FB-4C8D-8C81-EFAF126C5504}.AppStore|x86.Build.0 = Release|x86
		{3B7527B5-68FB-4C8D-8C81-EFAF126C5504}.AppStore|x86.Deploy.0 = Release|x86
		{3B7527B5-68FB-4C8D-8C81-EFAF126C5504}.Debug|Any CPU.ActiveCfg = Debug|x86
		{3B7527B5-68FB-4C8D-8C81-EFAF126C5504}.Debug|ARM.ActiveCfg = Debug|ARM
		{3B7527B5-68FB-4C8D-8C81-EFAF126C5504}.Debug|ARM.Build.0 = Debug|ARM
		{3B7527B5-68FB-4C8D-8C81-EFAF126C5504}.Debug|ARM.Deploy.0 = Debug|ARM
		{3B7527B5-68FB-4C8D-8C81-EFAF126C5504}.Debug|iPhone.ActiveCfg = Debug|x86
		{3B7527B5-68FB-4C8D-8C81-EFAF126C5504}.Debug|iPhoneSimulator.ActiveCfg = Debug|x86
		{3B7527B5-68FB-4C8D-8C81-EFAF126C5504}.Debug|x64.ActiveCfg = Debug|x64
		{3B7527B5-68FB-4C8D-8C81-EFAF126C5504}.Debug|x64.Build.0 = Debug|x64
		{3B7527B5-68FB-4C8D-8C81-EFAF126C5504}.Debug|x64.Deploy.0 = Debug|x64
		{3B7527B5-68FB-4C8D-8C81-EFAF126C5504}.Debug|x86.ActiveCfg = Debug|x86
		{3B7527B5-68FB-4C8D-8C81-EFAF126C5504}.Debug|x86.Build.0 = Debug|x86
		{3B7527B5-68FB-4C8D-8C81-EFAF126C5504}.Debug|x86.Deploy.0 = Debug|x86
		{3B7527B5-68FB-4C8D-8C81-EFAF126C5504}.Release|Any CPU.ActiveCfg = Release|x86
		{3B7527B5-68FB-4C8D-8C81-EFAF126C5504}.Release|ARM.ActiveCfg = Release|ARM
		{3B7527B5-68FB-4C8D-8C81-EFAF126C5504}.Release|ARM.Build.0 = Release|ARM
		{3B7527B5-68FB-4C8D-8C81-EFAF126C5504}.Release|ARM.Deploy.0 = Release|ARM
		{3B7527B5-68FB-4C8D-8C81-EFAF126C5504}.Release|iPhone.ActiveCfg = Release|x86
		{3B7527B5-68FB-4C8D-8C81-EFAF126C5504}.Release|iPhoneSimulator.ActiveCfg = Release|x86
		{3B7527B5-68FB-4C8D-8C81-EFAF126C5504}.Release|x64.ActiveCfg = Release|x64
		{3B7527B5-68FB-4C8D-8C81-EFAF126C5504}.Release|x64.Build.0 = Release|x64
		{3B7527B5-68FB-4C8D-8C81-EFAF126C5504}.Release|x64.Deploy.0 = Release|x64
		{3B7527B5-68FB-4C8D-8C81-EFAF126C5504}.Release|x86.ActiveCfg = Release|x86
		{3B7527B5-68FB-4C8D-8C81-EFAF126C5504}.Release|x86.Build.0 = Release|x86
		{3B7527B5-68FB-4C8D-8C81-EFAF126C5504}.Release|x86.Deploy.0 = Release|x86
		{7AF2A5AE-5789-42AA-AC2F-30ADC63AC242}.Ad-Hoc|Any CPU.ActiveCfg = Release|Any CPU
		{7AF2A5AE-5789-42AA-AC2F-30ADC63AC242}.Ad-Hoc|Any CPU.Build.0 = Release|Any CPU
		{7AF2A5AE-5789-42AA-AC2F-30ADC63AC242}.Ad-Hoc|Any CPU.Deploy.0 = Release|Any CPU
		{7AF2A5AE-5789-42AA-AC2F-30ADC63AC242}.Ad-Hoc|ARM.ActiveCfg = Release|ARM
		{7AF2A5AE-5789-42AA-AC2F-30ADC63AC242}.Ad-Hoc|ARM.Build.0 = Release|ARM
		{7AF2A5AE-5789-42AA-AC2F-30ADC63AC242}.Ad-Hoc|ARM.Deploy.0 = Release|ARM
		{7AF2A5AE-5789-42AA-AC2F-30ADC63AC242}.Ad-Hoc|iPhone.ActiveCfg = Release|Any CPU
		{7AF2A5AE-5789-42AA-AC2F-30ADC63AC242}.Ad-Hoc|iPhone.Build.0 = Release|Any CPU
		{7AF2A5AE-5789-42AA-AC2F-30ADC63AC242}.Ad-Hoc|iPhone.Deploy.0 = Release|Any CPU
		{7AF2A5AE-5789-42AA-AC2F-30ADC63AC242}.Ad-Hoc|iPhoneSimulator.ActiveCfg = Release|Any CPU
		{7AF2A5AE-5789-42AA-AC2F-30ADC63AC242}.Ad-Hoc|iPhoneSimulator.Build.0 = Release|Any CPU
		{7AF2A5AE-5789-42AA-AC2F-30ADC63AC242}.Ad-Hoc|iPhoneSimulator.Deploy.0 = Release|Any CPU
		{7AF2A5AE-5789-42AA-AC2F-30ADC63AC242}.Ad-Hoc|x64.ActiveCfg = Release|x64
		{7AF2A5AE-5789-42AA-AC2F-30ADC63AC242}.Ad-Hoc|x64.Build.0 = Release|x64
		{7AF2A5AE-5789-42AA-AC2F-30ADC63AC242}.Ad-Hoc|x64.Deploy.0 = Release|x64
		{7AF2A5AE-5789-42AA-AC2F-30ADC63AC242}.Ad-Hoc|x86.ActiveCfg = Release|x86
		{7AF2A5AE-5789-42AA-AC2F-30ADC63AC242}.Ad-Hoc|x86.Build.0 = Release|x86
		{7AF2A5AE-5789-42AA-AC2F-30ADC63AC242}.Ad-Hoc|x86.Deploy.0 = Release|x86
		{7AF2A5AE-5789-42AA-AC2F-30ADC63AC242}.AppStore|Any CPU.ActiveCfg = Release|Any CPU
		{7AF2A5AE-5789-42AA-AC2F-30ADC63AC242}.AppStore|Any CPU.Build.0 = Release|Any CPU
		{7AF2A5AE-5789-42AA-AC2F-30ADC63AC242}.AppStore|Any CPU.Deploy.0 = Release|Any CPU
		{7AF2A5AE-5789-42AA-AC2F-30ADC63AC242}.AppStore|ARM.ActiveCfg = Release|ARM
		{7AF2A5AE-5789-42AA-AC2F-30ADC63AC242}.AppStore|ARM.Build.0 = Release|ARM
		{7AF2A5AE-5789-42AA-AC2F-30ADC63AC242}.AppStore|ARM.Deploy.0 = Release|ARM
		{7AF2A5AE-5789-42AA-AC2F-30ADC63AC242}.AppStore|iPhone.ActiveCfg = Release|Any CPU
		{7AF2A5AE-5789-42AA-AC2F-30ADC63AC242}.AppStore|iPhone.Build.0 = Release|Any CPU
		{7AF2A5AE-5789-42AA-AC2F-30ADC63AC242}.AppStore|iPhone.Deploy.0 = Release|Any CPU
		{7AF2A5AE-5789-42AA-AC2F-30ADC63AC242}.AppStore|iPhoneSimulator.ActiveCfg = Release|Any CPU
		{7AF2A5AE-5789-42AA-AC2F-30ADC63AC242}.AppStore|iPhoneSimulator.Build.0 = Release|Any CPU
		{7AF2A5AE-5789-42AA-AC2F-30ADC63AC242}.AppStore|iPhoneSimulator.Deploy.0 = Release|Any CPU
		{7AF2A5AE-5789-42AA-AC2F-30ADC63AC242}.AppStore|x64.ActiveCfg = Release|x64
		{7AF2A5AE-5789-42AA-AC2F-30ADC63AC242}.AppStore|x64.Build.0 = Release|x64
		{7AF2A5AE-5789-42AA-AC2F-30ADC63AC242}.AppStore|x64.Deploy.0 = Release|x64
		{7AF2A5AE-5789-42AA-AC2F-30ADC63AC242}.AppStore|x86.ActiveCfg = Release|x86
		{7AF2A5AE-5789-42AA-AC2F-30ADC63AC242}.AppStore|x86.Build.0 = Release|x86
		{7AF2A5AE-5789-42AA-AC2F-30ADC63AC242}.AppStore|x86.Deploy.0 = Release|x86
		{7AF2A5AE-5789-42AA-AC2F-30ADC63AC242}.Debug|Any CPU.ActiveCfg = Debug|Any CPU
		{7AF2A5AE-5789-42AA-AC2F-30ADC63AC242}.Debug|Any CPU.Build.0 = Debug|Any CPU
		{7AF2A5AE-5789-42AA-AC2F-30ADC63AC242}.Debug|Any CPU.Deploy.0 = Debug|Any CPU
		{7AF2A5AE-5789-42AA-AC2F-30ADC63AC242}.Debug|ARM.ActiveCfg = Debug|ARM
		{7AF2A5AE-5789-42AA-AC2F-30ADC63AC242}.Debug|ARM.Build.0 = Debug|ARM
		{7AF2A5AE-5789-42AA-AC2F-30ADC63AC242}.Debug|ARM.Deploy.0 = Debug|ARM
		{7AF2A5AE-5789-42AA-AC2F-30ADC63AC242}.Debug|iPhone.ActiveCfg = Debug|Any CPU
		{7AF2A5AE-5789-42AA-AC2F-30ADC63AC242}.Debug|iPhone.Build.0 = Debug|Any CPU
		{7AF2A5AE-5789-42AA-AC2F-30ADC63AC242}.Debug|iPhone.Deploy.0 = Debug|Any CPU
		{7AF2A5AE-5789-42AA-AC2F-30ADC63AC242}.Debug|iPhoneSimulator.ActiveCfg = Debug|Any CPU
		{7AF2A5AE-5789-42AA-AC2F-30ADC63AC242}.Debug|iPhoneSimulator.Build.0 = Debug|Any CPU
		{7AF2A5AE-5789-42AA-AC2F-30ADC63AC242}.Debug|iPhoneSimulator.Deploy.0 = Debug|Any CPU
		{7AF2A5AE-5789-42AA-AC2F-30ADC63AC242}.Debug|x64.ActiveCfg = Debug|x64
		{7AF2A5AE-5789-42AA-AC2F-30ADC63AC242}.Debug|x64.Build.0 = Debug|x64
		{7AF2A5AE-5789-42AA-AC2F-30ADC63AC242}.Debug|x64.Deploy.0 = Debug|x64
		{7AF2A5AE-5789-42AA-AC2F-30ADC63AC242}.Debug|x86.ActiveCfg = Debug|x86
		{7AF2A5AE-5789-42AA-AC2F-30ADC63AC242}.Debug|x86.Build.0 = Debug|x86
		{7AF2A5AE-5789-42AA-AC2F-30ADC63AC242}.Debug|x86.Deploy.0 = Debug|x86
		{7AF2A5AE-5789-42AA-AC2F-30ADC63AC242}.Release|Any CPU.ActiveCfg = Release|Any CPU
		{7AF2A5AE-5789-42AA-AC2F-30ADC63AC242}.Release|Any CPU.Build.0 = Release|Any CPU
		{7AF2A5AE-5789-42AA-AC2F-30ADC63AC242}.Release|Any CPU.Deploy.0 = Release|Any CPU
		{7AF2A5AE-5789-42AA-AC2F-30ADC63AC242}.Release|ARM.ActiveCfg = Release|ARM
		{7AF2A5AE-5789-42AA-AC2F-30ADC63AC242}.Release|ARM.Build.0 = Release|ARM
		{7AF2A5AE-5789-42AA-AC2F-30ADC63AC242}.Release|ARM.Deploy.0 = Release|ARM
		{7AF2A5AE-5789-42AA-AC2F-30ADC63AC242}.Release|iPhone.ActiveCfg = Release|Any CPU
		{7AF2A5AE-5789-42AA-AC2F-30ADC63AC242}.Release|iPhone.Build.0 = Release|Any CPU
		{7AF2A5AE-5789-42AA-AC2F-30ADC63AC242}.Release|iPhone.Deploy.0 = Release|Any CPU
		{7AF2A5AE-5789-42AA-AC2F-30ADC63AC242}.Release|iPhoneSimulator.ActiveCfg = Release|Any CPU
		{7AF2A5AE-5789-42AA-AC2F-30ADC63AC242}.Release|iPhoneSimulator.Build.0 = Release|Any CPU
		{7AF2A5AE-5789-42AA-AC2F-30ADC63AC242}.Release|iPhoneSimulator.Deploy.0 = Release|Any CPU
		{7AF2A5AE-5789-42AA-AC2F-30ADC63AC242}.Release|x64.ActiveCfg = Release|x64
		{7AF2A5AE-5789-42AA-AC2F-30ADC63AC242}.Release|x64.Build.0 = Release|x64
		{7AF2A5AE-5789-42AA-AC2F-30ADC63AC242}.Release|x64.Deploy.0 = Release|x64
		{7AF2A5AE-5789-42AA-AC2F-30ADC63AC242}.Release|x86.ActiveCfg = Release|x86
		{7AF2A5AE-5789-42AA-AC2F-30ADC63AC242}.Release|x86.Build.0 = Release|x86
		{7AF2A5AE-5789-42AA-AC2F-30ADC63AC242}.Release|x86.Deploy.0 = Release|x86
		{01C529FB-7F32-4C86-A45E-042FE79B3DBC}.Ad-Hoc|Any CPU.ActiveCfg = Release|Any CPU
		{01C529FB-7F32-4C86-A45E-042FE79B3DBC}.Ad-Hoc|Any CPU.Build.0 = Release|Any CPU
		{01C529FB-7F32-4C86-A45E-042FE79B3DBC}.Ad-Hoc|ARM.ActiveCfg = Release|Any CPU
		{01C529FB-7F32-4C86-A45E-042FE79B3DBC}.Ad-Hoc|ARM.Build.0 = Release|Any CPU
		{01C529FB-7F32-4C86-A45E-042FE79B3DBC}.Ad-Hoc|iPhone.ActiveCfg = Release|Any CPU
		{01C529FB-7F32-4C86-A45E-042FE79B3DBC}.Ad-Hoc|iPhone.Build.0 = Release|Any CPU
		{01C529FB-7F32-4C86-A45E-042FE79B3DBC}.Ad-Hoc|iPhoneSimulator.ActiveCfg = Release|Any CPU
		{01C529FB-7F32-4C86-A45E-042FE79B3DBC}.Ad-Hoc|iPhoneSimulator.Build.0 = Release|Any CPU
		{01C529FB-7F32-4C86-A45E-042FE79B3DBC}.Ad-Hoc|x64.ActiveCfg = Release|Any CPU
		{01C529FB-7F32-4C86-A45E-042FE79B3DBC}.Ad-Hoc|x64.Build.0 = Release|Any CPU
		{01C529FB-7F32-4C86-A45E-042FE79B3DBC}.Ad-Hoc|x86.ActiveCfg = Release|Any CPU
		{01C529FB-7F32-4C86-A45E-042FE79B3DBC}.Ad-Hoc|x86.Build.0 = Release|Any CPU
		{01C529FB-7F32-4C86-A45E-042FE79B3DBC}.AppStore|Any CPU.ActiveCfg = Release|Any CPU
		{01C529FB-7F32-4C86-A45E-042FE79B3DBC}.AppStore|Any CPU.Build.0 = Release|Any CPU
		{01C529FB-7F32-4C86-A45E-042FE79B3DBC}.AppStore|ARM.ActiveCfg = Release|Any CPU
		{01C529FB-7F32-4C86-A45E-042FE79B3DBC}.AppStore|ARM.Build.0 = Release|Any CPU
		{01C529FB-7F32-4C86-A45E-042FE79B3DBC}.AppStore|iPhone.ActiveCfg = Release|Any CPU
		{01C529FB-7F32-4C86-A45E-042FE79B3DBC}.AppStore|iPhone.Build.0 = Release|Any CPU
		{01C529FB-7F32-4C86-A45E-042FE79B3DBC}.AppStore|iPhoneSimulator.ActiveCfg = Release|Any CPU
		{01C529FB-7F32-4C86-A45E-042FE79B3DBC}.AppStore|iPhoneSimulator.Build.0 = Release|Any CPU
		{01C529FB-7F32-4C86-A45E-042FE79B3DBC}.AppStore|x64.ActiveCfg = Release|Any CPU
		{01C529FB-7F32-4C86-A45E-042FE79B3DBC}.AppStore|x64.Build.0 = Release|Any CPU
		{01C529FB-7F32-4C86-A45E-042FE79B3DBC}.AppStore|x86.ActiveCfg = Release|Any CPU
		{01C529FB-7F32-4C86-A45E-042FE79B3DBC}.AppStore|x86.Build.0 = Release|Any CPU
		{01C529FB-7F32-4C86-A45E-042FE79B3DBC}.Debug|Any CPU.ActiveCfg = Debug|Any CPU
		{01C529FB-7F32-4C86-A45E-042FE79B3DBC}.Debug|Any CPU.Build.0 = Debug|Any CPU
		{01C529FB-7F32-4C86-A45E-042FE79B3DBC}.Debug|ARM.ActiveCfg = Debug|Any CPU
		{01C529FB-7F32-4C86-A45E-042FE79B3DBC}.Debug|ARM.Build.0 = Debug|Any CPU
		{01C529FB-7F32-4C86-A45E-042FE79B3DBC}.Debug|iPhone.ActiveCfg = Debug|Any CPU
		{01C529FB-7F32-4C86-A45E-042FE79B3DBC}.Debug|iPhone.Build.0 = Debug|Any CPU
		{01C529FB-7F32-4C86-A45E-042FE79B3DBC}.Debug|iPhoneSimulator.ActiveCfg = Debug|Any CPU
		{01C529FB-7F32-4C86-A45E-042FE79B3DBC}.Debug|iPhoneSimulator.Build.0 = Debug|Any CPU
		{01C529FB-7F32-4C86-A45E-042FE79B3DBC}.Debug|x64.ActiveCfg = Debug|Any CPU
		{01C529FB-7F32-4C86-A45E-042FE79B3DBC}.Debug|x64.Build.0 = Debug|Any CPU
		{01C529FB-7F32-4C86-A45E-042FE79B3DBC}.Debug|x86.ActiveCfg = Debug|Any CPU
		{01C529FB-7F32-4C86-A45E-042FE79B3DBC}.Debug|x86.Build.0 = Debug|Any CPU
		{01C529FB-7F32-4C86-A45E-042FE79B3DBC}.Release|Any CPU.ActiveCfg = Release|Any CPU
		{01C529FB-7F32-4C86-A45E-042FE79B3DBC}.Release|Any CPU.Build.0 = Release|Any CPU
		{01C529FB-7F32-4C86-A45E-042FE79B3DBC}.Release|ARM.ActiveCfg = Release|Any CPU
		{01C529FB-7F32-4C86-A45E-042FE79B3DBC}.Release|ARM.Build.0 = Release|Any CPU
		{01C529FB-7F32-4C86-A45E-042FE79B3DBC}.Release|iPhone.ActiveCfg = Release|Any CPU
		{01C529FB-7F32-4C86-A45E-042FE79B3DBC}.Release|iPhone.Build.0 = Release|Any CPU
		{01C529FB-7F32-4C86-A45E-042FE79B3DBC}.Release|iPhoneSimulator.ActiveCfg = Release|Any CPU
		{01C529FB-7F32-4C86-A45E-042FE79B3DBC}.Release|iPhoneSimulator.Build.0 = Release|Any CPU
		{01C529FB-7F32-4C86-A45E-042FE79B3DBC}.Release|x64.ActiveCfg = Release|Any CPU
		{01C529FB-7F32-4C86-A45E-042FE79B3DBC}.Release|x64.Build.0 = Release|Any CPU
		{01C529FB-7F32-4C86-A45E-042FE79B3DBC}.Release|x86.ActiveCfg = Release|Any CPU
		{01C529FB-7F32-4C86-A45E-042FE79B3DBC}.Release|x86.Build.0 = Release|Any CPU
	EndGlobalSection
	GlobalSection(SolutionProperties) = preSolution
		HideSolutionNode = FALSE
	EndGlobalSection
EndGlobal
