
Microsoft Visual Studio Solution File, Format Version 12.00
# Visual Studio 14
VisualStudioVersion = 14.0.25420.1
MinimumVisualStudioVersion = 10.0.40219.1
Project("{FAE04EC0-301F-11D3-BF4B-00C04F79EFBC}") = "MinForsteApp.Droid", "MinForsteApp\MinForsteApp.Droid\MinForsteApp.Droid.csproj", "{472A5D9B-14B8-47C5-A57C-C165E2C6AC1F}"
EndProject
Project("{FAE04EC0-301F-11D3-BF4B-00C04F79EFBC}") = "MinForsteApp.iOS", "MinForsteApp\MinForsteApp.iOS\MinForsteApp.iOS.csproj", "{C32C4966-1532-4F5F-923F-BA6B6EA6678A}"
EndProject
Project("{FAE04EC0-301F-11D3-BF4B-00C04F79EFBC}") = "MinForsteApp.WinPhone", "MinForsteApp\MinForsteApp.WinPhone\MinForsteApp.WinPhone.csproj", "{2A876367-F361-41BF-AE8C-05D2C942699D}"
EndProject
Project("{FAE04EC0-301F-11D3-BF4B-00C04F79EFBC}") = "MinForsteApp.UWP", "MinForsteApp\MinForsteApp.UWP\MinForsteApp.UWP.csproj", "{7C68329E-BFF6-4ADC-AB5A-FA73E39987E9}"
EndProject
Project("{FAE04EC0-301F-11D3-BF4B-00C04F79EFBC}") = "MinForsteApp.Windows", "MinForsteApp\MinForsteApp.Windows\MinForsteApp.Windows.csproj", "{85E4D66E-70D3-4700-B444-43A90C7487D9}"
EndProject
Project("{FAE04EC0-301F-11D3-BF4B-00C04F79EFBC}") = "MinForsteApp", "MinForsteApp\MinForsteApp\MinForsteApp.csproj", "{A26AB72C-63A4-40F9-9B73-C65A335AF51A}"
EndProject
Global
	GlobalSection(SolutionConfigurationPlatforms) = preSolution
		Ad-Hoc|Any CPU = Ad-Hoc|Any CPU
		Ad-Hoc|ARM = Ad-Hoc|ARM
		Ad-Hoc|iPhone = Ad-Hoc|iPhone
		Ad-Hoc|iPhoneSimulator = Ad-Hoc|iPhoneSimulator
		Ad-Hoc|x64 = Ad-Hoc|x64
		Ad-Hoc|x86 = Ad-Hoc|x86
		AppStore|Any CPU = AppStore|Any CPU
		AppStore|ARM = AppStore|ARM
		AppStore|iPhone = AppStore|iPhone
		AppStore|iPhoneSimulator = AppStore|iPhoneSimulator
		AppStore|x64 = AppStore|x64
		AppStore|x86 = AppStore|x86
		Debug|Any CPU = Debug|Any CPU
		Debug|ARM = Debug|ARM
		Debug|iPhone = Debug|iPhone
		Debug|iPhoneSimulator = Debug|iPhoneSimulator
		Debug|x64 = Debug|x64
		Debug|x86 = Debug|x86
		Release|Any CPU = Release|Any CPU
		Release|ARM = Release|ARM
		Release|iPhone = Release|iPhone
		Release|iPhoneSimulator = Release|iPhoneSimulator
		Release|x64 = Release|x64
		Release|x86 = Release|x86
	EndGlobalSection
	GlobalSection(ProjectConfigurationPlatforms) = postSolution
		{472A5D9B-14B8-47C5-A57C-C165E2C6AC1F}.Ad-Hoc|Any CPU.ActiveCfg = Release|Any CPU
		{472A5D9B-14B8-47C5-A57C-C165E2C6AC1F}.Ad-Hoc|Any CPU.Build.0 = Release|Any CPU
		{472A5D9B-14B8-47C5-A57C-C165E2C6AC1F}.Ad-Hoc|Any CPU.Deploy.0 = Release|Any CPU
		{472A5D9B-14B8-47C5-A57C-C165E2C6AC1F}.Ad-Hoc|ARM.ActiveCfg = Release|Any CPU
		{472A5D9B-14B8-47C5-A57C-C165E2C6AC1F}.Ad-Hoc|ARM.Build.0 = Release|Any CPU
		{472A5D9B-14B8-47C5-A57C-C165E2C6AC1F}.Ad-Hoc|ARM.Deploy.0 = Release|Any CPU
		{472A5D9B-14B8-47C5-A57C-C165E2C6AC1F}.Ad-Hoc|iPhone.ActiveCfg = Release|Any CPU
		{472A5D9B-14B8-47C5-A57C-C165E2C6AC1F}.Ad-Hoc|iPhone.Build.0 = Release|Any CPU
		{472A5D9B-14B8-47C5-A57C-C165E2C6AC1F}.Ad-Hoc|iPhone.Deploy.0 = Release|Any CPU
		{472A5D9B-14B8-47C5-A57C-C165E2C6AC1F}.Ad-Hoc|iPhoneSimulator.ActiveCfg = Release|Any CPU
		{472A5D9B-14B8-47C5-A57C-C165E2C6AC1F}.Ad-Hoc|iPhoneSimulator.Build.0 = Release|Any CPU
		{472A5D9B-14B8-47C5-A57C-C165E2C6AC1F}.Ad-Hoc|iPhoneSimulator.Deploy.0 = Release|Any CPU
		{472A5D9B-14B8-47C5-A57C-C165E2C6AC1F}.Ad-Hoc|x64.ActiveCfg = Release|Any CPU
		{472A5D9B-14B8-47C5-A57C-C165E2C6AC1F}.Ad-Hoc|x64.Build.0 = Release|Any CPU
		{472A5D9B-14B8-47C5-A57C-C165E2C6AC1F}.Ad-Hoc|x64.Deploy.0 = Release|Any CPU
		{472A5D9B-14B8-47C5-A57C-C165E2C6AC1F}.Ad-Hoc|x86.ActiveCfg = Release|Any CPU
		{472A5D9B-14B8-47C5-A57C-C165E2C6AC1F}.Ad-Hoc|x86.Build.0 = Release|Any CPU
		{472A5D9B-14B8-47C5-A57C-C165E2C6AC1F}.Ad-Hoc|x86.Deploy.0 = Release|Any CPU
		{472A5D9B-14B8-47C5-A57C-C165E2C6AC1F}.AppStore|Any CPU.ActiveCfg = Release|Any CPU
		{472A5D9B-14B8-47C5-A57C-C165E2C6AC1F}.AppStore|Any CPU.Build.0 = Release|Any CPU
		{472A5D9B-14B8-47C5-A57C-C165E2C6AC1F}.AppStore|Any CPU.Deploy.0 = Release|Any CPU
		{472A5D9B-14B8-47C5-A57C-C165E2C6AC1F}.AppStore|ARM.ActiveCfg = Release|Any CPU
		{472A5D9B-14B8-47C5-A57C-C165E2C6AC1F}.AppStore|ARM.Build.0 = Release|Any CPU
		{472A5D9B-14B8-47C5-A57C-C165E2C6AC1F}.AppStore|ARM.Deploy.0 = Release|Any CPU
		{472A5D9B-14B8-47C5-A57C-C165E2C6AC1F}.AppStore|iPhone.ActiveCfg = Release|Any CPU
		{472A5D9B-14B8-47C5-A57C-C165E2C6AC1F}.AppStore|iPhone.Build.0 = Release|Any CPU
		{472A5D9B-14B8-47C5-A57C-C165E2C6AC1F}.AppStore|iPhone.Deploy.0 = Release|Any CPU
		{472A5D9B-14B8-47C5-A57C-C165E2C6AC1F}.AppStore|iPhoneSimulator.ActiveCfg = Release|Any CPU
		{472A5D9B-14B8-47C5-A57C-C165E2C6AC1F}.AppStore|iPhoneSimulator.Build.0 = Release|Any CPU
		{472A5D9B-14B8-47C5-A57C-C165E2C6AC1F}.AppStore|iPhoneSimulator.Deploy.0 = Release|Any CPU
		{472A5D9B-14B8-47C5-A57C-C165E2C6AC1F}.AppStore|x64.ActiveCfg = Release|Any CPU
		{472A5D9B-14B8-47C5-A57C-C165E2C6AC1F}.AppStore|x64.Build.0 = Release|Any CPU
		{472A5D9B-14B8-47C5-A57C-C165E2C6AC1F}.AppStore|x64.Deploy.0 = Release|Any CPU
		{472A5D9B-14B8-47C5-A57C-C165E2C6AC1F}.AppStore|x86.ActiveCfg = Release|Any CPU
		{472A5D9B-14B8-47C5-A57C-C165E2C6AC1F}.AppStore|x86.Build.0 = Release|Any CPU
		{472A5D9B-14B8-47C5-A57C-C165E2C6AC1F}.AppStore|x86.Deploy.0 = Release|Any CPU
		{472A5D9B-14B8-47C5-A57C-C165E2C6AC1F}.Debug|Any CPU.ActiveCfg = Debug|Any CPU
		{472A5D9B-14B8-47C5-A57C-C165E2C6AC1F}.Debug|Any CPU.Build.0 = Debug|Any CPU
		{472A5D9B-14B8-47C5-A57C-C165E2C6AC1F}.Debug|Any CPU.Deploy.0 = Debug|Any CPU
		{472A5D9B-14B8-47C5-A57C-C165E2C6AC1F}.Debug|ARM.ActiveCfg = Debug|Any CPU
		{472A5D9B-14B8-47C5-A57C-C165E2C6AC1F}.Debug|ARM.Build.0 = Debug|Any CPU
		{472A5D9B-14B8-47C5-A57C-C165E2C6AC1F}.Debug|ARM.Deploy.0 = Debug|Any CPU
		{472A5D9B-14B8-47C5-A57C-C165E2C6AC1F}.Debug|iPhone.ActiveCfg = Debug|Any CPU
		{472A5D9B-14B8-47C5-A57C-C165E2C6AC1F}.Debug|iPhone.Build.0 = Debug|Any CPU
		{472A5D9B-14B8-47C5-A57C-C165E2C6AC1F}.Debug|iPhone.Deploy.0 = Debug|Any CPU
		{472A5D9B-14B8-47C5-A57C-C165E2C6AC1F}.Debug|iPhoneSimulator.ActiveCfg = Debug|Any CPU
		{472A5D9B-14B8-47C5-A57C-C165E2C6AC1F}.Debug|iPhoneSimulator.Build.0 = Debug|Any CPU
		{472A5D9B-14B8-47C5-A57C-C165E2C6AC1F}.Debug|iPhoneSimulator.Deploy.0 = Debug|Any CPU
		{472A5D9B-14B8-47C5-A57C-C165E2C6AC1F}.Debug|x64.ActiveCfg = Debug|Any CPU
		{472A5D9B-14B8-47C5-A57C-C165E2C6AC1F}.Debug|x64.Build.0 = Debug|Any CPU
		{472A5D9B-14B8-47C5-A57C-C165E2C6AC1F}.Debug|x64.Deploy.0 = Debug|Any CPU
		{472A5D9B-14B8-47C5-A57C-C165E2C6AC1F}.Debug|x86.ActiveCfg = Debug|Any CPU
		{472A5D9B-14B8-47C5-A57C-C165E2C6AC1F}.Debug|x86.Build.0 = Debug|Any CPU
		{472A5D9B-14B8-47C5-A57C-C165E2C6AC1F}.Debug|x86.Deploy.0 = Debug|Any CPU
		{472A5D9B-14B8-47C5-A57C-C165E2C6AC1F}.Release|Any CPU.ActiveCfg = Release|Any CPU
		{472A5D9B-14B8-47C5-A57C-C165E2C6AC1F}.Release|Any CPU.Build.0 = Release|Any CPU
		{472A5D9B-14B8-47C5-A57C-C165E2C6AC1F}.Release|Any CPU.Deploy.0 = Release|Any CPU
		{472A5D9B-14B8-47C5-A57C-C165E2C6AC1F}.Release|ARM.ActiveCfg = Release|Any CPU
		{472A5D9B-14B8-47C5-A57C-C165E2C6AC1F}.Release|ARM.Build.0 = Release|Any CPU
		{472A5D9B-14B8-47C5-A57C-C165E2C6AC1F}.Release|ARM.Deploy.0 = Release|Any CPU
		{472A5D9B-14B8-47C5-A57C-C165E2C6AC1F}.Release|iPhone.ActiveCfg = Release|Any CPU
		{472A5D9B-14B8-47C5-A57C-C165E2C6AC1F}.Release|iPhone.Build.0 = Release|Any CPU
		{472A5D9B-14B8-47C5-A57C-C165E2C6AC1F}.Release|iPhone.Deploy.0 = Release|Any CPU
		{472A5D9B-14B8-47C5-A57C-C165E2C6AC1F}.Release|iPhoneSimulator.ActiveCfg = Release|Any CPU
		{472A5D9B-14B8-47C5-A57C-C165E2C6AC1F}.Release|iPhoneSimulator.Build.0 = Release|Any CPU
		{472A5D9B-14B8-47C5-A57C-C165E2C6AC1F}.Release|iPhoneSimulator.Deploy.0 = Release|Any CPU
		{472A5D9B-14B8-47C5-A57C-C165E2C6AC1F}.Release|x64.ActiveCfg = Release|Any CPU
		{472A5D9B-14B8-47C5-A57C-C165E2C6AC1F}.Release|x64.Build.0 = Release|Any CPU
		{472A5D9B-14B8-47C5-A57C-C165E2C6AC1F}.Release|x64.Deploy.0 = Release|Any CPU
		{472A5D9B-14B8-47C5-A57C-C165E2C6AC1F}.Release|x86.ActiveCfg = Release|Any CPU
		{472A5D9B-14B8-47C5-A57C-C165E2C6AC1F}.Release|x86.Build.0 = Release|Any CPU
		{472A5D9B-14B8-47C5-A57C-C165E2C6AC1F}.Release|x86.Deploy.0 = Release|Any CPU
		{C32C4966-1532-4F5F-923F-BA6B6EA6678A}.Ad-Hoc|Any CPU.ActiveCfg = Ad-Hoc|iPhone
		{C32C4966-1532-4F5F-923F-BA6B6EA6678A}.Ad-Hoc|ARM.ActiveCfg = Ad-Hoc|iPhone
		{C32C4966-1532-4F5F-923F-BA6B6EA6678A}.Ad-Hoc|iPhone.ActiveCfg = Ad-Hoc|iPhone
		{C32C4966-1532-4F5F-923F-BA6B6EA6678A}.Ad-Hoc|iPhone.Build.0 = Ad-Hoc|iPhone
		{C32C4966-1532-4F5F-923F-BA6B6EA6678A}.Ad-Hoc|iPhoneSimulator.ActiveCfg = Ad-Hoc|iPhoneSimulator
		{C32C4966-1532-4F5F-923F-BA6B6EA6678A}.Ad-Hoc|iPhoneSimulator.Build.0 = Ad-Hoc|iPhoneSimulator
		{C32C4966-1532-4F5F-923F-BA6B6EA6678A}.Ad-Hoc|x64.ActiveCfg = Ad-Hoc|iPhone
		{C32C4966-1532-4F5F-923F-BA6B6EA6678A}.Ad-Hoc|x86.ActiveCfg = Ad-Hoc|iPhone
		{C32C4966-1532-4F5F-923F-BA6B6EA6678A}.AppStore|Any CPU.ActiveCfg = AppStore|iPhone
		{C32C4966-1532-4F5F-923F-BA6B6EA6678A}.AppStore|ARM.ActiveCfg = AppStore|iPhone
		{C32C4966-1532-4F5F-923F-BA6B6EA6678A}.AppStore|iPhone.ActiveCfg = AppStore|iPhone
		{C32C4966-1532-4F5F-923F-BA6B6EA6678A}.AppStore|iPhone.Build.0 = AppStore|iPhone
		{C32C4966-1532-4F5F-923F-BA6B6EA6678A}.AppStore|iPhoneSimulator.ActiveCfg = AppStore|iPhoneSimulator
		{C32C4966-1532-4F5F-923F-BA6B6EA6678A}.AppStore|iPhoneSimulator.Build.0 = AppStore|iPhoneSimulator
		{C32C4966-1532-4F5F-923F-BA6B6EA6678A}.AppStore|x64.ActiveCfg = AppStore|iPhone
		{C32C4966-1532-4F5F-923F-BA6B6EA6678A}.AppStore|x86.ActiveCfg = AppStore|iPhone
		{C32C4966-1532-4F5F-923F-BA6B6EA6678A}.Debug|Any CPU.ActiveCfg = Debug|iPhone
		{C32C4966-1532-4F5F-923F-BA6B6EA6678A}.Debug|ARM.ActiveCfg = Debug|iPhone
		{C32C4966-1532-4F5F-923F-BA6B6EA6678A}.Debug|iPhone.ActiveCfg = Debug|iPhone
		{C32C4966-1532-4F5F-923F-BA6B6EA6678A}.Debug|iPhone.Build.0 = Debug|iPhone
		{C32C4966-1532-4F5F-923F-BA6B6EA6678A}.Debug|iPhoneSimulator.ActiveCfg = Debug|iPhoneSimulator
		{C32C4966-1532-4F5F-923F-BA6B6EA6678A}.Debug|iPhoneSimulator.Build.0 = Debug|iPhoneSimulator
		{C32C4966-1532-4F5F-923F-BA6B6EA6678A}.Debug|x64.ActiveCfg = Debug|iPhone
		{C32C4966-1532-4F5F-923F-BA6B6EA6678A}.Debug|x86.ActiveCfg = Debug|iPhone
		{C32C4966-1532-4F5F-923F-BA6B6EA6678A}.Release|Any CPU.ActiveCfg = Release|iPhone
		{C32C4966-1532-4F5F-923F-BA6B6EA6678A}.Release|ARM.ActiveCfg = Release|iPhone
		{C32C4966-1532-4F5F-923F-BA6B6EA6678A}.Release|iPhone.ActiveCfg = Release|iPhone
		{C32C4966-1532-4F5F-923F-BA6B6EA6678A}.Release|iPhone.Build.0 = Release|iPhone
		{C32C4966-1532-4F5F-923F-BA6B6EA6678A}.Release|iPhoneSimulator.ActiveCfg = Release|iPhoneSimulator
		{C32C4966-1532-4F5F-923F-BA6B6EA6678A}.Release|iPhoneSimulator.Build.0 = Release|iPhoneSimulator
		{C32C4966-1532-4F5F-923F-BA6B6EA6678A}.Release|x64.ActiveCfg = Release|iPhone
		{C32C4966-1532-4F5F-923F-BA6B6EA6678A}.Release|x86.ActiveCfg = Release|iPhone
		{2A876367-F361-41BF-AE8C-05D2C942699D}.Ad-Hoc|Any CPU.ActiveCfg = Release|Any CPU
		{2A876367-F361-41BF-AE8C-05D2C942699D}.Ad-Hoc|Any CPU.Build.0 = Release|Any CPU
		{2A876367-F361-41BF-AE8C-05D2C942699D}.Ad-Hoc|Any CPU.Deploy.0 = Release|Any CPU
		{2A876367-F361-41BF-AE8C-05D2C942699D}.Ad-Hoc|ARM.ActiveCfg = Release|ARM
		{2A876367-F361-41BF-AE8C-05D2C942699D}.Ad-Hoc|ARM.Build.0 = Release|ARM
		{2A876367-F361-41BF-AE8C-05D2C942699D}.Ad-Hoc|ARM.Deploy.0 = Release|ARM
		{2A876367-F361-41BF-AE8C-05D2C942699D}.Ad-Hoc|iPhone.ActiveCfg = Release|Any CPU
		{2A876367-F361-41BF-AE8C-05D2C942699D}.Ad-Hoc|iPhone.Build.0 = Release|Any CPU
		{2A876367-F361-41BF-AE8C-05D2C942699D}.Ad-Hoc|iPhone.Deploy.0 = Release|Any CPU
		{2A876367-F361-41BF-AE8C-05D2C942699D}.Ad-Hoc|iPhoneSimulator.ActiveCfg = Release|Any CPU
		{2A876367-F361-41BF-AE8C-05D2C942699D}.Ad-Hoc|iPhoneSimulator.Build.0 = Release|Any CPU
		{2A876367-F361-41BF-AE8C-05D2C942699D}.Ad-Hoc|iPhoneSimulator.Deploy.0 = Release|Any CPU
		{2A876367-F361-41BF-AE8C-05D2C942699D}.Ad-Hoc|x64.ActiveCfg = Release|Any CPU
		{2A876367-F361-41BF-AE8C-05D2C942699D}.Ad-Hoc|x64.Build.0 = Release|Any CPU
		{2A876367-F361-41BF-AE8C-05D2C942699D}.Ad-Hoc|x64.Deploy.0 = Release|Any CPU
		{2A876367-F361-41BF-AE8C-05D2C942699D}.Ad-Hoc|x86.ActiveCfg = Release|x86
		{2A876367-F361-41BF-AE8C-05D2C942699D}.Ad-Hoc|x86.Build.0 = Release|x86
		{2A876367-F361-41BF-AE8C-05D2C942699D}.Ad-Hoc|x86.Deploy.0 = Release|x86
		{2A876367-F361-41BF-AE8C-05D2C942699D}.AppStore|Any CPU.ActiveCfg = Release|Any CPU
		{2A876367-F361-41BF-AE8C-05D2C942699D}.AppStore|Any CPU.Build.0 = Release|Any CPU
		{2A876367-F361-41BF-AE8C-05D2C942699D}.AppStore|Any CPU.Deploy.0 = Release|Any CPU
		{2A876367-F361-41BF-AE8C-05D2C942699D}.AppStore|ARM.ActiveCfg = Release|ARM
		{2A876367-F361-41BF-AE8C-05D2C942699D}.AppStore|ARM.Build.0 = Release|ARM
		{2A876367-F361-41BF-AE8C-05D2C942699D}.AppStore|ARM.Deploy.0 = Release|ARM
		{2A876367-F361-41BF-AE8C-05D2C942699D}.AppStore|iPhone.ActiveCfg = Release|Any CPU
		{2A876367-F361-41BF-AE8C-05D2C942699D}.AppStore|iPhone.Build.0 = Release|Any CPU
		{2A876367-F361-41BF-AE8C-05D2C942699D}.AppStore|iPhone.Deploy.0 = Release|Any CPU
		{2A876367-F361-41BF-AE8C-05D2C942699D}.AppStore|iPhoneSimulator.ActiveCfg = Release|Any CPU
		{2A876367-F361-41BF-AE8C-05D2C942699D}.AppStore|iPhoneSimulator.Build.0 = Release|Any CPU
		{2A876367-F361-41BF-AE8C-05D2C942699D}.AppStore|iPhoneSimulator.Deploy.0 = Release|Any CPU
		{2A876367-F361-41BF-AE8C-05D2C942699D}.AppStore|x64.ActiveCfg = Release|Any CPU
		{2A876367-F361-41BF-AE8C-05D2C942699D}.AppStore|x64.Build.0 = Release|Any CPU
		{2A876367-F361-41BF-AE8C-05D2C942699D}.AppStore|x64.Deploy.0 = Release|Any CPU
		{2A876367-F361-41BF-AE8C-05D2C942699D}.AppStore|x86.ActiveCfg = Release|x86
		{2A876367-F361-41BF-AE8C-05D2C942699D}.AppStore|x86.Build.0 = Release|x86
		{2A876367-F361-41BF-AE8C-05D2C942699D}.AppStore|x86.Deploy.0 = Release|x86
		{2A876367-F361-41BF-AE8C-05D2C942699D}.Debug|Any CPU.ActiveCfg = Debug|Any CPU
		{2A876367-F361-41BF-AE8C-05D2C942699D}.Debug|Any CPU.Build.0 = Debug|Any CPU
		{2A876367-F361-41BF-AE8C-05D2C942699D}.Debug|Any CPU.Deploy.0 = Debug|Any CPU
		{2A876367-F361-41BF-AE8C-05D2C942699D}.Debug|ARM.ActiveCfg = Debug|ARM
		{2A876367-F361-41BF-AE8C-05D2C942699D}.Debug|ARM.Build.0 = Debug|ARM
		{2A876367-F361-41BF-AE8C-05D2C942699D}.Debug|ARM.Deploy.0 = Debug|ARM
		{2A876367-F361-41BF-AE8C-05D2C942699D}.Debug|iPhone.ActiveCfg = Debug|Any CPU
		{2A876367-F361-41BF-AE8C-05D2C942699D}.Debug|iPhone.Build.0 = Debug|Any CPU
		{2A876367-F361-41BF-AE8C-05D2C942699D}.Debug|iPhone.Deploy.0 = Debug|Any CPU
		{2A876367-F361-41BF-AE8C-05D2C942699D}.Debug|iPhoneSimulator.ActiveCfg = Debug|Any CPU
		{2A876367-F361-41BF-AE8C-05D2C942699D}.Debug|iPhoneSimulator.Build.0 = Debug|Any CPU
		{2A876367-F361-41BF-AE8C-05D2C942699D}.Debug|iPhoneSimulator.Deploy.0 = Debug|Any CPU
		{2A876367-F361-41BF-AE8C-05D2C942699D}.Debug|x64.ActiveCfg = Debug|Any CPU
		{2A876367-F361-41BF-AE8C-05D2C942699D}.Debug|x64.Build.0 = Debug|Any CPU
		{2A876367-F361-41BF-AE8C-05D2C942699D}.Debug|x64.Deploy.0 = Debug|Any CPU
		{2A876367-F361-41BF-AE8C-05D2C942699D}.Debug|x86.ActiveCfg = Debug|x86
		{2A876367-F361-41BF-AE8C-05D2C942699D}.Debug|x86.Build.0 = Debug|x86
		{2A876367-F361-41BF-AE8C-05D2C942699D}.Debug|x86.Deploy.0 = Debug|x86
		{2A876367-F361-41BF-AE8C-05D2C942699D}.Release|Any CPU.ActiveCfg = Release|Any CPU
		{2A876367-F361-41BF-AE8C-05D2C942699D}.Release|Any CPU.Build.0 = Release|Any CPU
		{2A876367-F361-41BF-AE8C-05D2C942699D}.Release|Any CPU.Deploy.0 = Release|Any CPU
		{2A876367-F361-41BF-AE8C-05D2C942699D}.Release|ARM.ActiveCfg = Release|ARM
		{2A876367-F361-41BF-AE8C-05D2C942699D}.Release|ARM.Build.0 = Release|ARM
		{2A876367-F361-41BF-AE8C-05D2C942699D}.Release|ARM.Deploy.0 = Release|ARM
		{2A876367-F361-41BF-AE8C-05D2C942699D}.Release|iPhone.ActiveCfg = Release|Any CPU
		{2A876367-F361-41BF-AE8C-05D2C942699D}.Release|iPhone.Build.0 = Release|Any CPU
		{2A876367-F361-41BF-AE8C-05D2C942699D}.Release|iPhone.Deploy.0 = Release|Any CPU
		{2A876367-F361-41BF-AE8C-05D2C942699D}.Release|iPhoneSimulator.ActiveCfg = Release|Any CPU
		{2A876367-F361-41BF-AE8C-05D2C942699D}.Release|iPhoneSimulator.Build.0 = Release|Any CPU
		{2A876367-F361-41BF-AE8C-05D2C942699D}.Release|iPhoneSimulator.Deploy.0 = Release|Any CPU
		{2A876367-F361-41BF-AE8C-05D2C942699D}.Release|x64.ActiveCfg = Release|Any CPU
		{2A876367-F361-41BF-AE8C-05D2C942699D}.Release|x64.Build.0 = Release|Any CPU
		{2A876367-F361-41BF-AE8C-05D2C942699D}.Release|x64.Deploy.0 = Release|Any CPU
		{2A876367-F361-41BF-AE8C-05D2C942699D}.Release|x86.ActiveCfg = Release|x86
		{2A876367-F361-41BF-AE8C-05D2C942699D}.Release|x86.Build.0 = Release|x86
		{2A876367-F361-41BF-AE8C-05D2C942699D}.Release|x86.Deploy.0 = Release|x86
		{7C68329E-BFF6-4ADC-AB5A-FA73E39987E9}.Ad-Hoc|Any CPU.ActiveCfg = Release|x86
		{7C68329E-BFF6-4ADC-AB5A-FA73E39987E9}.Ad-Hoc|Any CPU.Build.0 = Release|x86
		{7C68329E-BFF6-4ADC-AB5A-FA73E39987E9}.Ad-Hoc|Any CPU.Deploy.0 = Release|x86
		{7C68329E-BFF6-4ADC-AB5A-FA73E39987E9}.Ad-Hoc|ARM.ActiveCfg = Release|ARM
		{7C68329E-BFF6-4ADC-AB5A-FA73E39987E9}.Ad-Hoc|ARM.Build.0 = Release|ARM
		{7C68329E-BFF6-4ADC-AB5A-FA73E39987E9}.Ad-Hoc|ARM.Deploy.0 = Release|ARM
		{7C68329E-BFF6-4ADC-AB5A-FA73E39987E9}.Ad-Hoc|iPhone.ActiveCfg = Release|x86
		{7C68329E-BFF6-4ADC-AB5A-FA73E39987E9}.Ad-Hoc|iPhone.Build.0 = Release|x86
		{7C68329E-BFF6-4ADC-AB5A-FA73E39987E9}.Ad-Hoc|iPhone.Deploy.0 = Release|x86
		{7C68329E-BFF6-4ADC-AB5A-FA73E39987E9}.Ad-Hoc|iPhoneSimulator.ActiveCfg = Release|x86
		{7C68329E-BFF6-4ADC-AB5A-FA73E39987E9}.Ad-Hoc|iPhoneSimulator.Build.0 = Release|x86
		{7C68329E-BFF6-4ADC-AB5A-FA73E39987E9}.Ad-Hoc|iPhoneSimulator.Deploy.0 = Release|x86
		{7C68329E-BFF6-4ADC-AB5A-FA73E39987E9}.Ad-Hoc|x64.ActiveCfg = Release|x64
		{7C68329E-BFF6-4ADC-AB5A-FA73E39987E9}.Ad-Hoc|x64.Build.0 = Release|x64
		{7C68329E-BFF6-4ADC-AB5A-FA73E39987E9}.Ad-Hoc|x64.Deploy.0 = Release|x64
		{7C68329E-BFF6-4ADC-AB5A-FA73E39987E9}.Ad-Hoc|x86.ActiveCfg = Release|x86
		{7C68329E-BFF6-4ADC-AB5A-FA73E39987E9}.Ad-Hoc|x86.Build.0 = Release|x86
		{7C68329E-BFF6-4ADC-AB5A-FA73E39987E9}.Ad-Hoc|x86.Deploy.0 = Release|x86
		{7C68329E-BFF6-4ADC-AB5A-FA73E39987E9}.AppStore|Any CPU.ActiveCfg = Release|x86
		{7C68329E-BFF6-4ADC-AB5A-FA73E39987E9}.AppStore|Any CPU.Build.0 = Release|x86
		{7C68329E-BFF6-4ADC-AB5A-FA73E39987E9}.AppStore|Any CPU.Deploy.0 = Release|x86
		{7C68329E-BFF6-4ADC-AB5A-FA73E39987E9}.AppStore|ARM.ActiveCfg = Release|ARM
		{7C68329E-BFF6-4ADC-AB5A-FA73E39987E9}.AppStore|ARM.Build.0 = Release|ARM
		{7C68329E-BFF6-4ADC-AB5A-FA73E39987E9}.AppStore|ARM.Deploy.0 = Release|ARM
		{7C68329E-BFF6-4ADC-AB5A-FA73E39987E9}.AppStore|iPhone.ActiveCfg = Release|x86
		{7C68329E-BFF6-4ADC-AB5A-FA73E39987E9}.AppStore|iPhone.Build.0 = Release|x86
		{7C68329E-BFF6-4ADC-AB5A-FA73E39987E9}.AppStore|iPhone.Deploy.0 = Release|x86
		{7C68329E-BFF6-4ADC-AB5A-FA73E39987E9}.AppStore|iPhoneSimulator.ActiveCfg = Release|x86
		{7C68329E-BFF6-4ADC-AB5A-FA73E39987E9}.AppStore|iPhoneSimulator.Build.0 = Release|x86
		{7C68329E-BFF6-4ADC-AB5A-FA73E39987E9}.AppStore|iPhoneSimulator.Deploy.0 = Release|x86
		{7C68329E-BFF6-4ADC-AB5A-FA73E39987E9}.AppStore|x64.ActiveCfg = Release|x64
		{7C68329E-BFF6-4ADC-AB5A-FA73E39987E9}.AppStore|x64.Build.0 = Release|x64
		{7C68329E-BFF6-4ADC-AB5A-FA73E39987E9}.AppStore|x64.Deploy.0 = Release|x64
		{7C68329E-BFF6-4ADC-AB5A-FA73E39987E9}.AppStore|x86.ActiveCfg = Release|x86
		{7C68329E-BFF6-4ADC-AB5A-FA73E39987E9}.AppStore|x86.Build.0 = Release|x86
		{7C68329E-BFF6-4ADC-AB5A-FA73E39987E9}.AppStore|x86.Deploy.0 = Release|x86
		{7C68329E-BFF6-4ADC-AB5A-FA73E39987E9}.Debug|Any CPU.ActiveCfg = Debug|x86
		{7C68329E-BFF6-4ADC-AB5A-FA73E39987E9}.Debug|ARM.ActiveCfg = Debug|ARM
		{7C68329E-BFF6-4ADC-AB5A-FA73E39987E9}.Debug|ARM.Build.0 = Debug|ARM
		{7C68329E-BFF6-4ADC-AB5A-FA73E39987E9}.Debug|ARM.Deploy.0 = Debug|ARM
		{7C68329E-BFF6-4ADC-AB5A-FA73E39987E9}.Debug|iPhone.ActiveCfg = Debug|x86
		{7C68329E-BFF6-4ADC-AB5A-FA73E39987E9}.Debug|iPhoneSimulator.ActiveCfg = Debug|x86
		{7C68329E-BFF6-4ADC-AB5A-FA73E39987E9}.Debug|x64.ActiveCfg = Debug|x64
		{7C68329E-BFF6-4ADC-AB5A-FA73E39987E9}.Debug|x64.Build.0 = Debug|x64
		{7C68329E-BFF6-4ADC-AB5A-FA73E39987E9}.Debug|x64.Deploy.0 = Debug|x64
		{7C68329E-BFF6-4ADC-AB5A-FA73E39987E9}.Debug|x86.ActiveCfg = Debug|x86
		{7C68329E-BFF6-4ADC-AB5A-FA73E39987E9}.Debug|x86.Build.0 = Debug|x86
		{7C68329E-BFF6-4ADC-AB5A-FA73E39987E9}.Debug|x86.Deploy.0 = Debug|x86
		{7C68329E-BFF6-4ADC-AB5A-FA73E39987E9}.Release|Any CPU.ActiveCfg = Release|x86
		{7C68329E-BFF6-4ADC-AB5A-FA73E39987E9}.Release|ARM.ActiveCfg = Release|ARM
		{7C68329E-BFF6-4ADC-AB5A-FA73E39987E9}.Release|ARM.Build.0 = Release|ARM
		{7C68329E-BFF6-4ADC-AB5A-FA73E39987E9}.Release|ARM.Deploy.0 = Release|ARM
		{7C68329E-BFF6-4ADC-AB5A-FA73E39987E9}.Release|iPhone.ActiveCfg = Release|x86
		{7C68329E-BFF6-4ADC-AB5A-FA73E39987E9}.Release|iPhoneSimulator.ActiveCfg = Release|x86
		{7C68329E-BFF6-4ADC-AB5A-FA73E39987E9}.Release|x64.ActiveCfg = Release|x64
		{7C68329E-BFF6-4ADC-AB5A-FA73E39987E9}.Release|x64.Build.0 = Release|x64
		{7C68329E-BFF6-4ADC-AB5A-FA73E39987E9}.Release|x64.Deploy.0 = Release|x64
		{7C68329E-BFF6-4ADC-AB5A-FA73E39987E9}.Release|x86.ActiveCfg = Release|x86
		{7C68329E-BFF6-4ADC-AB5A-FA73E39987E9}.Release|x86.Build.0 = Release|x86
		{7C68329E-BFF6-4ADC-AB5A-FA73E39987E9}.Release|x86.Deploy.0 = Release|x86
		{85E4D66E-70D3-4700-B444-43A90C7487D9}.Ad-Hoc|Any CPU.ActiveCfg = Release|Any CPU
		{85E4D66E-70D3-4700-B444-43A90C7487D9}.Ad-Hoc|Any CPU.Build.0 = Release|Any CPU
		{85E4D66E-70D3-4700-B444-43A90C7487D9}.Ad-Hoc|Any CPU.Deploy.0 = Release|Any CPU
		{85E4D66E-70D3-4700-B444-43A90C7487D9}.Ad-Hoc|ARM.ActiveCfg = Release|ARM
		{85E4D66E-70D3-4700-B444-43A90C7487D9}.Ad-Hoc|ARM.Build.0 = Release|ARM
		{85E4D66E-70D3-4700-B444-43A90C7487D9}.Ad-Hoc|ARM.Deploy.0 = Release|ARM
		{85E4D66E-70D3-4700-B444-43A90C7487D9}.Ad-Hoc|iPhone.ActiveCfg = Release|Any CPU
		{85E4D66E-70D3-4700-B444-43A90C7487D9}.Ad-Hoc|iPhone.Build.0 = Release|Any CPU
		{85E4D66E-70D3-4700-B444-43A90C7487D9}.Ad-Hoc|iPhone.Deploy.0 = Release|Any CPU
		{85E4D66E-70D3-4700-B444-43A90C7487D9}.Ad-Hoc|iPhoneSimulator.ActiveCfg = Release|Any CPU
		{85E4D66E-70D3-4700-B444-43A90C7487D9}.Ad-Hoc|iPhoneSimulator.Build.0 = Release|Any CPU
		{85E4D66E-70D3-4700-B444-43A90C7487D9}.Ad-Hoc|iPhoneSimulator.Deploy.0 = Release|Any CPU
		{85E4D66E-70D3-4700-B444-43A90C7487D9}.Ad-Hoc|x64.ActiveCfg = Release|x64
		{85E4D66E-70D3-4700-B444-43A90C7487D9}.Ad-Hoc|x64.Build.0 = Release|x64
		{85E4D66E-70D3-4700-B444-43A90C7487D9}.Ad-Hoc|x64.Deploy.0 = Release|x64
		{85E4D66E-70D3-4700-B444-43A90C7487D9}.Ad-Hoc|x86.ActiveCfg = Release|x86
		{85E4D66E-70D3-4700-B444-43A90C7487D9}.Ad-Hoc|x86.Build.0 = Release|x86
		{85E4D66E-70D3-4700-B444-43A90C7487D9}.Ad-Hoc|x86.Deploy.0 = Release|x86
		{85E4D66E-70D3-4700-B444-43A90C7487D9}.AppStore|Any CPU.ActiveCfg = Release|Any CPU
		{85E4D66E-70D3-4700-B444-43A90C7487D9}.AppStore|Any CPU.Build.0 = Release|Any CPU
		{85E4D66E-70D3-4700-B444-43A90C7487D9}.AppStore|Any CPU.Deploy.0 = Release|Any CPU
		{85E4D66E-70D3-4700-B444-43A90C7487D9}.AppStore|ARM.ActiveCfg = Release|ARM
		{85E4D66E-70D3-4700-B444-43A90C7487D9}.AppStore|ARM.Build.0 = Release|ARM
		{85E4D66E-70D3-4700-B444-43A90C7487D9}.AppStore|ARM.Deploy.0 = Release|ARM
		{85E4D66E-70D3-4700-B444-43A90C7487D9}.AppStore|iPhone.ActiveCfg = Release|Any CPU
		{85E4D66E-70D3-4700-B444-43A90C7487D9}.AppStore|iPhone.Build.0 = Release|Any CPU
		{85E4D66E-70D3-4700-B444-43A90C7487D9}.AppStore|iPhone.Deploy.0 = Release|Any CPU
		{85E4D66E-70D3-4700-B444-43A90C7487D9}.AppStore|iPhoneSimulator.ActiveCfg = Release|Any CPU
		{85E4D66E-70D3-4700-B444-43A90C7487D9}.AppStore|iPhoneSimulator.Build.0 = Release|Any CPU
		{85E4D66E-70D3-4700-B444-43A90C7487D9}.AppStore|iPhoneSimulator.Deploy.0 = Release|Any CPU
		{85E4D66E-70D3-4700-B444-43A90C7487D9}.AppStore|x64.ActiveCfg = Release|x64
		{85E4D66E-70D3-4700-B444-43A90C7487D9}.AppStore|x64.Build.0 = Release|x64
		{85E4D66E-70D3-4700-B444-43A90C7487D9}.AppStore|x64.Deploy.0 = Release|x64
		{85E4D66E-70D3-4700-B444-43A90C7487D9}.AppStore|x86.ActiveCfg = Release|x86
		{85E4D66E-70D3-4700-B444-43A90C7487D9}.AppStore|x86.Build.0 = Release|x86
		{85E4D66E-70D3-4700-B444-43A90C7487D9}.AppStore|x86.Deploy.0 = Release|x86
		{85E4D66E-70D3-4700-B444-43A90C7487D9}.Debug|Any CPU.ActiveCfg = Debug|Any CPU
		{85E4D66E-70D3-4700-B444-43A90C7487D9}.Debug|Any CPU.Build.0 = Debug|Any CPU
		{85E4D66E-70D3-4700-B444-43A90C7487D9}.Debug|Any CPU.Deploy.0 = Debug|Any CPU
		{85E4D66E-70D3-4700-B444-43A90C7487D9}.Debug|ARM.ActiveCfg = Debug|ARM
		{85E4D66E-70D3-4700-B444-43A90C7487D9}.Debug|ARM.Build.0 = Debug|ARM
		{85E4D66E-70D3-4700-B444-43A90C7487D9}.Debug|ARM.Deploy.0 = Debug|ARM
		{85E4D66E-70D3-4700-B444-43A90C7487D9}.Debug|iPhone.ActiveCfg = Debug|Any CPU
		{85E4D66E-70D3-4700-B444-43A90C7487D9}.Debug|iPhone.Build.0 = Debug|Any CPU
		{85E4D66E-70D3-4700-B444-43A90C7487D9}.Debug|iPhone.Deploy.0 = Debug|Any CPU
		{85E4D66E-70D3-4700-B444-43A90C7487D9}.Debug|iPhoneSimulator.ActiveCfg = Debug|Any CPU
		{85E4D66E-70D3-4700-B444-43A90C7487D9}.Debug|iPhoneSimulator.Build.0 = Debug|Any CPU
		{85E4D66E-70D3-4700-B444-43A90C7487D9}.Debug|iPhoneSimulator.Deploy.0 = Debug|Any CPU
		{85E4D66E-70D3-4700-B444-43A90C7487D9}.Debug|x64.ActiveCfg = Debug|x64
		{85E4D66E-70D3-4700-B444-43A90C7487D9}.Debug|x64.Build.0 = Debug|x64
		{85E4D66E-70D3-4700-B444-43A90C7487D9}.Debug|x64.Deploy.0 = Debug|x64
		{85E4D66E-70D3-4700-B444-43A90C7487D9}.Debug|x86.ActiveCfg = Debug|x86
		{85E4D66E-70D3-4700-B444-43A90C7487D9}.Debug|x86.Build.0 = Debug|x86
		{85E4D66E-70D3-4700-B444-43A90C7487D9}.Debug|x86.Deploy.0 = Debug|x86
		{85E4D66E-70D3-4700-B444-43A90C7487D9}.Release|Any CPU.ActiveCfg = Release|Any CPU
		{85E4D66E-70D3-4700-B444-43A90C7487D9}.Release|Any CPU.Build.0 = Release|Any CPU
		{85E4D66E-70D3-4700-B444-43A90C7487D9}.Release|Any CPU.Deploy.0 = Release|Any CPU
		{85E4D66E-70D3-4700-B444-43A90C7487D9}.Release|ARM.ActiveCfg = Release|ARM
		{85E4D66E-70D3-4700-B444-43A90C7487D9}.Release|ARM.Build.0 = Release|ARM
		{85E4D66E-70D3-4700-B444-43A90C7487D9}.Release|ARM.Deploy.0 = Release|ARM
		{85E4D66E-70D3-4700-B444-43A90C7487D9}.Release|iPhone.ActiveCfg = Release|Any CPU
		{85E4D66E-70D3-4700-B444-43A90C7487D9}.Release|iPhone.Build.0 = Release|Any CPU
		{85E4D66E-70D3-4700-B444-43A90C7487D9}.Release|iPhone.Deploy.0 = Release|Any CPU
		{85E4D66E-70D3-4700-B444-43A90C7487D9}.Release|iPhoneSimulator.ActiveCfg = Release|Any CPU
		{85E4D66E-70D3-4700-B444-43A90C7487D9}.Release|iPhoneSimulator.Build.0 = Release|Any CPU
		{85E4D66E-70D3-4700-B444-43A90C7487D9}.Release|iPhoneSimulator.Deploy.0 = Release|Any CPU
		{85E4D66E-70D3-4700-B444-43A90C7487D9}.Release|x64.ActiveCfg = Release|x64
		{85E4D66E-70D3-4700-B444-43A90C7487D9}.Release|x64.Build.0 = Release|x64
		{85E4D66E-70D3-4700-B444-43A90C7487D9}.Release|x64.Deploy.0 = Release|x64
		{85E4D66E-70D3-4700-B444-43A90C7487D9}.Release|x86.ActiveCfg = Release|x86
		{85E4D66E-70D3-4700-B444-43A90C7487D9}.Release|x86.Build.0 = Release|x86
		{85E4D66E-70D3-4700-B444-43A90C7487D9}.Release|x86.Deploy.0 = Release|x86
		{A26AB72C-63A4-40F9-9B73-C65A335AF51A}.Ad-Hoc|Any CPU.ActiveCfg = Release|Any CPU
		{A26AB72C-63A4-40F9-9B73-C65A335AF51A}.Ad-Hoc|Any CPU.Build.0 = Release|Any CPU
		{A26AB72C-63A4-40F9-9B73-C65A335AF51A}.Ad-Hoc|ARM.ActiveCfg = Release|Any CPU
		{A26AB72C-63A4-40F9-9B73-C65A335AF51A}.Ad-Hoc|ARM.Build.0 = Release|Any CPU
		{A26AB72C-63A4-40F9-9B73-C65A335AF51A}.Ad-Hoc|iPhone.ActiveCfg = Release|Any CPU
		{A26AB72C-63A4-40F9-9B73-C65A335AF51A}.Ad-Hoc|iPhone.Build.0 = Release|Any CPU
		{A26AB72C-63A4-40F9-9B73-C65A335AF51A}.Ad-Hoc|iPhoneSimulator.ActiveCfg = Release|Any CPU
		{A26AB72C-63A4-40F9-9B73-C65A335AF51A}.Ad-Hoc|iPhoneSimulator.Build.0 = Release|Any CPU
		{A26AB72C-63A4-40F9-9B73-C65A335AF51A}.Ad-Hoc|x64.ActiveCfg = Release|Any CPU
		{A26AB72C-63A4-40F9-9B73-C65A335AF51A}.Ad-Hoc|x64.Build.0 = Release|Any CPU
		{A26AB72C-63A4-40F9-9B73-C65A335AF51A}.Ad-Hoc|x86.ActiveCfg = Release|Any CPU
		{A26AB72C-63A4-40F9-9B73-C65A335AF51A}.Ad-Hoc|x86.Build.0 = Release|Any CPU
		{A26AB72C-63A4-40F9-9B73-C65A335AF51A}.AppStore|Any CPU.ActiveCfg = Release|Any CPU
		{A26AB72C-63A4-40F9-9B73-C65A335AF51A}.AppStore|Any CPU.Build.0 = Release|Any CPU
		{A26AB72C-63A4-40F9-9B73-C65A335AF51A}.AppStore|ARM.ActiveCfg = Release|Any CPU
		{A26AB72C-63A4-40F9-9B73-C65A335AF51A}.AppStore|ARM.Build.0 = Release|Any CPU
		{A26AB72C-63A4-40F9-9B73-C65A335AF51A}.AppStore|iPhone.ActiveCfg = Release|Any CPU
		{A26AB72C-63A4-40F9-9B73-C65A335AF51A}.AppStore|iPhone.Build.0 = Release|Any CPU
		{A26AB72C-63A4-40F9-9B73-C65A335AF51A}.AppStore|iPhoneSimulator.ActiveCfg = Release|Any CPU
		{A26AB72C-63A4-40F9-9B73-C65A335AF51A}.AppStore|iPhoneSimulator.Build.0 = Release|Any CPU
		{A26AB72C-63A4-40F9-9B73-C65A335AF51A}.AppStore|x64.ActiveCfg = Release|Any CPU
		{A26AB72C-63A4-40F9-9B73-C65A335AF51A}.AppStore|x64.Build.0 = Release|Any CPU
		{A26AB72C-63A4-40F9-9B73-C65A335AF51A}.AppStore|x86.ActiveCfg = Release|Any CPU
		{A26AB72C-63A4-40F9-9B73-C65A335AF51A}.AppStore|x86.Build.0 = Release|Any CPU
		{A26AB72C-63A4-40F9-9B73-C65A335AF51A}.Debug|Any CPU.ActiveCfg = Debug|Any CPU
		{A26AB72C-63A4-40F9-9B73-C65A335AF51A}.Debug|Any CPU.Build.0 = Debug|Any CPU
		{A26AB72C-63A4-40F9-9B73-C65A335AF51A}.Debug|ARM.ActiveCfg = Debug|Any CPU
		{A26AB72C-63A4-40F9-9B73-C65A335AF51A}.Debug|ARM.Build.0 = Debug|Any CPU
		{A26AB72C-63A4-40F9-9B73-C65A335AF51A}.Debug|iPhone.ActiveCfg = Debug|Any CPU
		{A26AB72C-63A4-40F9-9B73-C65A335AF51A}.Debug|iPhone.Build.0 = Debug|Any CPU
		{A26AB72C-63A4-40F9-9B73-C65A335AF51A}.Debug|iPhoneSimulator.ActiveCfg = Debug|Any CPU
		{A26AB72C-63A4-40F9-9B73-C65A335AF51A}.Debug|iPhoneSimulator.Build.0 = Debug|Any CPU
		{A26AB72C-63A4-40F9-9B73-C65A335AF51A}.Debug|x64.ActiveCfg = Debug|Any CPU
		{A26AB72C-63A4-40F9-9B73-C65A335AF51A}.Debug|x64.Build.0 = Debug|Any CPU
		{A26AB72C-63A4-40F9-9B73-C65A335AF51A}.Debug|x86.ActiveCfg = Debug|Any CPU
		{A26AB72C-63A4-40F9-9B73-C65A335AF51A}.Debug|x86.Build.0 = Debug|Any CPU
		{A26AB72C-63A4-40F9-9B73-C65A335AF51A}.Release|Any CPU.ActiveCfg = Release|Any CPU
		{A26AB72C-63A4-40F9-9B73-C65A335AF51A}.Release|Any CPU.Build.0 = Release|Any CPU
		{A26AB72C-63A4-40F9-9B73-C65A335AF51A}.Release|ARM.ActiveCfg = Release|Any CPU
		{A26AB72C-63A4-40F9-9B73-C65A335AF51A}.Release|ARM.Build.0 = Release|Any CPU
		{A26AB72C-63A4-40F9-9B73-C65A335AF51A}.Release|iPhone.ActiveCfg = Release|Any CPU
		{A26AB72C-63A4-40F9-9B73-C65A335AF51A}.Release|iPhone.Build.0 = Release|Any CPU
		{A26AB72C-63A4-40F9-9B73-C65A335AF51A}.Release|iPhoneSimulator.ActiveCfg = Release|Any CPU
		{A26AB72C-63A4-40F9-9B73-C65A335AF51A}.Release|iPhoneSimulator.Build.0 = Release|Any CPU
		{A26AB72C-63A4-40F9-9B73-C65A335AF51A}.Release|x64.ActiveCfg = Release|Any CPU
		{A26AB72C-63A4-40F9-9B73-C65A335AF51A}.Release|x64.Build.0 = Release|Any CPU
		{A26AB72C-63A4-40F9-9B73-C65A335AF51A}.Release|x86.ActiveCfg = Release|Any CPU
		{A26AB72C-63A4-40F9-9B73-C65A335AF51A}.Release|x86.Build.0 = Release|Any CPU
	EndGlobalSection
	GlobalSection(SolutionProperties) = preSolution
		HideSolutionNode = FALSE
	EndGlobalSection
EndGlobal
