
Microsoft Visual Studio Solution File, Format Version 12.00
# Visual Studio 14
VisualStudioVersion = 14.0.25420.1
MinimumVisualStudioVersion = 10.0.40219.1
Project("{FAE04EC0-301F-11D3-BF4B-00C04F79EFBC}") = "CustomEntry.Droid", "CustomEntry\CustomEntry.Droid\CustomEntry.Droid.csproj", "{E854E462-B66D-4934-B79E-5DD5FEEA3B1F}"
EndProject
Project("{FAE04EC0-301F-11D3-BF4B-00C04F79EFBC}") = "CustomEntry.iOS", "CustomEntry\CustomEntry.iOS\CustomEntry.iOS.csproj", "{3CB73ABA-FBB6-4DFD-9FB3-9CD6111901DD}"
EndProject
Project("{FAE04EC0-301F-11D3-BF4B-00C04F79EFBC}") = "CustomEntry.WinPhone", "CustomEntry\CustomEntry.WinPhone\CustomEntry.WinPhone.csproj", "{6021E926-83BF-4F52-866B-6A4F4EFB2686}"
EndProject
Project("{FAE04EC0-301F-11D3-BF4B-00C04F79EFBC}") = "CustomEntry.UWP", "CustomEntry\CustomEntry.UWP\CustomEntry.UWP.csproj", "{6FEC1740-02D0-40D3-A5A6-820BF3F9D342}"
EndProject
Project("{FAE04EC0-301F-11D3-BF4B-00C04F79EFBC}") = "CustomEntry.Windows", "CustomEntry\CustomEntry.Windows\CustomEntry.Windows.csproj", "{930F1B72-B26D-4723-8D62-587926493E50}"
EndProject
Project("{FAE04EC0-301F-11D3-BF4B-00C04F79EFBC}") = "CustomEntry", "CustomEntry\CustomEntry\CustomEntry.csproj", "{7A4B0BAF-9761-4728-9D83-AE7100C025C0}"
EndProject
Global
	GlobalSection(SolutionConfigurationPlatforms) = preSolution
		Ad-Hoc|Any CPU = Ad-Hoc|Any CPU
		Ad-Hoc|ARM = Ad-Hoc|ARM
		Ad-Hoc|iPhone = Ad-Hoc|iPhone
		Ad-Hoc|iPhoneSimulator = Ad-Hoc|iPhoneSimulator
		Ad-Hoc|x64 = Ad-Hoc|x64
		Ad-Hoc|x86 = Ad-Hoc|x86
		AppStore|Any CPU = AppStore|Any CPU
		AppStore|ARM = AppStore|ARM
		AppStore|iPhone = AppStore|iPhone
		AppStore|iPhoneSimulator = AppStore|iPhoneSimulator
		AppStore|x64 = AppStore|x64
		AppStore|x86 = AppStore|x86
		Debug|Any CPU = Debug|Any CPU
		Debug|ARM = Debug|ARM
		Debug|iPhone = Debug|iPhone
		Debug|iPhoneSimulator = Debug|iPhoneSimulator
		Debug|x64 = Debug|x64
		Debug|x86 = Debug|x86
		Release|Any CPU = Release|Any CPU
		Release|ARM = Release|ARM
		Release|iPhone = Release|iPhone
		Release|iPhoneSimulator = Release|iPhoneSimulator
		Release|x64 = Release|x64
		Release|x86 = Release|x86
	EndGlobalSection
	GlobalSection(ProjectConfigurationPlatforms) = postSolution
		{E854E462-B66D-4934-B79E-5DD5FEEA3B1F}.Ad-Hoc|Any CPU.ActiveCfg = Release|Any CPU
		{E854E462-B66D-4934-B79E-5DD5FEEA3B1F}.Ad-Hoc|Any CPU.Build.0 = Release|Any CPU
		{E854E462-B66D-4934-B79E-5DD5FEEA3B1F}.Ad-Hoc|Any CPU.Deploy.0 = Release|Any CPU
		{E854E462-B66D-4934-B79E-5DD5FEEA3B1F}.Ad-Hoc|ARM.ActiveCfg = Release|Any CPU
		{E854E462-B66D-4934-B79E-5DD5FEEA3B1F}.Ad-Hoc|ARM.Build.0 = Release|Any CPU
		{E854E462-B66D-4934-B79E-5DD5FEEA3B1F}.Ad-Hoc|ARM.Deploy.0 = Release|Any CPU
		{E854E462-B66D-4934-B79E-5DD5FEEA3B1F}.Ad-Hoc|iPhone.ActiveCfg = Release|Any CPU
		{E854E462-B66D-4934-B79E-5DD5FEEA3B1F}.Ad-Hoc|iPhone.Build.0 = Release|Any CPU
		{E854E462-B66D-4934-B79E-5DD5FEEA3B1F}.Ad-Hoc|iPhone.Deploy.0 = Release|Any CPU
		{E854E462-B66D-4934-B79E-5DD5FEEA3B1F}.Ad-Hoc|iPhoneSimulator.ActiveCfg = Release|Any CPU
		{E854E462-B66D-4934-B79E-5DD5FEEA3B1F}.Ad-Hoc|iPhoneSimulator.Build.0 = Release|Any CPU
		{E854E462-B66D-4934-B79E-5DD5FEEA3B1F}.Ad-Hoc|iPhoneSimulator.Deploy.0 = Release|Any CPU
		{E854E462-B66D-4934-B79E-5DD5FEEA3B1F}.Ad-Hoc|x64.ActiveCfg = Release|Any CPU
		{E854E462-B66D-4934-B79E-5DD5FEEA3B1F}.Ad-Hoc|x64.Build.0 = Release|Any CPU
		{E854E462-B66D-4934-B79E-5DD5FEEA3B1F}.Ad-Hoc|x64.Deploy.0 = Release|Any CPU
		{E854E462-B66D-4934-B79E-5DD5FEEA3B1F}.Ad-Hoc|x86.ActiveCfg = Release|Any CPU
		{E854E462-B66D-4934-B79E-5DD5FEEA3B1F}.Ad-Hoc|x86.Build.0 = Release|Any CPU
		{E854E462-B66D-4934-B79E-5DD5FEEA3B1F}.Ad-Hoc|x86.Deploy.0 = Release|Any CPU
		{E854E462-B66D-4934-B79E-5DD5FEEA3B1F}.AppStore|Any CPU.ActiveCfg = Release|Any CPU
		{E854E462-B66D-4934-B79E-5DD5FEEA3B1F}.AppStore|Any CPU.Build.0 = Release|Any CPU
		{E854E462-B66D-4934-B79E-5DD5FEEA3B1F}.AppStore|Any CPU.Deploy.0 = Release|Any CPU
		{E854E462-B66D-4934-B79E-5DD5FEEA3B1F}.AppStore|ARM.ActiveCfg = Release|Any CPU
		{E854E462-B66D-4934-B79E-5DD5FEEA3B1F}.AppStore|ARM.Build.0 = Release|Any CPU
		{E854E462-B66D-4934-B79E-5DD5FEEA3B1F}.AppStore|ARM.Deploy.0 = Release|Any CPU
		{E854E462-B66D-4934-B79E-5DD5FEEA3B1F}.AppStore|iPhone.ActiveCfg = Release|Any CPU
		{E854E462-B66D-4934-B79E-5DD5FEEA3B1F}.AppStore|iPhone.Build.0 = Release|Any CPU
		{E854E462-B66D-4934-B79E-5DD5FEEA3B1F}.AppStore|iPhone.Deploy.0 = Release|Any CPU
		{E854E462-B66D-4934-B79E-5DD5FEEA3B1F}.AppStore|iPhoneSimulator.ActiveCfg = Release|Any CPU
		{E854E462-B66D-4934-B79E-5DD5FEEA3B1F}.AppStore|iPhoneSimulator.Build.0 = Release|Any CPU
		{E854E462-B66D-4934-B79E-5DD5FEEA3B1F}.AppStore|iPhoneSimulator.Deploy.0 = Release|Any CPU
		{E854E462-B66D-4934-B79E-5DD5FEEA3B1F}.AppStore|x64.ActiveCfg = Release|Any CPU
		{E854E462-B66D-4934-B79E-5DD5FEEA3B1F}.AppStore|x64.Build.0 = Release|Any CPU
		{E854E462-B66D-4934-B79E-5DD5FEEA3B1F}.AppStore|x64.Deploy.0 = Release|Any CPU
		{E854E462-B66D-4934-B79E-5DD5FEEA3B1F}.AppStore|x86.ActiveCfg = Release|Any CPU
		{E854E462-B66D-4934-B79E-5DD5FEEA3B1F}.AppStore|x86.Build.0 = Release|Any CPU
		{E854E462-B66D-4934-B79E-5DD5FEEA3B1F}.AppStore|x86.Deploy.0 = Release|Any CPU
		{E854E462-B66D-4934-B79E-5DD5FEEA3B1F}.Debug|Any CPU.ActiveCfg = Debug|Any CPU
		{E854E462-B66D-4934-B79E-5DD5FEEA3B1F}.Debug|Any CPU.Build.0 = Debug|Any CPU
		{E854E462-B66D-4934-B79E-5DD5FEEA3B1F}.Debug|Any CPU.Deploy.0 = Debug|Any CPU
		{E854E462-B66D-4934-B79E-5DD5FEEA3B1F}.Debug|ARM.ActiveCfg = Debug|Any CPU
		{E854E462-B66D-4934-B79E-5DD5FEEA3B1F}.Debug|ARM.Build.0 = Debug|Any CPU
		{E854E462-B66D-4934-B79E-5DD5FEEA3B1F}.Debug|ARM.Deploy.0 = Debug|Any CPU
		{E854E462-B66D-4934-B79E-5DD5FEEA3B1F}.Debug|iPhone.ActiveCfg = Debug|Any CPU
		{E854E462-B66D-4934-B79E-5DD5FEEA3B1F}.Debug|iPhone.Build.0 = Debug|Any CPU
		{E854E462-B66D-4934-B79E-5DD5FEEA3B1F}.Debug|iPhone.Deploy.0 = Debug|Any CPU
		{E854E462-B66D-4934-B79E-5DD5FEEA3B1F}.Debug|iPhoneSimulator.ActiveCfg = Debug|Any CPU
		{E854E462-B66D-4934-B79E-5DD5FEEA3B1F}.Debug|iPhoneSimulator.Build.0 = Debug|Any CPU
		{E854E462-B66D-4934-B79E-5DD5FEEA3B1F}.Debug|iPhoneSimulator.Deploy.0 = Debug|Any CPU
		{E854E462-B66D-4934-B79E-5DD5FEEA3B1F}.Debug|x64.ActiveCfg = Debug|Any CPU
		{E854E462-B66D-4934-B79E-5DD5FEEA3B1F}.Debug|x64.Build.0 = Debug|Any CPU
		{E854E462-B66D-4934-B79E-5DD5FEEA3B1F}.Debug|x64.Deploy.0 = Debug|Any CPU
		{E854E462-B66D-4934-B79E-5DD5FEEA3B1F}.Debug|x86.ActiveCfg = Debug|Any CPU
		{E854E462-B66D-4934-B79E-5DD5FEEA3B1F}.Debug|x86.Build.0 = Debug|Any CPU
		{E854E462-B66D-4934-B79E-5DD5FEEA3B1F}.Debug|x86.Deploy.0 = Debug|Any CPU
		{E854E462-B66D-4934-B79E-5DD5FEEA3B1F}.Release|Any CPU.ActiveCfg = Release|Any CPU
		{E854E462-B66D-4934-B79E-5DD5FEEA3B1F}.Release|Any CPU.Build.0 = Release|Any CPU
		{E854E462-B66D-4934-B79E-5DD5FEEA3B1F}.Release|Any CPU.Deploy.0 = Release|Any CPU
		{E854E462-B66D-4934-B79E-5DD5FEEA3B1F}.Release|ARM.ActiveCfg = Release|Any CPU
		{E854E462-B66D-4934-B79E-5DD5FEEA3B1F}.Release|ARM.Build.0 = Release|Any CPU
		{E854E462-B66D-4934-B79E-5DD5FEEA3B1F}.Release|ARM.Deploy.0 = Release|Any CPU
		{E854E462-B66D-4934-B79E-5DD5FEEA3B1F}.Release|iPhone.ActiveCfg = Release|Any CPU
		{E854E462-B66D-4934-B79E-5DD5FEEA3B1F}.Release|iPhone.Build.0 = Release|Any CPU
		{E854E462-B66D-4934-B79E-5DD5FEEA3B1F}.Release|iPhone.Deploy.0 = Release|Any CPU
		{E854E462-B66D-4934-B79E-5DD5FEEA3B1F}.Release|iPhoneSimulator.ActiveCfg = Release|Any CPU
		{E854E462-B66D-4934-B79E-5DD5FEEA3B1F}.Release|iPhoneSimulator.Build.0 = Release|Any CPU
		{E854E462-B66D-4934-B79E-5DD5FEEA3B1F}.Release|iPhoneSimulator.Deploy.0 = Release|Any CPU
		{E854E462-B66D-4934-B79E-5DD5FEEA3B1F}.Release|x64.ActiveCfg = Release|Any CPU
		{E854E462-B66D-4934-B79E-5DD5FEEA3B1F}.Release|x64.Build.0 = Release|Any CPU
		{E854E462-B66D-4934-B79E-5DD5FEEA3B1F}.Release|x64.Deploy.0 = Release|Any CPU
		{E854E462-B66D-4934-B79E-5DD5FEEA3B1F}.Release|x86.ActiveCfg = Release|Any CPU
		{E854E462-B66D-4934-B79E-5DD5FEEA3B1F}.Release|x86.Build.0 = Release|Any CPU
		{E854E462-B66D-4934-B79E-5DD5FEEA3B1F}.Release|x86.Deploy.0 = Release|Any CPU
		{3CB73ABA-FBB6-4DFD-9FB3-9CD6111901DD}.Ad-Hoc|Any CPU.ActiveCfg = Ad-Hoc|iPhone
		{3CB73ABA-FBB6-4DFD-9FB3-9CD6111901DD}.Ad-Hoc|ARM.ActiveCfg = Ad-Hoc|iPhone
		{3CB73ABA-FBB6-4DFD-9FB3-9CD6111901DD}.Ad-Hoc|iPhone.ActiveCfg = Ad-Hoc|iPhone
		{3CB73ABA-FBB6-4DFD-9FB3-9CD6111901DD}.Ad-Hoc|iPhone.Build.0 = Ad-Hoc|iPhone
		{3CB73ABA-FBB6-4DFD-9FB3-9CD6111901DD}.Ad-Hoc|iPhoneSimulator.ActiveCfg = Ad-Hoc|iPhoneSimulator
		{3CB73ABA-FBB6-4DFD-9FB3-9CD6111901DD}.Ad-Hoc|iPhoneSimulator.Build.0 = Ad-Hoc|iPhoneSimulator
		{3CB73ABA-FBB6-4DFD-9FB3-9CD6111901DD}.Ad-Hoc|x64.ActiveCfg = Ad-Hoc|iPhone
		{3CB73ABA-FBB6-4DFD-9FB3-9CD6111901DD}.Ad-Hoc|x86.ActiveCfg = Ad-Hoc|iPhone
		{3CB73ABA-FBB6-4DFD-9FB3-9CD6111901DD}.AppStore|Any CPU.ActiveCfg = AppStore|iPhone
		{3CB73ABA-FBB6-4DFD-9FB3-9CD6111901DD}.AppStore|ARM.ActiveCfg = AppStore|iPhone
		{3CB73ABA-FBB6-4DFD-9FB3-9CD6111901DD}.AppStore|iPhone.ActiveCfg = AppStore|iPhone
		{3CB73ABA-FBB6-4DFD-9FB3-9CD6111901DD}.AppStore|iPhone.Build.0 = AppStore|iPhone
		{3CB73ABA-FBB6-4DFD-9FB3-9CD6111901DD}.AppStore|iPhoneSimulator.ActiveCfg = AppStore|iPhoneSimulator
		{3CB73ABA-FBB6-4DFD-9FB3-9CD6111901DD}.AppStore|iPhoneSimulator.Build.0 = AppStore|iPhoneSimulator
		{3CB73ABA-FBB6-4DFD-9FB3-9CD6111901DD}.AppStore|x64.ActiveCfg = AppStore|iPhone
		{3CB73ABA-FBB6-4DFD-9FB3-9CD6111901DD}.AppStore|x86.ActiveCfg = AppStore|iPhone
		{3CB73ABA-FBB6-4DFD-9FB3-9CD6111901DD}.Debug|Any CPU.ActiveCfg = Debug|iPhone
		{3CB73ABA-FBB6-4DFD-9FB3-9CD6111901DD}.Debug|ARM.ActiveCfg = Debug|iPhone
		{3CB73ABA-FBB6-4DFD-9FB3-9CD6111901DD}.Debug|iPhone.ActiveCfg = Debug|iPhone
		{3CB73ABA-FBB6-4DFD-9FB3-9CD6111901DD}.Debug|iPhone.Build.0 = Debug|iPhone
		{3CB73ABA-FBB6-4DFD-9FB3-9CD6111901DD}.Debug|iPhoneSimulator.ActiveCfg = Debug|iPhoneSimulator
		{3CB73ABA-FBB6-4DFD-9FB3-9CD6111901DD}.Debug|iPhoneSimulator.Build.0 = Debug|iPhoneSimulator
		{3CB73ABA-FBB6-4DFD-9FB3-9CD6111901DD}.Debug|x64.ActiveCfg = Debug|iPhone
		{3CB73ABA-FBB6-4DFD-9FB3-9CD6111901DD}.Debug|x86.ActiveCfg = Debug|iPhone
		{3CB73ABA-FBB6-4DFD-9FB3-9CD6111901DD}.Release|Any CPU.ActiveCfg = Release|iPhone
		{3CB73ABA-FBB6-4DFD-9FB3-9CD6111901DD}.Release|ARM.ActiveCfg = Release|iPhone
		{3CB73ABA-FBB6-4DFD-9FB3-9CD6111901DD}.Release|iPhone.ActiveCfg = Release|iPhone
		{3CB73ABA-FBB6-4DFD-9FB3-9CD6111901DD}.Release|iPhone.Build.0 = Release|iPhone
		{3CB73ABA-FBB6-4DFD-9FB3-9CD6111901DD}.Release|iPhoneSimulator.ActiveCfg = Release|iPhoneSimulator
		{3CB73ABA-FBB6-4DFD-9FB3-9CD6111901DD}.Release|iPhoneSimulator.Build.0 = Release|iPhoneSimulator
		{3CB73ABA-FBB6-4DFD-9FB3-9CD6111901DD}.Release|x64.ActiveCfg = Release|iPhone
		{3CB73ABA-FBB6-4DFD-9FB3-9CD6111901DD}.Release|x86.ActiveCfg = Release|iPhone
		{6021E926-83BF-4F52-866B-6A4F4EFB2686}.Ad-Hoc|Any CPU.ActiveCfg = Release|Any CPU
		{6021E926-83BF-4F52-866B-6A4F4EFB2686}.Ad-Hoc|Any CPU.Build.0 = Release|Any CPU
		{6021E926-83BF-4F52-866B-6A4F4EFB2686}.Ad-Hoc|Any CPU.Deploy.0 = Release|Any CPU
		{6021E926-83BF-4F52-866B-6A4F4EFB2686}.Ad-Hoc|ARM.ActiveCfg = Release|ARM
		{6021E926-83BF-4F52-866B-6A4F4EFB2686}.Ad-Hoc|ARM.Build.0 = Release|ARM
		{6021E926-83BF-4F52-866B-6A4F4EFB2686}.Ad-Hoc|ARM.Deploy.0 = Release|ARM
		{6021E926-83BF-4F52-866B-6A4F4EFB2686}.Ad-Hoc|iPhone.ActiveCfg = Release|Any CPU
		{6021E926-83BF-4F52-866B-6A4F4EFB2686}.Ad-Hoc|iPhone.Build.0 = Release|Any CPU
		{6021E926-83BF-4F52-866B-6A4F4EFB2686}.Ad-Hoc|iPhone.Deploy.0 = Release|Any CPU
		{6021E926-83BF-4F52-866B-6A4F4EFB2686}.Ad-Hoc|iPhoneSimulator.ActiveCfg = Release|Any CPU
		{6021E926-83BF-4F52-866B-6A4F4EFB2686}.Ad-Hoc|iPhoneSimulator.Build.0 = Release|Any CPU
		{6021E926-83BF-4F52-866B-6A4F4EFB2686}.Ad-Hoc|iPhoneSimulator.Deploy.0 = Release|Any CPU
		{6021E926-83BF-4F52-866B-6A4F4EFB2686}.Ad-Hoc|x64.ActiveCfg = Release|Any CPU
		{6021E926-83BF-4F52-866B-6A4F4EFB2686}.Ad-Hoc|x64.Build.0 = Release|Any CPU
		{6021E926-83BF-4F52-866B-6A4F4EFB2686}.Ad-Hoc|x64.Deploy.0 = Release|Any CPU
		{6021E926-83BF-4F52-866B-6A4F4EFB2686}.Ad-Hoc|x86.ActiveCfg = Release|x86
		{6021E926-83BF-4F52-866B-6A4F4EFB2686}.Ad-Hoc|x86.Build.0 = Release|x86
		{6021E926-83BF-4F52-866B-6A4F4EFB2686}.Ad-Hoc|x86.Deploy.0 = Release|x86
		{6021E926-83BF-4F52-866B-6A4F4EFB2686}.AppStore|Any CPU.ActiveCfg = Release|Any CPU
		{6021E926-83BF-4F52-866B-6A4F4EFB2686}.AppStore|Any CPU.Build.0 = Release|Any CPU
		{6021E926-83BF-4F52-866B-6A4F4EFB2686}.AppStore|Any CPU.Deploy.0 = Release|Any CPU
		{6021E926-83BF-4F52-866B-6A4F4EFB2686}.AppStore|ARM.ActiveCfg = Release|ARM
		{6021E926-83BF-4F52-866B-6A4F4EFB2686}.AppStore|ARM.Build.0 = Release|ARM
		{6021E926-83BF-4F52-866B-6A4F4EFB2686}.AppStore|ARM.Deploy.0 = Release|ARM
		{6021E926-83BF-4F52-866B-6A4F4EFB2686}.AppStore|iPhone.ActiveCfg = Release|Any CPU
		{6021E926-83BF-4F52-866B-6A4F4EFB2686}.AppStore|iPhone.Build.0 = Release|Any CPU
		{6021E926-83BF-4F52-866B-6A4F4EFB2686}.AppStore|iPhone.Deploy.0 = Release|Any CPU
		{6021E926-83BF-4F52-866B-6A4F4EFB2686}.AppStore|iPhoneSimulator.ActiveCfg = Release|Any CPU
		{6021E926-83BF-4F52-866B-6A4F4EFB2686}.AppStore|iPhoneSimulator.Build.0 = Release|Any CPU
		{6021E926-83BF-4F52-866B-6A4F4EFB2686}.AppStore|iPhoneSimulator.Deploy.0 = Release|Any CPU
		{6021E926-83BF-4F52-866B-6A4F4EFB2686}.AppStore|x64.ActiveCfg = Release|Any CPU
		{6021E926-83BF-4F52-866B-6A4F4EFB2686}.AppStore|x64.Build.0 = Release|Any CPU
		{6021E926-83BF-4F52-866B-6A4F4EFB2686}.AppStore|x64.Deploy.0 = Release|Any CPU
		{6021E926-83BF-4F52-866B-6A4F4EFB2686}.AppStore|x86.ActiveCfg = Release|x86
		{6021E926-83BF-4F52-866B-6A4F4EFB2686}.AppStore|x86.Build.0 = Release|x86
		{6021E926-83BF-4F52-866B-6A4F4EFB2686}.AppStore|x86.Deploy.0 = Release|x86
		{6021E926-83BF-4F52-866B-6A4F4EFB2686}.Debug|Any CPU.ActiveCfg = Debug|Any CPU
		{6021E926-83BF-4F52-866B-6A4F4EFB2686}.Debug|Any CPU.Build.0 = Debug|Any CPU
		{6021E926-83BF-4F52-866B-6A4F4EFB2686}.Debug|Any CPU.Deploy.0 = Debug|Any CPU
		{6021E926-83BF-4F52-866B-6A4F4EFB2686}.Debug|ARM.ActiveCfg = Debug|ARM
		{6021E926-83BF-4F52-866B-6A4F4EFB2686}.Debug|ARM.Build.0 = Debug|ARM
		{6021E926-83BF-4F52-866B-6A4F4EFB2686}.Debug|ARM.Deploy.0 = Debug|ARM
		{6021E926-83BF-4F52-866B-6A4F4EFB2686}.Debug|iPhone.ActiveCfg = Debug|Any CPU
		{6021E926-83BF-4F52-866B-6A4F4EFB2686}.Debug|iPhone.Build.0 = Debug|Any CPU
		{6021E926-83BF-4F52-866B-6A4F4EFB2686}.Debug|iPhone.Deploy.0 = Debug|Any CPU
		{6021E926-83BF-4F52-866B-6A4F4EFB2686}.Debug|iPhoneSimulator.ActiveCfg = Debug|Any CPU
		{6021E926-83BF-4F52-866B-6A4F4EFB2686}.Debug|iPhoneSimulator.Build.0 = Debug|Any CPU
		{6021E926-83BF-4F52-866B-6A4F4EFB2686}.Debug|iPhoneSimulator.Deploy.0 = Debug|Any CPU
		{6021E926-83BF-4F52-866B-6A4F4EFB2686}.Debug|x64.ActiveCfg = Debug|Any CPU
		{6021E926-83BF-4F52-866B-6A4F4EFB2686}.Debug|x64.Build.0 = Debug|Any CPU
		{6021E926-83BF-4F52-866B-6A4F4EFB2686}.Debug|x64.Deploy.0 = Debug|Any CPU
		{6021E926-83BF-4F52-866B-6A4F4EFB2686}.Debug|x86.ActiveCfg = Debug|x86
		{6021E926-83BF-4F52-866B-6A4F4EFB2686}.Debug|x86.Build.0 = Debug|x86
		{6021E926-83BF-4F52-866B-6A4F4EFB2686}.Debug|x86.Deploy.0 = Debug|x86
		{6021E926-83BF-4F52-866B-6A4F4EFB2686}.Release|Any CPU.ActiveCfg = Release|Any CPU
		{6021E926-83BF-4F52-866B-6A4F4EFB2686}.Release|Any CPU.Build.0 = Release|Any CPU
		{6021E926-83BF-4F52-866B-6A4F4EFB2686}.Release|Any CPU.Deploy.0 = Release|Any CPU
		{6021E926-83BF-4F52-866B-6A4F4EFB2686}.Release|ARM.ActiveCfg = Release|ARM
		{6021E926-83BF-4F52-866B-6A4F4EFB2686}.Release|ARM.Build.0 = Release|ARM
		{6021E926-83BF-4F52-866B-6A4F4EFB2686}.Release|ARM.Deploy.0 = Release|ARM
		{6021E926-83BF-4F52-866B-6A4F4EFB2686}.Release|iPhone.ActiveCfg = Release|Any CPU
		{6021E926-83BF-4F52-866B-6A4F4EFB2686}.Release|iPhone.Build.0 = Release|Any CPU
		{6021E926-83BF-4F52-866B-6A4F4EFB2686}.Release|iPhone.Deploy.0 = Release|Any CPU
		{6021E926-83BF-4F52-866B-6A4F4EFB2686}.Release|iPhoneSimulator.ActiveCfg = Release|Any CPU
		{6021E926-83BF-4F52-866B-6A4F4EFB2686}.Release|iPhoneSimulator.Build.0 = Release|Any CPU
		{6021E926-83BF-4F52-866B-6A4F4EFB2686}.Release|iPhoneSimulator.Deploy.0 = Release|Any CPU
		{6021E926-83BF-4F52-866B-6A4F4EFB2686}.Release|x64.ActiveCfg = Release|Any CPU
		{6021E926-83BF-4F52-866B-6A4F4EFB2686}.Release|x64.Build.0 = Release|Any CPU
		{6021E926-83BF-4F52-866B-6A4F4EFB2686}.Release|x64.Deploy.0 = Release|Any CPU
		{6021E926-83BF-4F52-866B-6A4F4EFB2686}.Release|x86.ActiveCfg = Release|x86
		{6021E926-83BF-4F52-866B-6A4F4EFB2686}.Release|x86.Build.0 = Release|x86
		{6021E926-83BF-4F52-866B-6A4F4EFB2686}.Release|x86.Deploy.0 = Release|x86
		{6FEC1740-02D0-40D3-A5A6-820BF3F9D342}.Ad-Hoc|Any CPU.ActiveCfg = Release|x86
		{6FEC1740-02D0-40D3-A5A6-820BF3F9D342}.Ad-Hoc|Any CPU.Build.0 = Release|x86
		{6FEC1740-02D0-40D3-A5A6-820BF3F9D342}.Ad-Hoc|Any CPU.Deploy.0 = Release|x86
		{6FEC1740-02D0-40D3-A5A6-820BF3F9D342}.Ad-Hoc|ARM.ActiveCfg = Release|ARM
		{6FEC1740-02D0-40D3-A5A6-820BF3F9D342}.Ad-Hoc|ARM.Build.0 = Release|ARM
		{6FEC1740-02D0-40D3-A5A6-820BF3F9D342}.Ad-Hoc|ARM.Deploy.0 = Release|ARM
		{6FEC1740-02D0-40D3-A5A6-820BF3F9D342}.Ad-Hoc|iPhone.ActiveCfg = Release|x86
		{6FEC1740-02D0-40D3-A5A6-820BF3F9D342}.Ad-Hoc|iPhone.Build.0 = Release|x86
		{6FEC1740-02D0-40D3-A5A6-820BF3F9D342}.Ad-Hoc|iPhone.Deploy.0 = Release|x86
		{6FEC1740-02D0-40D3-A5A6-820BF3F9D342}.Ad-Hoc|iPhoneSimulator.ActiveCfg = Release|x86
		{6FEC1740-02D0-40D3-A5A6-820BF3F9D342}.Ad-Hoc|iPhoneSimulator.Build.0 = Release|x86
		{6FEC1740-02D0-40D3-A5A6-820BF3F9D342}.Ad-Hoc|iPhoneSimulator.Deploy.0 = Release|x86
		{6FEC1740-02D0-40D3-A5A6-820BF3F9D342}.Ad-Hoc|x64.ActiveCfg = Release|x64
		{6FEC1740-02D0-40D3-A5A6-820BF3F9D342}.Ad-Hoc|x64.Build.0 = Release|x64
		{6FEC1740-02D0-40D3-A5A6-820BF3F9D342}.Ad-Hoc|x64.Deploy.0 = Release|x64
		{6FEC1740-02D0-40D3-A5A6-820BF3F9D342}.Ad-Hoc|x86.ActiveCfg = Release|x86
		{6FEC1740-02D0-40D3-A5A6-820BF3F9D342}.Ad-Hoc|x86.Build.0 = Release|x86
		{6FEC1740-02D0-40D3-A5A6-820BF3F9D342}.Ad-Hoc|x86.Deploy.0 = Release|x86
		{6FEC1740-02D0-40D3-A5A6-820BF3F9D342}.AppStore|Any CPU.ActiveCfg = Release|x86
		{6FEC1740-02D0-40D3-A5A6-820BF3F9D342}.AppStore|Any CPU.Build.0 = Release|x86
		{6FEC1740-02D0-40D3-A5A6-820BF3F9D342}.AppStore|Any CPU.Deploy.0 = Release|x86
		{6FEC1740-02D0-40D3-A5A6-820BF3F9D342}.AppStore|ARM.ActiveCfg = Release|ARM
		{6FEC1740-02D0-40D3-A5A6-820BF3F9D342}.AppStore|ARM.Build.0 = Release|ARM
		{6FEC1740-02D0-40D3-A5A6-820BF3F9D342}.AppStore|ARM.Deploy.0 = Release|ARM
		{6FEC1740-02D0-40D3-A5A6-820BF3F9D342}.AppStore|iPhone.ActiveCfg = Release|x86
		{6FEC1740-02D0-40D3-A5A6-820BF3F9D342}.AppStore|iPhone.Build.0 = Release|x86
		{6FEC1740-02D0-40D3-A5A6-820BF3F9D342}.AppStore|iPhone.Deploy.0 = Release|x86
		{6FEC1740-02D0-40D3-A5A6-820BF3F9D342}.AppStore|iPhoneSimulator.ActiveCfg = Release|x86
		{6FEC1740-02D0-40D3-A5A6-820BF3F9D342}.AppStore|iPhoneSimulator.Build.0 = Release|x86
		{6FEC1740-02D0-40D3-A5A6-820BF3F9D342}.AppStore|iPhoneSimulator.Deploy.0 = Release|x86
		{6FEC1740-02D0-40D3-A5A6-820BF3F9D342}.AppStore|x64.ActiveCfg = Release|x64
		{6FEC1740-02D0-40D3-A5A6-820BF3F9D342}.AppStore|x64.Build.0 = Release|x64
		{6FEC1740-02D0-40D3-A5A6-820BF3F9D342}.AppStore|x64.Deploy.0 = Release|x64
		{6FEC1740-02D0-40D3-A5A6-820BF3F9D342}.AppStore|x86.ActiveCfg = Release|x86
		{6FEC1740-02D0-40D3-A5A6-820BF3F9D342}.AppStore|x86.Build.0 = Release|x86
		{6FEC1740-02D0-40D3-A5A6-820BF3F9D342}.AppStore|x86.Deploy.0 = Release|x86
		{6FEC1740-02D0-40D3-A5A6-820BF3F9D342}.Debug|Any CPU.ActiveCfg = Debug|x86
		{6FEC1740-02D0-40D3-A5A6-820BF3F9D342}.Debug|ARM.ActiveCfg = Debug|ARM
		{6FEC1740-02D0-40D3-A5A6-820BF3F9D342}.Debug|ARM.Build.0 = Debug|ARM
		{6FEC1740-02D0-40D3-A5A6-820BF3F9D342}.Debug|ARM.Deploy.0 = Debug|ARM
		{6FEC1740-02D0-40D3-A5A6-820BF3F9D342}.Debug|iPhone.ActiveCfg = Debug|x86
		{6FEC1740-02D0-40D3-A5A6-820BF3F9D342}.Debug|iPhoneSimulator.ActiveCfg = Debug|x86
		{6FEC1740-02D0-40D3-A5A6-820BF3F9D342}.Debug|x64.ActiveCfg = Debug|x64
		{6FEC1740-02D0-40D3-A5A6-820BF3F9D342}.Debug|x64.Build.0 = Debug|x64
		{6FEC1740-02D0-40D3-A5A6-820BF3F9D342}.Debug|x64.Deploy.0 = Debug|x64
		{6FEC1740-02D0-40D3-A5A6-820BF3F9D342}.Debug|x86.ActiveCfg = Debug|x86
		{6FEC1740-02D0-40D3-A5A6-820BF3F9D342}.Debug|x86.Build.0 = Debug|x86
		{6FEC1740-02D0-40D3-A5A6-820BF3F9D342}.Debug|x86.Deploy.0 = Debug|x86
		{6FEC1740-02D0-40D3-A5A6-820BF3F9D342}.Release|Any CPU.ActiveCfg = Release|x86
		{6FEC1740-02D0-40D3-A5A6-820BF3F9D342}.Release|ARM.ActiveCfg = Release|ARM
		{6FEC1740-02D0-40D3-A5A6-820BF3F9D342}.Release|ARM.Build.0 = Release|ARM
		{6FEC1740-02D0-40D3-A5A6-820BF3F9D342}.Release|ARM.Deploy.0 = Release|ARM
		{6FEC1740-02D0-40D3-A5A6-820BF3F9D342}.Release|iPhone.ActiveCfg = Release|x86
		{6FEC1740-02D0-40D3-A5A6-820BF3F9D342}.Release|iPhoneSimulator.ActiveCfg = Release|x86
		{6FEC1740-02D0-40D3-A5A6-820BF3F9D342}.Release|x64.ActiveCfg = Release|x64
		{6FEC1740-02D0-40D3-A5A6-820BF3F9D342}.Release|x64.Build.0 = Release|x64
		{6FEC1740-02D0-40D3-A5A6-820BF3F9D342}.Release|x64.Deploy.0 = Release|x64
		{6FEC1740-02D0-40D3-A5A6-820BF3F9D342}.Release|x86.ActiveCfg = Release|x86
		{6FEC1740-02D0-40D3-A5A6-820BF3F9D342}.Release|x86.Build.0 = Release|x86
		{6FEC1740-02D0-40D3-A5A6-820BF3F9D342}.Release|x86.Deploy.0 = Release|x86
		{930F1B72-B26D-4723-8D62-587926493E50}.Ad-Hoc|Any CPU.ActiveCfg = Release|Any CPU
		{930F1B72-B26D-4723-8D62-587926493E50}.Ad-Hoc|Any CPU.Build.0 = Release|Any CPU
		{930F1B72-B26D-4723-8D62-587926493E50}.Ad-Hoc|Any CPU.Deploy.0 = Release|Any CPU
		{930F1B72-B26D-4723-8D62-587926493E50}.Ad-Hoc|ARM.ActiveCfg = Release|ARM
		{930F1B72-B26D-4723-8D62-587926493E50}.Ad-Hoc|ARM.Build.0 = Release|ARM
		{930F1B72-B26D-4723-8D62-587926493E50}.Ad-Hoc|ARM.Deploy.0 = Release|ARM
		{930F1B72-B26D-4723-8D62-587926493E50}.Ad-Hoc|iPhone.ActiveCfg = Release|Any CPU
		{930F1B72-B26D-4723-8D62-587926493E50}.Ad-Hoc|iPhone.Build.0 = Release|Any CPU
		{930F1B72-B26D-4723-8D62-587926493E50}.Ad-Hoc|iPhone.Deploy.0 = Release|Any CPU
		{930F1B72-B26D-4723-8D62-587926493E50}.Ad-Hoc|iPhoneSimulator.ActiveCfg = Release|Any CPU
		{930F1B72-B26D-4723-8D62-587926493E50}.Ad-Hoc|iPhoneSimulator.Build.0 = Release|Any CPU
		{930F1B72-B26D-4723-8D62-587926493E50}.Ad-Hoc|iPhoneSimulator.Deploy.0 = Release|Any CPU
		{930F1B72-B26D-4723-8D62-587926493E50}.Ad-Hoc|x64.ActiveCfg = Release|x64
		{930F1B72-B26D-4723-8D62-587926493E50}.Ad-Hoc|x64.Build.0 = Release|x64
		{930F1B72-B26D-4723-8D62-587926493E50}.Ad-Hoc|x64.Deploy.0 = Release|x64
		{930F1B72-B26D-4723-8D62-587926493E50}.Ad-Hoc|x86.ActiveCfg = Release|x86
		{930F1B72-B26D-4723-8D62-587926493E50}.Ad-Hoc|x86.Build.0 = Release|x86
		{930F1B72-B26D-4723-8D62-587926493E50}.Ad-Hoc|x86.Deploy.0 = Release|x86
		{930F1B72-B26D-4723-8D62-587926493E50}.AppStore|Any CPU.ActiveCfg = Release|Any CPU
		{930F1B72-B26D-4723-8D62-587926493E50}.AppStore|Any CPU.Build.0 = Release|Any CPU
		{930F1B72-B26D-4723-8D62-587926493E50}.AppStore|Any CPU.Deploy.0 = Release|Any CPU
		{930F1B72-B26D-4723-8D62-587926493E50}.AppStore|ARM.ActiveCfg = Release|ARM
		{930F1B72-B26D-4723-8D62-587926493E50}.AppStore|ARM.Build.0 = Release|ARM
		{930F1B72-B26D-4723-8D62-587926493E50}.AppStore|ARM.Deploy.0 = Release|ARM
		{930F1B72-B26D-4723-8D62-587926493E50}.AppStore|iPhone.ActiveCfg = Release|Any CPU
		{930F1B72-B26D-4723-8D62-587926493E50}.AppStore|iPhone.Build.0 = Release|Any CPU
		{930F1B72-B26D-4723-8D62-587926493E50}.AppStore|iPhone.Deploy.0 = Release|Any CPU
		{930F1B72-B26D-4723-8D62-587926493E50}.AppStore|iPhoneSimulator.ActiveCfg = Release|Any CPU
		{930F1B72-B26D-4723-8D62-587926493E50}.AppStore|iPhoneSimulator.Build.0 = Release|Any CPU
		{930F1B72-B26D-4723-8D62-587926493E50}.AppStore|iPhoneSimulator.Deploy.0 = Release|Any CPU
		{930F1B72-B26D-4723-8D62-587926493E50}.AppStore|x64.ActiveCfg = Release|x64
		{930F1B72-B26D-4723-8D62-587926493E50}.AppStore|x64.Build.0 = Release|x64
		{930F1B72-B26D-4723-8D62-587926493E50}.AppStore|x64.Deploy.0 = Release|x64
		{930F1B72-B26D-4723-8D62-587926493E50}.AppStore|x86.ActiveCfg = Release|x86
		{930F1B72-B26D-4723-8D62-587926493E50}.AppStore|x86.Build.0 = Release|x86
		{930F1B72-B26D-4723-8D62-587926493E50}.AppStore|x86.Deploy.0 = Release|x86
		{930F1B72-B26D-4723-8D62-587926493E50}.Debug|Any CPU.ActiveCfg = Debug|Any CPU
		{930F1B72-B26D-4723-8D62-587926493E50}.Debug|Any CPU.Build.0 = Debug|Any CPU
		{930F1B72-B26D-4723-8D62-587926493E50}.Debug|Any CPU.Deploy.0 = Debug|Any CPU
		{930F1B72-B26D-4723-8D62-587926493E50}.Debug|ARM.ActiveCfg = Debug|ARM
		{930F1B72-B26D-4723-8D62-587926493E50}.Debug|ARM.Build.0 = Debug|ARM
		{930F1B72-B26D-4723-8D62-587926493E50}.Debug|ARM.Deploy.0 = Debug|ARM
		{930F1B72-B26D-4723-8D62-587926493E50}.Debug|iPhone.ActiveCfg = Debug|Any CPU
		{930F1B72-B26D-4723-8D62-587926493E50}.Debug|iPhone.Build.0 = Debug|Any CPU
		{930F1B72-B26D-4723-8D62-587926493E50}.Debug|iPhone.Deploy.0 = Debug|Any CPU
		{930F1B72-B26D-4723-8D62-587926493E50}.Debug|iPhoneSimulator.ActiveCfg = Debug|Any CPU
		{930F1B72-B26D-4723-8D62-587926493E50}.Debug|iPhoneSimulator.Build.0 = Debug|Any CPU
		{930F1B72-B26D-4723-8D62-587926493E50}.Debug|iPhoneSimulator.Deploy.0 = Debug|Any CPU
		{930F1B72-B26D-4723-8D62-587926493E50}.Debug|x64.ActiveCfg = Debug|x64
		{930F1B72-B26D-4723-8D62-587926493E50}.Debug|x64.Build.0 = Debug|x64
		{930F1B72-B26D-4723-8D62-587926493E50}.Debug|x64.Deploy.0 = Debug|x64
		{930F1B72-B26D-4723-8D62-587926493E50}.Debug|x86.ActiveCfg = Debug|x86
		{930F1B72-B26D-4723-8D62-587926493E50}.Debug|x86.Build.0 = Debug|x86
		{930F1B72-B26D-4723-8D62-587926493E50}.Debug|x86.Deploy.0 = Debug|x86
		{930F1B72-B26D-4723-8D62-587926493E50}.Release|Any CPU.ActiveCfg = Release|Any CPU
		{930F1B72-B26D-4723-8D62-587926493E50}.Release|Any CPU.Build.0 = Release|Any CPU
		{930F1B72-B26D-4723-8D62-587926493E50}.Release|Any CPU.Deploy.0 = Release|Any CPU
		{930F1B72-B26D-4723-8D62-587926493E50}.Release|ARM.ActiveCfg = Release|ARM
		{930F1B72-B26D-4723-8D62-587926493E50}.Release|ARM.Build.0 = Release|ARM
		{930F1B72-B26D-4723-8D62-587926493E50}.Release|ARM.Deploy.0 = Release|ARM
		{930F1B72-B26D-4723-8D62-587926493E50}.Release|iPhone.ActiveCfg = Release|Any CPU
		{930F1B72-B26D-4723-8D62-587926493E50}.Release|iPhone.Build.0 = Release|Any CPU
		{930F1B72-B26D-4723-8D62-587926493E50}.Release|iPhone.Deploy.0 = Release|Any CPU
		{930F1B72-B26D-4723-8D62-587926493E50}.Release|iPhoneSimulator.ActiveCfg = Release|Any CPU
		{930F1B72-B26D-4723-8D62-587926493E50}.Release|iPhoneSimulator.Build.0 = Release|Any CPU
		{930F1B72-B26D-4723-8D62-587926493E50}.Release|iPhoneSimulator.Deploy.0 = Release|Any CPU
		{930F1B72-B26D-4723-8D62-587926493E50}.Release|x64.ActiveCfg = Release|x64
		{930F1B72-B26D-4723-8D62-587926493E50}.Release|x64.Build.0 = Release|x64
		{930F1B72-B26D-4723-8D62-587926493E50}.Release|x64.Deploy.0 = Release|x64
		{930F1B72-B26D-4723-8D62-587926493E50}.Release|x86.ActiveCfg = Release|x86
		{930F1B72-B26D-4723-8D62-587926493E50}.Release|x86.Build.0 = Release|x86
		{930F1B72-B26D-4723-8D62-587926493E50}.Release|x86.Deploy.0 = Release|x86
		{7A4B0BAF-9761-4728-9D83-AE7100C025C0}.Ad-Hoc|Any CPU.ActiveCfg = Release|Any CPU
		{7A4B0BAF-9761-4728-9D83-AE7100C025C0}.Ad-Hoc|Any CPU.Build.0 = Release|Any CPU
		{7A4B0BAF-9761-4728-9D83-AE7100C025C0}.Ad-Hoc|ARM.ActiveCfg = Release|Any CPU
		{7A4B0BAF-9761-4728-9D83-AE7100C025C0}.Ad-Hoc|ARM.Build.0 = Release|Any CPU
		{7A4B0BAF-9761-4728-9D83-AE7100C025C0}.Ad-Hoc|iPhone.ActiveCfg = Release|Any CPU
		{7A4B0BAF-9761-4728-9D83-AE7100C025C0}.Ad-Hoc|iPhone.Build.0 = Release|Any CPU
		{7A4B0BAF-9761-4728-9D83-AE7100C025C0}.Ad-Hoc|iPhoneSimulator.ActiveCfg = Release|Any CPU
		{7A4B0BAF-9761-4728-9D83-AE7100C025C0}.Ad-Hoc|iPhoneSimulator.Build.0 = Release|Any CPU
		{7A4B0BAF-9761-4728-9D83-AE7100C025C0}.Ad-Hoc|x64.ActiveCfg = Release|Any CPU
		{7A4B0BAF-9761-4728-9D83-AE7100C025C0}.Ad-Hoc|x64.Build.0 = Release|Any CPU
		{7A4B0BAF-9761-4728-9D83-AE7100C025C0}.Ad-Hoc|x86.ActiveCfg = Release|Any CPU
		{7A4B0BAF-9761-4728-9D83-AE7100C025C0}.Ad-Hoc|x86.Build.0 = Release|Any CPU
		{7A4B0BAF-9761-4728-9D83-AE7100C025C0}.AppStore|Any CPU.ActiveCfg = Release|Any CPU
		{7A4B0BAF-9761-4728-9D83-AE7100C025C0}.AppStore|Any CPU.Build.0 = Release|Any CPU
		{7A4B0BAF-9761-4728-9D83-AE7100C025C0}.AppStore|ARM.ActiveCfg = Release|Any CPU
		{7A4B0BAF-9761-4728-9D83-AE7100C025C0}.AppStore|ARM.Build.0 = Release|Any CPU
		{7A4B0BAF-9761-4728-9D83-AE7100C025C0}.AppStore|iPhone.ActiveCfg = Release|Any CPU
		{7A4B0BAF-9761-4728-9D83-AE7100C025C0}.AppStore|iPhone.Build.0 = Release|Any CPU
		{7A4B0BAF-9761-4728-9D83-AE7100C025C0}.AppStore|iPhoneSimulator.ActiveCfg = Release|Any CPU
		{7A4B0BAF-9761-4728-9D83-AE7100C025C0}.AppStore|iPhoneSimulator.Build.0 = Release|Any CPU
		{7A4B0BAF-9761-4728-9D83-AE7100C025C0}.AppStore|x64.ActiveCfg = Release|Any CPU
		{7A4B0BAF-9761-4728-9D83-AE7100C025C0}.AppStore|x64.Build.0 = Release|Any CPU
		{7A4B0BAF-9761-4728-9D83-AE7100C025C0}.AppStore|x86.ActiveCfg = Release|Any CPU
		{7A4B0BAF-9761-4728-9D83-AE7100C025C0}.AppStore|x86.Build.0 = Release|Any CPU
		{7A4B0BAF-9761-4728-9D83-AE7100C025C0}.Debug|Any CPU.ActiveCfg = Debug|Any CPU
		{7A4B0BAF-9761-4728-9D83-AE7100C025C0}.Debug|Any CPU.Build.0 = Debug|Any CPU
		{7A4B0BAF-9761-4728-9D83-AE7100C025C0}.Debug|ARM.ActiveCfg = Debug|Any CPU
		{7A4B0BAF-9761-4728-9D83-AE7100C025C0}.Debug|ARM.Build.0 = Debug|Any CPU
		{7A4B0BAF-9761-4728-9D83-AE7100C025C0}.Debug|iPhone.ActiveCfg = Debug|Any CPU
		{7A4B0BAF-9761-4728-9D83-AE7100C025C0}.Debug|iPhone.Build.0 = Debug|Any CPU
		{7A4B0BAF-9761-4728-9D83-AE7100C025C0}.Debug|iPhoneSimulator.ActiveCfg = Debug|Any CPU
		{7A4B0BAF-9761-4728-9D83-AE7100C025C0}.Debug|iPhoneSimulator.Build.0 = Debug|Any CPU
		{7A4B0BAF-9761-4728-9D83-AE7100C025C0}.Debug|x64.ActiveCfg = Debug|Any CPU
		{7A4B0BAF-9761-4728-9D83-AE7100C025C0}.Debug|x64.Build.0 = Debug|Any CPU
		{7A4B0BAF-9761-4728-9D83-AE7100C025C0}.Debug|x86.ActiveCfg = Debug|Any CPU
		{7A4B0BAF-9761-4728-9D83-AE7100C025C0}.Debug|x86.Build.0 = Debug|Any CPU
		{7A4B0BAF-9761-4728-9D83-AE7100C025C0}.Release|Any CPU.ActiveCfg = Release|Any CPU
		{7A4B0BAF-9761-4728-9D83-AE7100C025C0}.Release|Any CPU.Build.0 = Release|Any CPU
		{7A4B0BAF-9761-4728-9D83-AE7100C025C0}.Release|ARM.ActiveCfg = Release|Any CPU
		{7A4B0BAF-9761-4728-9D83-AE7100C025C0}.Release|ARM.Build.0 = Release|Any CPU
		{7A4B0BAF-9761-4728-9D83-AE7100C025C0}.Release|iPhone.ActiveCfg = Release|Any CPU
		{7A4B0BAF-9761-4728-9D83-AE7100C025C0}.Release|iPhone.Build.0 = Release|Any CPU
		{7A4B0BAF-9761-4728-9D83-AE7100C025C0}.Release|iPhoneSimulator.ActiveCfg = Release|Any CPU
		{7A4B0BAF-9761-4728-9D83-AE7100C025C0}.Release|iPhoneSimulator.Build.0 = Release|Any CPU
		{7A4B0BAF-9761-4728-9D83-AE7100C025C0}.Release|x64.ActiveCfg = Release|Any CPU
		{7A4B0BAF-9761-4728-9D83-AE7100C025C0}.Release|x64.Build.0 = Release|Any CPU
		{7A4B0BAF-9761-4728-9D83-AE7100C025C0}.Release|x86.ActiveCfg = Release|Any CPU
		{7A4B0BAF-9761-4728-9D83-AE7100C025C0}.Release|x86.Build.0 = Release|Any CPU
	EndGlobalSection
	GlobalSection(SolutionProperties) = preSolution
		HideSolutionNode = FALSE
	EndGlobalSection
EndGlobal
