
Microsoft Visual Studio Solution File, Format Version 12.00
# Visual Studio 14
VisualStudioVersion = 14.0.25420.1
MinimumVisualStudioVersion = 10.0.40219.1
Project("{FAE04EC0-301F-11D3-BF4B-00C04F79EFBC}") = "Bind.Droid", "Bind\Bind.Droid\Bind.Droid.csproj", "{54D397C7-2867-41C3-9868-4C68B71CAD2C}"
EndProject
Project("{FAE04EC0-301F-11D3-BF4B-00C04F79EFBC}") = "Bind.iOS", "Bind\Bind.iOS\Bind.iOS.csproj", "{12F48DE5-A79B-499C-AD0F-8BA86EC01BF3}"
EndProject
Project("{FAE04EC0-301F-11D3-BF4B-00C04F79EFBC}") = "Bind.WinPhone", "Bind\Bind.WinPhone\Bind.WinPhone.csproj", "{E9FE6A51-3039-4C32-BEAD-984A920B9635}"
EndProject
Project("{FAE04EC0-301F-11D3-BF4B-00C04F79EFBC}") = "Bind.UWP", "Bind\Bind.UWP\Bind.UWP.csproj", "{EF903DF2-ECA8-4E0B-ABD1-B8EB0641F056}"
EndProject
Project("{FAE04EC0-301F-11D3-BF4B-00C04F79EFBC}") = "Bind.Windows", "Bind\Bind.Windows\Bind.Windows.csproj", "{7DDB037B-8587-4520-A7D2-8C822D44B9E6}"
EndProject
Project("{FAE04EC0-301F-11D3-BF4B-00C04F79EFBC}") = "Bind", "Bind\Bind\Bind.csproj", "{4F2013F1-985B-4124-9CC6-200686763A56}"
EndProject
Global
	GlobalSection(SolutionConfigurationPlatforms) = preSolution
		Ad-Hoc|Any CPU = Ad-Hoc|Any CPU
		Ad-Hoc|ARM = Ad-Hoc|ARM
		Ad-Hoc|iPhone = Ad-Hoc|iPhone
		Ad-Hoc|iPhoneSimulator = Ad-Hoc|iPhoneSimulator
		Ad-Hoc|x64 = Ad-Hoc|x64
		Ad-Hoc|x86 = Ad-Hoc|x86
		AppStore|Any CPU = AppStore|Any CPU
		AppStore|ARM = AppStore|ARM
		AppStore|iPhone = AppStore|iPhone
		AppStore|iPhoneSimulator = AppStore|iPhoneSimulator
		AppStore|x64 = AppStore|x64
		AppStore|x86 = AppStore|x86
		Debug|Any CPU = Debug|Any CPU
		Debug|ARM = Debug|ARM
		Debug|iPhone = Debug|iPhone
		Debug|iPhoneSimulator = Debug|iPhoneSimulator
		Debug|x64 = Debug|x64
		Debug|x86 = Debug|x86
		Release|Any CPU = Release|Any CPU
		Release|ARM = Release|ARM
		Release|iPhone = Release|iPhone
		Release|iPhoneSimulator = Release|iPhoneSimulator
		Release|x64 = Release|x64
		Release|x86 = Release|x86
	EndGlobalSection
	GlobalSection(ProjectConfigurationPlatforms) = postSolution
		{54D397C7-2867-41C3-9868-4C68B71CAD2C}.Ad-Hoc|Any CPU.ActiveCfg = Release|Any CPU
		{54D397C7-2867-41C3-9868-4C68B71CAD2C}.Ad-Hoc|Any CPU.Build.0 = Release|Any CPU
		{54D397C7-2867-41C3-9868-4C68B71CAD2C}.Ad-Hoc|Any CPU.Deploy.0 = Release|Any CPU
		{54D397C7-2867-41C3-9868-4C68B71CAD2C}.Ad-Hoc|ARM.ActiveCfg = Release|Any CPU
		{54D397C7-2867-41C3-9868-4C68B71CAD2C}.Ad-Hoc|ARM.Build.0 = Release|Any CPU
		{54D397C7-2867-41C3-9868-4C68B71CAD2C}.Ad-Hoc|ARM.Deploy.0 = Release|Any CPU
		{54D397C7-2867-41C3-9868-4C68B71CAD2C}.Ad-Hoc|iPhone.ActiveCfg = Release|Any CPU
		{54D397C7-2867-41C3-9868-4C68B71CAD2C}.Ad-Hoc|iPhone.Build.0 = Release|Any CPU
		{54D397C7-2867-41C3-9868-4C68B71CAD2C}.Ad-Hoc|iPhone.Deploy.0 = Release|Any CPU
		{54D397C7-2867-41C3-9868-4C68B71CAD2C}.Ad-Hoc|iPhoneSimulator.ActiveCfg = Release|Any CPU
		{54D397C7-2867-41C3-9868-4C68B71CAD2C}.Ad-Hoc|iPhoneSimulator.Build.0 = Release|Any CPU
		{54D397C7-2867-41C3-9868-4C68B71CAD2C}.Ad-Hoc|iPhoneSimulator.Deploy.0 = Release|Any CPU
		{54D397C7-2867-41C3-9868-4C68B71CAD2C}.Ad-Hoc|x64.ActiveCfg = Release|Any CPU
		{54D397C7-2867-41C3-9868-4C68B71CAD2C}.Ad-Hoc|x64.Build.0 = Release|Any CPU
		{54D397C7-2867-41C3-9868-4C68B71CAD2C}.Ad-Hoc|x64.Deploy.0 = Release|Any CPU
		{54D397C7-2867-41C3-9868-4C68B71CAD2C}.Ad-Hoc|x86.ActiveCfg = Release|Any CPU
		{54D397C7-2867-41C3-9868-4C68B71CAD2C}.Ad-Hoc|x86.Build.0 = Release|Any CPU
		{54D397C7-2867-41C3-9868-4C68B71CAD2C}.Ad-Hoc|x86.Deploy.0 = Release|Any CPU
		{54D397C7-2867-41C3-9868-4C68B71CAD2C}.AppStore|Any CPU.ActiveCfg = Release|Any CPU
		{54D397C7-2867-41C3-9868-4C68B71CAD2C}.AppStore|Any CPU.Build.0 = Release|Any CPU
		{54D397C7-2867-41C3-9868-4C68B71CAD2C}.AppStore|Any CPU.Deploy.0 = Release|Any CPU
		{54D397C7-2867-41C3-9868-4C68B71CAD2C}.AppStore|ARM.ActiveCfg = Release|Any CPU
		{54D397C7-2867-41C3-9868-4C68B71CAD2C}.AppStore|ARM.Build.0 = Release|Any CPU
		{54D397C7-2867-41C3-9868-4C68B71CAD2C}.AppStore|ARM.Deploy.0 = Release|Any CPU
		{54D397C7-2867-41C3-9868-4C68B71CAD2C}.AppStore|iPhone.ActiveCfg = Release|Any CPU
		{54D397C7-2867-41C3-9868-4C68B71CAD2C}.AppStore|iPhone.Build.0 = Release|Any CPU
		{54D397C7-2867-41C3-9868-4C68B71CAD2C}.AppStore|iPhone.Deploy.0 = Release|Any CPU
		{54D397C7-2867-41C3-9868-4C68B71CAD2C}.AppStore|iPhoneSimulator.ActiveCfg = Release|Any CPU
		{54D397C7-2867-41C3-9868-4C68B71CAD2C}.AppStore|iPhoneSimulator.Build.0 = Release|Any CPU
		{54D397C7-2867-41C3-9868-4C68B71CAD2C}.AppStore|iPhoneSimulator.Deploy.0 = Release|Any CPU
		{54D397C7-2867-41C3-9868-4C68B71CAD2C}.AppStore|x64.ActiveCfg = Release|Any CPU
		{54D397C7-2867-41C3-9868-4C68B71CAD2C}.AppStore|x64.Build.0 = Release|Any CPU
		{54D397C7-2867-41C3-9868-4C68B71CAD2C}.AppStore|x64.Deploy.0 = Release|Any CPU
		{54D397C7-2867-41C3-9868-4C68B71CAD2C}.AppStore|x86.ActiveCfg = Release|Any CPU
		{54D397C7-2867-41C3-9868-4C68B71CAD2C}.AppStore|x86.Build.0 = Release|Any CPU
		{54D397C7-2867-41C3-9868-4C68B71CAD2C}.AppStore|x86.Deploy.0 = Release|Any CPU
		{54D397C7-2867-41C3-9868-4C68B71CAD2C}.Debug|Any CPU.ActiveCfg = Debug|Any CPU
		{54D397C7-2867-41C3-9868-4C68B71CAD2C}.Debug|Any CPU.Build.0 = Debug|Any CPU
		{54D397C7-2867-41C3-9868-4C68B71CAD2C}.Debug|Any CPU.Deploy.0 = Debug|Any CPU
		{54D397C7-2867-41C3-9868-4C68B71CAD2C}.Debug|ARM.ActiveCfg = Debug|Any CPU
		{54D397C7-2867-41C3-9868-4C68B71CAD2C}.Debug|ARM.Build.0 = Debug|Any CPU
		{54D397C7-2867-41C3-9868-4C68B71CAD2C}.Debug|ARM.Deploy.0 = Debug|Any CPU
		{54D397C7-2867-41C3-9868-4C68B71CAD2C}.Debug|iPhone.ActiveCfg = Debug|Any CPU
		{54D397C7-2867-41C3-9868-4C68B71CAD2C}.Debug|iPhone.Build.0 = Debug|Any CPU
		{54D397C7-2867-41C3-9868-4C68B71CAD2C}.Debug|iPhone.Deploy.0 = Debug|Any CPU
		{54D397C7-2867-41C3-9868-4C68B71CAD2C}.Debug|iPhoneSimulator.ActiveCfg = Debug|Any CPU
		{54D397C7-2867-41C3-9868-4C68B71CAD2C}.Debug|iPhoneSimulator.Build.0 = Debug|Any CPU
		{54D397C7-2867-41C3-9868-4C68B71CAD2C}.Debug|iPhoneSimulator.Deploy.0 = Debug|Any CPU
		{54D397C7-2867-41C3-9868-4C68B71CAD2C}.Debug|x64.ActiveCfg = Debug|Any CPU
		{54D397C7-2867-41C3-9868-4C68B71CAD2C}.Debug|x64.Build.0 = Debug|Any CPU
		{54D397C7-2867-41C3-9868-4C68B71CAD2C}.Debug|x64.Deploy.0 = Debug|Any CPU
		{54D397C7-2867-41C3-9868-4C68B71CAD2C}.Debug|x86.ActiveCfg = Debug|Any CPU
		{54D397C7-2867-41C3-9868-4C68B71CAD2C}.Debug|x86.Build.0 = Debug|Any CPU
		{54D397C7-2867-41C3-9868-4C68B71CAD2C}.Debug|x86.Deploy.0 = Debug|Any CPU
		{54D397C7-2867-41C3-9868-4C68B71CAD2C}.Release|Any CPU.ActiveCfg = Release|Any CPU
		{54D397C7-2867-41C3-9868-4C68B71CAD2C}.Release|Any CPU.Build.0 = Release|Any CPU
		{54D397C7-2867-41C3-9868-4C68B71CAD2C}.Release|Any CPU.Deploy.0 = Release|Any CPU
		{54D397C7-2867-41C3-9868-4C68B71CAD2C}.Release|ARM.ActiveCfg = Release|Any CPU
		{54D397C7-2867-41C3-9868-4C68B71CAD2C}.Release|ARM.Build.0 = Release|Any CPU
		{54D397C7-2867-41C3-9868-4C68B71CAD2C}.Release|ARM.Deploy.0 = Release|Any CPU
		{54D397C7-2867-41C3-9868-4C68B71CAD2C}.Release|iPhone.ActiveCfg = Release|Any CPU
		{54D397C7-2867-41C3-9868-4C68B71CAD2C}.Release|iPhone.Build.0 = Release|Any CPU
		{54D397C7-2867-41C3-9868-4C68B71CAD2C}.Release|iPhone.Deploy.0 = Release|Any CPU
		{54D397C7-2867-41C3-9868-4C68B71CAD2C}.Release|iPhoneSimulator.ActiveCfg = Release|Any CPU
		{54D397C7-2867-41C3-9868-4C68B71CAD2C}.Release|iPhoneSimulator.Build.0 = Release|Any CPU
		{54D397C7-2867-41C3-9868-4C68B71CAD2C}.Release|iPhoneSimulator.Deploy.0 = Release|Any CPU
		{54D397C7-2867-41C3-9868-4C68B71CAD2C}.Release|x64.ActiveCfg = Release|Any CPU
		{54D397C7-2867-41C3-9868-4C68B71CAD2C}.Release|x64.Build.0 = Release|Any CPU
		{54D397C7-2867-41C3-9868-4C68B71CAD2C}.Release|x64.Deploy.0 = Release|Any CPU
		{54D397C7-2867-41C3-9868-4C68B71CAD2C}.Release|x86.ActiveCfg = Release|Any CPU
		{54D397C7-2867-41C3-9868-4C68B71CAD2C}.Release|x86.Build.0 = Release|Any CPU
		{54D397C7-2867-41C3-9868-4C68B71CAD2C}.Release|x86.Deploy.0 = Release|Any CPU
		{12F48DE5-A79B-499C-AD0F-8BA86EC01BF3}.Ad-Hoc|Any CPU.ActiveCfg = Ad-Hoc|iPhone
		{12F48DE5-A79B-499C-AD0F-8BA86EC01BF3}.Ad-Hoc|ARM.ActiveCfg = Ad-Hoc|iPhone
		{12F48DE5-A79B-499C-AD0F-8BA86EC01BF3}.Ad-Hoc|iPhone.ActiveCfg = Ad-Hoc|iPhone
		{12F48DE5-A79B-499C-AD0F-8BA86EC01BF3}.Ad-Hoc|iPhone.Build.0 = Ad-Hoc|iPhone
		{12F48DE5-A79B-499C-AD0F-8BA86EC01BF3}.Ad-Hoc|iPhoneSimulator.ActiveCfg = Ad-Hoc|iPhoneSimulator
		{12F48DE5-A79B-499C-AD0F-8BA86EC01BF3}.Ad-Hoc|iPhoneSimulator.Build.0 = Ad-Hoc|iPhoneSimulator
		{12F48DE5-A79B-499C-AD0F-8BA86EC01BF3}.Ad-Hoc|x64.ActiveCfg = Ad-Hoc|iPhone
		{12F48DE5-A79B-499C-AD0F-8BA86EC01BF3}.Ad-Hoc|x86.ActiveCfg = Ad-Hoc|iPhone
		{12F48DE5-A79B-499C-AD0F-8BA86EC01BF3}.AppStore|Any CPU.ActiveCfg = AppStore|iPhone
		{12F48DE5-A79B-499C-AD0F-8BA86EC01BF3}.AppStore|ARM.ActiveCfg = AppStore|iPhone
		{12F48DE5-A79B-499C-AD0F-8BA86EC01BF3}.AppStore|iPhone.ActiveCfg = AppStore|iPhone
		{12F48DE5-A79B-499C-AD0F-8BA86EC01BF3}.AppStore|iPhone.Build.0 = AppStore|iPhone
		{12F48DE5-A79B-499C-AD0F-8BA86EC01BF3}.AppStore|iPhoneSimulator.ActiveCfg = AppStore|iPhoneSimulator
		{12F48DE5-A79B-499C-AD0F-8BA86EC01BF3}.AppStore|iPhoneSimulator.Build.0 = AppStore|iPhoneSimulator
		{12F48DE5-A79B-499C-AD0F-8BA86EC01BF3}.AppStore|x64.ActiveCfg = AppStore|iPhone
		{12F48DE5-A79B-499C-AD0F-8BA86EC01BF3}.AppStore|x86.ActiveCfg = AppStore|iPhone
		{12F48DE5-A79B-499C-AD0F-8BA86EC01BF3}.Debug|Any CPU.ActiveCfg = Debug|iPhone
		{12F48DE5-A79B-499C-AD0F-8BA86EC01BF3}.Debug|ARM.ActiveCfg = Debug|iPhone
		{12F48DE5-A79B-499C-AD0F-8BA86EC01BF3}.Debug|iPhone.ActiveCfg = Debug|iPhone
		{12F48DE5-A79B-499C-AD0F-8BA86EC01BF3}.Debug|iPhone.Build.0 = Debug|iPhone
		{12F48DE5-A79B-499C-AD0F-8BA86EC01BF3}.Debug|iPhoneSimulator.ActiveCfg = Debug|iPhoneSimulator
		{12F48DE5-A79B-499C-AD0F-8BA86EC01BF3}.Debug|iPhoneSimulator.Build.0 = Debug|iPhoneSimulator
		{12F48DE5-A79B-499C-AD0F-8BA86EC01BF3}.Debug|x64.ActiveCfg = Debug|iPhone
		{12F48DE5-A79B-499C-AD0F-8BA86EC01BF3}.Debug|x86.ActiveCfg = Debug|iPhone
		{12F48DE5-A79B-499C-AD0F-8BA86EC01BF3}.Release|Any CPU.ActiveCfg = Release|iPhone
		{12F48DE5-A79B-499C-AD0F-8BA86EC01BF3}.Release|ARM.ActiveCfg = Release|iPhone
		{12F48DE5-A79B-499C-AD0F-8BA86EC01BF3}.Release|iPhone.ActiveCfg = Release|iPhone
		{12F48DE5-A79B-499C-AD0F-8BA86EC01BF3}.Release|iPhone.Build.0 = Release|iPhone
		{12F48DE5-A79B-499C-AD0F-8BA86EC01BF3}.Release|iPhoneSimulator.ActiveCfg = Release|iPhoneSimulator
		{12F48DE5-A79B-499C-AD0F-8BA86EC01BF3}.Release|iPhoneSimulator.Build.0 = Release|iPhoneSimulator
		{12F48DE5-A79B-499C-AD0F-8BA86EC01BF3}.Release|x64.ActiveCfg = Release|iPhone
		{12F48DE5-A79B-499C-AD0F-8BA86EC01BF3}.Release|x86.ActiveCfg = Release|iPhone
		{E9FE6A51-3039-4C32-BEAD-984A920B9635}.Ad-Hoc|Any CPU.ActiveCfg = Release|Any CPU
		{E9FE6A51-3039-4C32-BEAD-984A920B9635}.Ad-Hoc|Any CPU.Build.0 = Release|Any CPU
		{E9FE6A51-3039-4C32-BEAD-984A920B9635}.Ad-Hoc|Any CPU.Deploy.0 = Release|Any CPU
		{E9FE6A51-3039-4C32-BEAD-984A920B9635}.Ad-Hoc|ARM.ActiveCfg = Release|ARM
		{E9FE6A51-3039-4C32-BEAD-984A920B9635}.Ad-Hoc|ARM.Build.0 = Release|ARM
		{E9FE6A51-3039-4C32-BEAD-984A920B9635}.Ad-Hoc|ARM.Deploy.0 = Release|ARM
		{E9FE6A51-3039-4C32-BEAD-984A920B9635}.Ad-Hoc|iPhone.ActiveCfg = Release|Any CPU
		{E9FE6A51-3039-4C32-BEAD-984A920B9635}.Ad-Hoc|iPhone.Build.0 = Release|Any CPU
		{E9FE6A51-3039-4C32-BEAD-984A920B9635}.Ad-Hoc|iPhone.Deploy.0 = Release|Any CPU
		{E9FE6A51-3039-4C32-BEAD-984A920B9635}.Ad-Hoc|iPhoneSimulator.ActiveCfg = Release|Any CPU
		{E9FE6A51-3039-4C32-BEAD-984A920B9635}.Ad-Hoc|iPhoneSimulator.Build.0 = Release|Any CPU
		{E9FE6A51-3039-4C32-BEAD-984A920B9635}.Ad-Hoc|iPhoneSimulator.Deploy.0 = Release|Any CPU
		{E9FE6A51-3039-4C32-BEAD-984A920B9635}.Ad-Hoc|x64.ActiveCfg = Release|Any CPU
		{E9FE6A51-3039-4C32-BEAD-984A920B9635}.Ad-Hoc|x64.Build.0 = Release|Any CPU
		{E9FE6A51-3039-4C32-BEAD-984A920B9635}.Ad-Hoc|x64.Deploy.0 = Release|Any CPU
		{E9FE6A51-3039-4C32-BEAD-984A920B9635}.Ad-Hoc|x86.ActiveCfg = Release|x86
		{E9FE6A51-3039-4C32-BEAD-984A920B9635}.Ad-Hoc|x86.Build.0 = Release|x86
		{E9FE6A51-3039-4C32-BEAD-984A920B9635}.Ad-Hoc|x86.Deploy.0 = Release|x86
		{E9FE6A51-3039-4C32-BEAD-984A920B9635}.AppStore|Any CPU.ActiveCfg = Release|Any CPU
		{E9FE6A51-3039-4C32-BEAD-984A920B9635}.AppStore|Any CPU.Build.0 = Release|Any CPU
		{E9FE6A51-3039-4C32-BEAD-984A920B9635}.AppStore|Any CPU.Deploy.0 = Release|Any CPU
		{E9FE6A51-3039-4C32-BEAD-984A920B9635}.AppStore|ARM.ActiveCfg = Release|ARM
		{E9FE6A51-3039-4C32-BEAD-984A920B9635}.AppStore|ARM.Build.0 = Release|ARM
		{E9FE6A51-3039-4C32-BEAD-984A920B9635}.AppStore|ARM.Deploy.0 = Release|ARM
		{E9FE6A51-3039-4C32-BEAD-984A920B9635}.AppStore|iPhone.ActiveCfg = Release|Any CPU
		{E9FE6A51-3039-4C32-BEAD-984A920B9635}.AppStore|iPhone.Build.0 = Release|Any CPU
		{E9FE6A51-3039-4C32-BEAD-984A920B9635}.AppStore|iPhone.Deploy.0 = Release|Any CPU
		{E9FE6A51-3039-4C32-BEAD-984A920B9635}.AppStore|iPhoneSimulator.ActiveCfg = Release|Any CPU
		{E9FE6A51-3039-4C32-BEAD-984A920B9635}.AppStore|iPhoneSimulator.Build.0 = Release|Any CPU
		{E9FE6A51-3039-4C32-BEAD-984A920B9635}.AppStore|iPhoneSimulator.Deploy.0 = Release|Any CPU
		{E9FE6A51-3039-4C32-BEAD-984A920B9635}.AppStore|x64.ActiveCfg = Release|Any CPU
		{E9FE6A51-3039-4C32-BEAD-984A920B9635}.AppStore|x64.Build.0 = Release|Any CPU
		{E9FE6A51-3039-4C32-BEAD-984A920B9635}.AppStore|x64.Deploy.0 = Release|Any CPU
		{E9FE6A51-3039-4C32-BEAD-984A920B9635}.AppStore|x86.ActiveCfg = Release|x86
		{E9FE6A51-3039-4C32-BEAD-984A920B9635}.AppStore|x86.Build.0 = Release|x86
		{E9FE6A51-3039-4C32-BEAD-984A920B9635}.AppStore|x86.Deploy.0 = Release|x86
		{E9FE6A51-3039-4C32-BEAD-984A920B9635}.Debug|Any CPU.ActiveCfg = Debug|Any CPU
		{E9FE6A51-3039-4C32-BEAD-984A920B9635}.Debug|Any CPU.Build.0 = Debug|Any CPU
		{E9FE6A51-3039-4C32-BEAD-984A920B9635}.Debug|Any CPU.Deploy.0 = Debug|Any CPU
		{E9FE6A51-3039-4C32-BEAD-984A920B9635}.Debug|ARM.ActiveCfg = Debug|ARM
		{E9FE6A51-3039-4C32-BEAD-984A920B9635}.Debug|ARM.Build.0 = Debug|ARM
		{E9FE6A51-3039-4C32-BEAD-984A920B9635}.Debug|ARM.Deploy.0 = Debug|ARM
		{E9FE6A51-3039-4C32-BEAD-984A920B9635}.Debug|iPhone.ActiveCfg = Debug|Any CPU
		{E9FE6A51-3039-4C32-BEAD-984A920B9635}.Debug|iPhone.Build.0 = Debug|Any CPU
		{E9FE6A51-3039-4C32-BEAD-984A920B9635}.Debug|iPhone.Deploy.0 = Debug|Any CPU
		{E9FE6A51-3039-4C32-BEAD-984A920B9635}.Debug|iPhoneSimulator.ActiveCfg = Debug|Any CPU
		{E9FE6A51-3039-4C32-BEAD-984A920B9635}.Debug|iPhoneSimulator.Build.0 = Debug|Any CPU
		{E9FE6A51-3039-4C32-BEAD-984A920B9635}.Debug|iPhoneSimulator.Deploy.0 = Debug|Any CPU
		{E9FE6A51-3039-4C32-BEAD-984A920B9635}.Debug|x64.ActiveCfg = Debug|Any CPU
		{E9FE6A51-3039-4C32-BEAD-984A920B9635}.Debug|x64.Build.0 = Debug|Any CPU
		{E9FE6A51-3039-4C32-BEAD-984A920B9635}.Debug|x64.Deploy.0 = Debug|Any CPU
		{E9FE6A51-3039-4C32-BEAD-984A920B9635}.Debug|x86.ActiveCfg = Debug|x86
		{E9FE6A51-3039-4C32-BEAD-984A920B9635}.Debug|x86.Build.0 = Debug|x86
		{E9FE6A51-3039-4C32-BEAD-984A920B9635}.Debug|x86.Deploy.0 = Debug|x86
		{E9FE6A51-3039-4C32-BEAD-984A920B9635}.Release|Any CPU.ActiveCfg = Release|Any CPU
		{E9FE6A51-3039-4C32-BEAD-984A920B9635}.Release|Any CPU.Build.0 = Release|Any CPU
		{E9FE6A51-3039-4C32-BEAD-984A920B9635}.Release|Any CPU.Deploy.0 = Release|Any CPU
		{E9FE6A51-3039-4C32-BEAD-984A920B9635}.Release|ARM.ActiveCfg = Release|ARM
		{E9FE6A51-3039-4C32-BEAD-984A920B9635}.Release|ARM.Build.0 = Release|ARM
		{E9FE6A51-3039-4C32-BEAD-984A920B9635}.Release|ARM.Deploy.0 = Release|ARM
		{E9FE6A51-3039-4C32-BEAD-984A920B9635}.Release|iPhone.ActiveCfg = Release|Any CPU
		{E9FE6A51-3039-4C32-BEAD-984A920B9635}.Release|iPhone.Build.0 = Release|Any CPU
		{E9FE6A51-3039-4C32-BEAD-984A920B9635}.Release|iPhone.Deploy.0 = Release|Any CPU
		{E9FE6A51-3039-4C32-BEAD-984A920B9635}.Release|iPhoneSimulator.ActiveCfg = Release|Any CPU
		{E9FE6A51-3039-4C32-BEAD-984A920B9635}.Release|iPhoneSimulator.Build.0 = Release|Any CPU
		{E9FE6A51-3039-4C32-BEAD-984A920B9635}.Release|iPhoneSimulator.Deploy.0 = Release|Any CPU
		{E9FE6A51-3039-4C32-BEAD-984A920B9635}.Release|x64.ActiveCfg = Release|Any CPU
		{E9FE6A51-3039-4C32-BEAD-984A920B9635}.Release|x64.Build.0 = Release|Any CPU
		{E9FE6A51-3039-4C32-BEAD-984A920B9635}.Release|x64.Deploy.0 = Release|Any CPU
		{E9FE6A51-3039-4C32-BEAD-984A920B9635}.Release|x86.ActiveCfg = Release|x86
		{E9FE6A51-3039-4C32-BEAD-984A920B9635}.Release|x86.Build.0 = Release|x86
		{E9FE6A51-3039-4C32-BEAD-984A920B9635}.Release|x86.Deploy.0 = Release|x86
		{EF903DF2-ECA8-4E0B-ABD1-B8EB0641F056}.Ad-Hoc|Any CPU.ActiveCfg = Release|x86
		{EF903DF2-ECA8-4E0B-ABD1-B8EB0641F056}.Ad-Hoc|Any CPU.Build.0 = Release|x86
		{EF903DF2-ECA8-4E0B-ABD1-B8EB0641F056}.Ad-Hoc|Any CPU.Deploy.0 = Release|x86
		{EF903DF2-ECA8-4E0B-ABD1-B8EB0641F056}.Ad-Hoc|ARM.ActiveCfg = Release|ARM
		{EF903DF2-ECA8-4E0B-ABD1-B8EB0641F056}.Ad-Hoc|ARM.Build.0 = Release|ARM
		{EF903DF2-ECA8-4E0B-ABD1-B8EB0641F056}.Ad-Hoc|ARM.Deploy.0 = Release|ARM
		{EF903DF2-ECA8-4E0B-ABD1-B8EB0641F056}.Ad-Hoc|iPhone.ActiveCfg = Release|x86
		{EF903DF2-ECA8-4E0B-ABD1-B8EB0641F056}.Ad-Hoc|iPhone.Build.0 = Release|x86
		{EF903DF2-ECA8-4E0B-ABD1-B8EB0641F056}.Ad-Hoc|iPhone.Deploy.0 = Release|x86
		{EF903DF2-ECA8-4E0B-ABD1-B8EB0641F056}.Ad-Hoc|iPhoneSimulator.ActiveCfg = Release|x86
		{EF903DF2-ECA8-4E0B-ABD1-B8EB0641F056}.Ad-Hoc|iPhoneSimulator.Build.0 = Release|x86
		{EF903DF2-ECA8-4E0B-ABD1-B8EB0641F056}.Ad-Hoc|iPhoneSimulator.Deploy.0 = Release|x86
		{EF903DF2-ECA8-4E0B-ABD1-B8EB0641F056}.Ad-Hoc|x64.ActiveCfg = Release|x64
		{EF903DF2-ECA8-4E0B-ABD1-B8EB0641F056}.Ad-Hoc|x64.Build.0 = Release|x64
		{EF903DF2-ECA8-4E0B-ABD1-B8EB0641F056}.Ad-Hoc|x64.Deploy.0 = Release|x64
		{EF903DF2-ECA8-4E0B-ABD1-B8EB0641F056}.Ad-Hoc|x86.ActiveCfg = Release|x86
		{EF903DF2-ECA8-4E0B-ABD1-B8EB0641F056}.Ad-Hoc|x86.Build.0 = Release|x86
		{EF903DF2-ECA8-4E0B-ABD1-B8EB0641F056}.Ad-Hoc|x86.Deploy.0 = Release|x86
		{EF903DF2-ECA8-4E0B-ABD1-B8EB0641F056}.AppStore|Any CPU.ActiveCfg = Release|x86
		{EF903DF2-ECA8-4E0B-ABD1-B8EB0641F056}.AppStore|Any CPU.Build.0 = Release|x86
		{EF903DF2-ECA8-4E0B-ABD1-B8EB0641F056}.AppStore|Any CPU.Deploy.0 = Release|x86
		{EF903DF2-ECA8-4E0B-ABD1-B8EB0641F056}.AppStore|ARM.ActiveCfg = Release|ARM
		{EF903DF2-ECA8-4E0B-ABD1-B8EB0641F056}.AppStore|ARM.Build.0 = Release|ARM
		{EF903DF2-ECA8-4E0B-ABD1-B8EB0641F056}.AppStore|ARM.Deploy.0 = Release|ARM
		{EF903DF2-ECA8-4E0B-ABD1-B8EB0641F056}.AppStore|iPhone.ActiveCfg = Release|x86
		{EF903DF2-ECA8-4E0B-ABD1-B8EB0641F056}.AppStore|iPhone.Build.0 = Release|x86
		{EF903DF2-ECA8-4E0B-ABD1-B8EB0641F056}.AppStore|iPhone.Deploy.0 = Release|x86
		{EF903DF2-ECA8-4E0B-ABD1-B8EB0641F056}.AppStore|iPhoneSimulator.ActiveCfg = Release|x86
		{EF903DF2-ECA8-4E0B-ABD1-B8EB0641F056}.AppStore|iPhoneSimulator.Build.0 = Release|x86
		{EF903DF2-ECA8-4E0B-ABD1-B8EB0641F056}.AppStore|iPhoneSimulator.Deploy.0 = Release|x86
		{EF903DF2-ECA8-4E0B-ABD1-B8EB0641F056}.AppStore|x64.ActiveCfg = Release|x64
		{EF903DF2-ECA8-4E0B-ABD1-B8EB0641F056}.AppStore|x64.Build.0 = Release|x64
		{EF903DF2-ECA8-4E0B-ABD1-B8EB0641F056}.AppStore|x64.Deploy.0 = Release|x64
		{EF903DF2-ECA8-4E0B-ABD1-B8EB0641F056}.AppStore|x86.ActiveCfg = Release|x86
		{EF903DF2-ECA8-4E0B-ABD1-B8EB0641F056}.AppStore|x86.Build.0 = Release|x86
		{EF903DF2-ECA8-4E0B-ABD1-B8EB0641F056}.AppStore|x86.Deploy.0 = Release|x86
		{EF903DF2-ECA8-4E0B-ABD1-B8EB0641F056}.Debug|Any CPU.ActiveCfg = Debug|x86
		{EF903DF2-ECA8-4E0B-ABD1-B8EB0641F056}.Debug|ARM.ActiveCfg = Debug|ARM
		{EF903DF2-ECA8-4E0B-ABD1-B8EB0641F056}.Debug|ARM.Build.0 = Debug|ARM
		{EF903DF2-ECA8-4E0B-ABD1-B8EB0641F056}.Debug|ARM.Deploy.0 = Debug|ARM
		{EF903DF2-ECA8-4E0B-ABD1-B8EB0641F056}.Debug|iPhone.ActiveCfg = Debug|x86
		{EF903DF2-ECA8-4E0B-ABD1-B8EB0641F056}.Debug|iPhoneSimulator.ActiveCfg = Debug|x86
		{EF903DF2-ECA8-4E0B-ABD1-B8EB0641F056}.Debug|x64.ActiveCfg = Debug|x64
		{EF903DF2-ECA8-4E0B-ABD1-B8EB0641F056}.Debug|x64.Build.0 = Debug|x64
		{EF903DF2-ECA8-4E0B-ABD1-B8EB0641F056}.Debug|x64.Deploy.0 = Debug|x64
		{EF903DF2-ECA8-4E0B-ABD1-B8EB0641F056}.Debug|x86.ActiveCfg = Debug|x86
		{EF903DF2-ECA8-4E0B-ABD1-B8EB0641F056}.Debug|x86.Build.0 = Debug|x86
		{EF903DF2-ECA8-4E0B-ABD1-B8EB0641F056}.Debug|x86.Deploy.0 = Debug|x86
		{EF903DF2-ECA8-4E0B-ABD1-B8EB0641F056}.Release|Any CPU.ActiveCfg = Release|x86
		{EF903DF2-ECA8-4E0B-ABD1-B8EB0641F056}.Release|ARM.ActiveCfg = Release|ARM
		{EF903DF2-ECA8-4E0B-ABD1-B8EB0641F056}.Release|ARM.Build.0 = Release|ARM
		{EF903DF2-ECA8-4E0B-ABD1-B8EB0641F056}.Release|ARM.Deploy.0 = Release|ARM
		{EF903DF2-ECA8-4E0B-ABD1-B8EB0641F056}.Release|iPhone.ActiveCfg = Release|x86
		{EF903DF2-ECA8-4E0B-ABD1-B8EB0641F056}.Release|iPhoneSimulator.ActiveCfg = Release|x86
		{EF903DF2-ECA8-4E0B-ABD1-B8EB0641F056}.Release|x64.ActiveCfg = Release|x64
		{EF903DF2-ECA8-4E0B-ABD1-B8EB0641F056}.Release|x64.Build.0 = Release|x64
		{EF903DF2-ECA8-4E0B-ABD1-B8EB0641F056}.Release|x64.Deploy.0 = Release|x64
		{EF903DF2-ECA8-4E0B-ABD1-B8EB0641F056}.Release|x86.ActiveCfg = Release|x86
		{EF903DF2-ECA8-4E0B-ABD1-B8EB0641F056}.Release|x86.Build.0 = Release|x86
		{EF903DF2-ECA8-4E0B-ABD1-B8EB0641F056}.Release|x86.Deploy.0 = Release|x86
		{7DDB037B-8587-4520-A7D2-8C822D44B9E6}.Ad-Hoc|Any CPU.ActiveCfg = Release|Any CPU
		{7DDB037B-8587-4520-A7D2-8C822D44B9E6}.Ad-Hoc|Any CPU.Build.0 = Release|Any CPU
		{7DDB037B-8587-4520-A7D2-8C822D44B9E6}.Ad-Hoc|Any CPU.Deploy.0 = Release|Any CPU
		{7DDB037B-8587-4520-A7D2-8C822D44B9E6}.Ad-Hoc|ARM.ActiveCfg = Release|ARM
		{7DDB037B-8587-4520-A7D2-8C822D44B9E6}.Ad-Hoc|ARM.Build.0 = Release|ARM
		{7DDB037B-8587-4520-A7D2-8C822D44B9E6}.Ad-Hoc|ARM.Deploy.0 = Release|ARM
		{7DDB037B-8587-4520-A7D2-8C822D44B9E6}.Ad-Hoc|iPhone.ActiveCfg = Release|Any CPU
		{7DDB037B-8587-4520-A7D2-8C822D44B9E6}.Ad-Hoc|iPhone.Build.0 = Release|Any CPU
		{7DDB037B-8587-4520-A7D2-8C822D44B9E6}.Ad-Hoc|iPhone.Deploy.0 = Release|Any CPU
		{7DDB037B-8587-4520-A7D2-8C822D44B9E6}.Ad-Hoc|iPhoneSimulator.ActiveCfg = Release|Any CPU
		{7DDB037B-8587-4520-A7D2-8C822D44B9E6}.Ad-Hoc|iPhoneSimulator.Build.0 = Release|Any CPU
		{7DDB037B-8587-4520-A7D2-8C822D44B9E6}.Ad-Hoc|iPhoneSimulator.Deploy.0 = Release|Any CPU
		{7DDB037B-8587-4520-A7D2-8C822D44B9E6}.Ad-Hoc|x64.ActiveCfg = Release|x64
		{7DDB037B-8587-4520-A7D2-8C822D44B9E6}.Ad-Hoc|x64.Build.0 = Release|x64
		{7DDB037B-8587-4520-A7D2-8C822D44B9E6}.Ad-Hoc|x64.Deploy.0 = Release|x64
		{7DDB037B-8587-4520-A7D2-8C822D44B9E6}.Ad-Hoc|x86.ActiveCfg = Release|x86
		{7DDB037B-8587-4520-A7D2-8C822D44B9E6}.Ad-Hoc|x86.Build.0 = Release|x86
		{7DDB037B-8587-4520-A7D2-8C822D44B9E6}.Ad-Hoc|x86.Deploy.0 = Release|x86
		{7DDB037B-8587-4520-A7D2-8C822D44B9E6}.AppStore|Any CPU.ActiveCfg = Release|Any CPU
		{7DDB037B-8587-4520-A7D2-8C822D44B9E6}.AppStore|Any CPU.Build.0 = Release|Any CPU
		{7DDB037B-8587-4520-A7D2-8C822D44B9E6}.AppStore|Any CPU.Deploy.0 = Release|Any CPU
		{7DDB037B-8587-4520-A7D2-8C822D44B9E6}.AppStore|ARM.ActiveCfg = Release|ARM
		{7DDB037B-8587-4520-A7D2-8C822D44B9E6}.AppStore|ARM.Build.0 = Release|ARM
		{7DDB037B-8587-4520-A7D2-8C822D44B9E6}.AppStore|ARM.Deploy.0 = Release|ARM
		{7DDB037B-8587-4520-A7D2-8C822D44B9E6}.AppStore|iPhone.ActiveCfg = Release|Any CPU
		{7DDB037B-8587-4520-A7D2-8C822D44B9E6}.AppStore|iPhone.Build.0 = Release|Any CPU
		{7DDB037B-8587-4520-A7D2-8C822D44B9E6}.AppStore|iPhone.Deploy.0 = Release|Any CPU
		{7DDB037B-8587-4520-A7D2-8C822D44B9E6}.AppStore|iPhoneSimulator.ActiveCfg = Release|Any CPU
		{7DDB037B-8587-4520-A7D2-8C822D44B9E6}.AppStore|iPhoneSimulator.Build.0 = Release|Any CPU
		{7DDB037B-8587-4520-A7D2-8C822D44B9E6}.AppStore|iPhoneSimulator.Deploy.0 = Release|Any CPU
		{7DDB037B-8587-4520-A7D2-8C822D44B9E6}.AppStore|x64.ActiveCfg = Release|x64
		{7DDB037B-8587-4520-A7D2-8C822D44B9E6}.AppStore|x64.Build.0 = Release|x64
		{7DDB037B-8587-4520-A7D2-8C822D44B9E6}.AppStore|x64.Deploy.0 = Release|x64
		{7DDB037B-8587-4520-A7D2-8C822D44B9E6}.AppStore|x86.ActiveCfg = Release|x86
		{7DDB037B-8587-4520-A7D2-8C822D44B9E6}.AppStore|x86.Build.0 = Release|x86
		{7DDB037B-8587-4520-A7D2-8C822D44B9E6}.AppStore|x86.Deploy.0 = Release|x86
		{7DDB037B-8587-4520-A7D2-8C822D44B9E6}.Debug|Any CPU.ActiveCfg = Debug|Any CPU
		{7DDB037B-8587-4520-A7D2-8C822D44B9E6}.Debug|Any CPU.Build.0 = Debug|Any CPU
		{7DDB037B-8587-4520-A7D2-8C822D44B9E6}.Debug|Any CPU.Deploy.0 = Debug|Any CPU
		{7DDB037B-8587-4520-A7D2-8C822D44B9E6}.Debug|ARM.ActiveCfg = Debug|ARM
		{7DDB037B-8587-4520-A7D2-8C822D44B9E6}.Debug|ARM.Build.0 = Debug|ARM
		{7DDB037B-8587-4520-A7D2-8C822D44B9E6}.Debug|ARM.Deploy.0 = Debug|ARM
		{7DDB037B-8587-4520-A7D2-8C822D44B9E6}.Debug|iPhone.ActiveCfg = Debug|Any CPU
		{7DDB037B-8587-4520-A7D2-8C822D44B9E6}.Debug|iPhone.Build.0 = Debug|Any CPU
		{7DDB037B-8587-4520-A7D2-8C822D44B9E6}.Debug|iPhone.Deploy.0 = Debug|Any CPU
		{7DDB037B-8587-4520-A7D2-8C822D44B9E6}.Debug|iPhoneSimulator.ActiveCfg = Debug|Any CPU
		{7DDB037B-8587-4520-A7D2-8C822D44B9E6}.Debug|iPhoneSimulator.Build.0 = Debug|Any CPU
		{7DDB037B-8587-4520-A7D2-8C822D44B9E6}.Debug|iPhoneSimulator.Deploy.0 = Debug|Any CPU
		{7DDB037B-8587-4520-A7D2-8C822D44B9E6}.Debug|x64.ActiveCfg = Debug|x64
		{7DDB037B-8587-4520-A7D2-8C822D44B9E6}.Debug|x64.Build.0 = Debug|x64
		{7DDB037B-8587-4520-A7D2-8C822D44B9E6}.Debug|x64.Deploy.0 = Debug|x64
		{7DDB037B-8587-4520-A7D2-8C822D44B9E6}.Debug|x86.ActiveCfg = Debug|x86
		{7DDB037B-8587-4520-A7D2-8C822D44B9E6}.Debug|x86.Build.0 = Debug|x86
		{7DDB037B-8587-4520-A7D2-8C822D44B9E6}.Debug|x86.Deploy.0 = Debug|x86
		{7DDB037B-8587-4520-A7D2-8C822D44B9E6}.Release|Any CPU.ActiveCfg = Release|Any CPU
		{7DDB037B-8587-4520-A7D2-8C822D44B9E6}.Release|Any CPU.Build.0 = Release|Any CPU
		{7DDB037B-8587-4520-A7D2-8C822D44B9E6}.Release|Any CPU.Deploy.0 = Release|Any CPU
		{7DDB037B-8587-4520-A7D2-8C822D44B9E6}.Release|ARM.ActiveCfg = Release|ARM
		{7DDB037B-8587-4520-A7D2-8C822D44B9E6}.Release|ARM.Build.0 = Release|ARM
		{7DDB037B-8587-4520-A7D2-8C822D44B9E6}.Release|ARM.Deploy.0 = Release|ARM
		{7DDB037B-8587-4520-A7D2-8C822D44B9E6}.Release|iPhone.ActiveCfg = Release|Any CPU
		{7DDB037B-8587-4520-A7D2-8C822D44B9E6}.Release|iPhone.Build.0 = Release|Any CPU
		{7DDB037B-8587-4520-A7D2-8C822D44B9E6}.Release|iPhone.Deploy.0 = Release|Any CPU
		{7DDB037B-8587-4520-A7D2-8C822D44B9E6}.Release|iPhoneSimulator.ActiveCfg = Release|Any CPU
		{7DDB037B-8587-4520-A7D2-8C822D44B9E6}.Release|iPhoneSimulator.Build.0 = Release|Any CPU
		{7DDB037B-8587-4520-A7D2-8C822D44B9E6}.Release|iPhoneSimulator.Deploy.0 = Release|Any CPU
		{7DDB037B-8587-4520-A7D2-8C822D44B9E6}.Release|x64.ActiveCfg = Release|x64
		{7DDB037B-8587-4520-A7D2-8C822D44B9E6}.Release|x64.Build.0 = Release|x64
		{7DDB037B-8587-4520-A7D2-8C822D44B9E6}.Release|x64.Deploy.0 = Release|x64
		{7DDB037B-8587-4520-A7D2-8C822D44B9E6}.Release|x86.ActiveCfg = Release|x86
		{7DDB037B-8587-4520-A7D2-8C822D44B9E6}.Release|x86.Build.0 = Release|x86
		{7DDB037B-8587-4520-A7D2-8C822D44B9E6}.Release|x86.Deploy.0 = Release|x86
		{4F2013F1-985B-4124-9CC6-200686763A56}.Ad-Hoc|Any CPU.ActiveCfg = Release|Any CPU
		{4F2013F1-985B-4124-9CC6-200686763A56}.Ad-Hoc|Any CPU.Build.0 = Release|Any CPU
		{4F2013F1-985B-4124-9CC6-200686763A56}.Ad-Hoc|ARM.ActiveCfg = Release|Any CPU
		{4F2013F1-985B-4124-9CC6-200686763A56}.Ad-Hoc|ARM.Build.0 = Release|Any CPU
		{4F2013F1-985B-4124-9CC6-200686763A56}.Ad-Hoc|iPhone.ActiveCfg = Release|Any CPU
		{4F2013F1-985B-4124-9CC6-200686763A56}.Ad-Hoc|iPhone.Build.0 = Release|Any CPU
		{4F2013F1-985B-4124-9CC6-200686763A56}.Ad-Hoc|iPhoneSimulator.ActiveCfg = Release|Any CPU
		{4F2013F1-985B-4124-9CC6-200686763A56}.Ad-Hoc|iPhoneSimulator.Build.0 = Release|Any CPU
		{4F2013F1-985B-4124-9CC6-200686763A56}.Ad-Hoc|x64.ActiveCfg = Release|Any CPU
		{4F2013F1-985B-4124-9CC6-200686763A56}.Ad-Hoc|x64.Build.0 = Release|Any CPU
		{4F2013F1-985B-4124-9CC6-200686763A56}.Ad-Hoc|x86.ActiveCfg = Release|Any CPU
		{4F2013F1-985B-4124-9CC6-200686763A56}.Ad-Hoc|x86.Build.0 = Release|Any CPU
		{4F2013F1-985B-4124-9CC6-200686763A56}.AppStore|Any CPU.ActiveCfg = Release|Any CPU
		{4F2013F1-985B-4124-9CC6-200686763A56}.AppStore|Any CPU.Build.0 = Release|Any CPU
		{4F2013F1-985B-4124-9CC6-200686763A56}.AppStore|ARM.ActiveCfg = Release|Any CPU
		{4F2013F1-985B-4124-9CC6-200686763A56}.AppStore|ARM.Build.0 = Release|Any CPU
		{4F2013F1-985B-4124-9CC6-200686763A56}.AppStore|iPhone.ActiveCfg = Release|Any CPU
		{4F2013F1-985B-4124-9CC6-200686763A56}.AppStore|iPhone.Build.0 = Release|Any CPU
		{4F2013F1-985B-4124-9CC6-200686763A56}.AppStore|iPhoneSimulator.ActiveCfg = Release|Any CPU
		{4F2013F1-985B-4124-9CC6-200686763A56}.AppStore|iPhoneSimulator.Build.0 = Release|Any CPU
		{4F2013F1-985B-4124-9CC6-200686763A56}.AppStore|x64.ActiveCfg = Release|Any CPU
		{4F2013F1-985B-4124-9CC6-200686763A56}.AppStore|x64.Build.0 = Release|Any CPU
		{4F2013F1-985B-4124-9CC6-200686763A56}.AppStore|x86.ActiveCfg = Release|Any CPU
		{4F2013F1-985B-4124-9CC6-200686763A56}.AppStore|x86.Build.0 = Release|Any CPU
		{4F2013F1-985B-4124-9CC6-200686763A56}.Debug|Any CPU.ActiveCfg = Debug|Any CPU
		{4F2013F1-985B-4124-9CC6-200686763A56}.Debug|Any CPU.Build.0 = Debug|Any CPU
		{4F2013F1-985B-4124-9CC6-200686763A56}.Debug|ARM.ActiveCfg = Debug|Any CPU
		{4F2013F1-985B-4124-9CC6-200686763A56}.Debug|ARM.Build.0 = Debug|Any CPU
		{4F2013F1-985B-4124-9CC6-200686763A56}.Debug|iPhone.ActiveCfg = Debug|Any CPU
		{4F2013F1-985B-4124-9CC6-200686763A56}.Debug|iPhone.Build.0 = Debug|Any CPU
		{4F2013F1-985B-4124-9CC6-200686763A56}.Debug|iPhoneSimulator.ActiveCfg = Debug|Any CPU
		{4F2013F1-985B-4124-9CC6-200686763A56}.Debug|iPhoneSimulator.Build.0 = Debug|Any CPU
		{4F2013F1-985B-4124-9CC6-200686763A56}.Debug|x64.ActiveCfg = Debug|Any CPU
		{4F2013F1-985B-4124-9CC6-200686763A56}.Debug|x64.Build.0 = Debug|Any CPU
		{4F2013F1-985B-4124-9CC6-200686763A56}.Debug|x86.ActiveCfg = Debug|Any CPU
		{4F2013F1-985B-4124-9CC6-200686763A56}.Debug|x86.Build.0 = Debug|Any CPU
		{4F2013F1-985B-4124-9CC6-200686763A56}.Release|Any CPU.ActiveCfg = Release|Any CPU
		{4F2013F1-985B-4124-9CC6-200686763A56}.Release|Any CPU.Build.0 = Release|Any CPU
		{4F2013F1-985B-4124-9CC6-200686763A56}.Release|ARM.ActiveCfg = Release|Any CPU
		{4F2013F1-985B-4124-9CC6-200686763A56}.Release|ARM.Build.0 = Release|Any CPU
		{4F2013F1-985B-4124-9CC6-200686763A56}.Release|iPhone.ActiveCfg = Release|Any CPU
		{4F2013F1-985B-4124-9CC6-200686763A56}.Release|iPhone.Build.0 = Release|Any CPU
		{4F2013F1-985B-4124-9CC6-200686763A56}.Release|iPhoneSimulator.ActiveCfg = Release|Any CPU
		{4F2013F1-985B-4124-9CC6-200686763A56}.Release|iPhoneSimulator.Build.0 = Release|Any CPU
		{4F2013F1-985B-4124-9CC6-200686763A56}.Release|x64.ActiveCfg = Release|Any CPU
		{4F2013F1-985B-4124-9CC6-200686763A56}.Release|x64.Build.0 = Release|Any CPU
		{4F2013F1-985B-4124-9CC6-200686763A56}.Release|x86.ActiveCfg = Release|Any CPU
		{4F2013F1-985B-4124-9CC6-200686763A56}.Release|x86.Build.0 = Release|Any CPU
	EndGlobalSection
	GlobalSection(SolutionProperties) = preSolution
		HideSolutionNode = FALSE
	EndGlobalSection
EndGlobal
